
Microsoft Visual Studio Solution File, Format Version 11.00
# Visual Studio 2010
Project("{FAE04EC0-301F-11D3-BF4B-00C04F79EFBC}") = "CIAPI", "CIAPI\CIAPI.csproj", "{B40E6F1C-453E-44A2-BA9D-1692378B355C}"
EndProject
Project("{FAE04EC0-301F-11D3-BF4B-00C04F79EFBC}") = "CIAPI.IntegrationTests", "CIAPI.IntegrationTests\CIAPI.IntegrationTests.csproj", "{DF519AB4-10A8-4E8E-9CA9-0A119A8168DC}"
EndProject
Project("{FAE04EC0-301F-11D3-BF4B-00C04F79EFBC}") = "CodeGenerator", "CodeGenerator\CodeGenerator.csproj", "{ED7E8F67-BDA1-4613-8275-E8D94888803F}"
EndProject
Project("{2150E333-8FDC-42A3-9474-1A3956D46DE8}") = ".nuget", ".nuget", "{E470CE86-63B0-4B1E-A31C-240B05E39125}"
	ProjectSection(SolutionItems) = preProject
		.nuget\NuGet.exe = .nuget\NuGet.exe
		.nuget\NuGet.targets = .nuget\NuGet.targets
	EndProjectSection
EndProject
Project("{FAE04EC0-301F-11D3-BF4B-00C04F79EFBC}") = "CIAPI.CS.Koans", "Samples\CIAPI.CS.Koans\CIAPI.CS.Koans.csproj", "{A9347E3A-E64D-4D1F-96A4-561291C862AF}"
EndProject
Project("{2150E333-8FDC-42A3-9474-1A3956D46DE8}") = "build", "build", "{6F653CAA-C248-4EEF-B8EA-7EF8D20EF4DB}"
	ProjectSection(SolutionItems) = preProject
		build.xml = build.xml
		CIAPI.nuspec = CIAPI.nuspec
		..\tools\msbuild\CommonProperties.targets.xml = ..\tools\msbuild\CommonProperties.targets.xml
		..\tools\msbuild\DropsAndPackaging.targets.xml = ..\tools\msbuild\DropsAndPackaging.targets.xml
		..\tools\msbuild\TestsAndMetrics.targets.xml = ..\tools\msbuild\TestsAndMetrics.targets.xml
		..\tools\msbuild\Versioning.targets.xml = ..\tools\msbuild\Versioning.targets.xml
	EndProjectSection
EndProject
Project("{2150E333-8FDC-42A3-9474-1A3956D46DE8}") = "common", "common", "{91A1C069-FC79-499A-9134-A2A3A5B93431}"
	ProjectSection(SolutionItems) = preProject
		common\App.config = common\App.config
		common\ciapi.snk = common\ciapi.snk
		common\StaticTestConfig.cs = common\StaticTestConfig.cs
		common\TestConfig.cs = common\TestConfig.cs
	EndProjectSection
EndProject
Project("{2150E333-8FDC-42A3-9474-1A3956D46DE8}") = "readme", "readme", "{3D66D734-9D80-4484-B76C-DCAA44D881D1}"
	ProjectSection(SolutionItems) = preProject
		..\DEV_SETUP.txt = ..\DEV_SETUP.txt
		..\LICENSE.txt = ..\LICENSE.txt
		..\NOTICES.txt = ..\NOTICES.txt
		..\README.markdown = ..\README.markdown
	EndProjectSection
EndProject
Project("{FAE04EC0-301F-11D3-BF4B-00C04F79EFBC}") = "CIAPI.Phone7.IntegrationTests", "CIAPI.Phone7.IntegrationTests\CIAPI.Phone7.IntegrationTests.csproj", "{1AF6DE5B-007F-4630-AB9A-B8E2AE1D2EB5}"
EndProject
Project("{FAE04EC0-301F-11D3-BF4B-00C04F79EFBC}") = "CIAPI.Phone7", "CIAPI.Phone7\CIAPI.Phone7.csproj", "{F28FF467-20A6-4014-A0EC-3E0E4533F98A}"
EndProject
Project("{2150E333-8FDC-42A3-9474-1A3956D46DE8}") = "Phone7", "Phone7", "{97F879F5-F3A3-4990-ABAC-8BB7FE0B3F6E}"
EndProject
Project("{2150E333-8FDC-42A3-9474-1A3956D46DE8}") = "Samples", "Samples", "{62DA09C0-6061-4B9E-ADDE-173D1058628A}"
EndProject
Project("{FAE04EC0-301F-11D3-BF4B-00C04F79EFBC}") = "CIAPI.Serializer", "CIAPI.Serializer\CIAPI.Serializer.csproj", "{B6CE30C2-5A52-4A4C-884B-64504902F833}"
EndProject
Project("{FAE04EC0-301F-11D3-BF4B-00C04F79EFBC}") = "CIAPI.Serializer.Phone7", "CIAPI.Serializer.Phone7\CIAPI.Serializer.Phone7.csproj", "{706B893E-A562-429D-ADC3-DD2640C40236}"
EndProject
Project("{FAE04EC0-301F-11D3-BF4B-00C04F79EFBC}") = "CIAPI.Tests", "CIAPI.Tests\CIAPI.Tests.csproj", "{F98BA3D0-FA49-4A3E-849F-27C302999B58}"
EndProject
Project("{2150E333-8FDC-42A3-9474-1A3956D46DE8}") = "Silverlight", "Silverlight", "{0D932892-AA17-4174-9CBB-6248DC0EE380}"
EndProject
Project("{FAE04EC0-301F-11D3-BF4B-00C04F79EFBC}") = "CIAPI.Silverlight", "CIAPI.Silverlight\CIAPI.Silverlight.csproj", "{618313ED-0947-46A3-A684-D57F2984E418}"
EndProject
Project("{FAE04EC0-301F-11D3-BF4B-00C04F79EFBC}") = "CIAPI.Serializer.Silverlight", "CIAPI.Serializer.Silverlight\CIAPI.Serializer.Silverlight.csproj", "{523FB37B-0E87-4F82-A72D-5AF58BDE2509}"
EndProject
Project("{2150E333-8FDC-42A3-9474-1A3956D46DE8}") = "Bugs", "Bugs", "{9B8CACA0-CDF0-4FE8-A99D-67282AC9AAC7}"
EndProject
Project("{FAE04EC0-301F-11D3-BF4B-00C04F79EFBC}") = "PhoneApp6", "BugExamples\165 - josemuniz-Anonymous-markets-stream-not-working-in-live-c1bd167\PhoneApp6.csproj", "{D4C755E5-9981-47EA-A1D3-010350AA4E01}"
EndProject
Global
	GlobalSection(SolutionConfigurationPlatforms) = preSolution
		Debug|Any CPU = Debug|Any CPU
		Debug|Mixed Platforms = Debug|Mixed Platforms
		Debug|x86 = Debug|x86
		Release|Any CPU = Release|Any CPU
		Release|Mixed Platforms = Release|Mixed Platforms
		Release|x86 = Release|x86
	EndGlobalSection
	GlobalSection(ProjectConfigurationPlatforms) = postSolution
		{B40E6F1C-453E-44A2-BA9D-1692378B355C}.Debug|Any CPU.ActiveCfg = Debug|Any CPU
		{B40E6F1C-453E-44A2-BA9D-1692378B355C}.Debug|Any CPU.Build.0 = Debug|Any CPU
		{B40E6F1C-453E-44A2-BA9D-1692378B355C}.Debug|Mixed Platforms.ActiveCfg = Debug|Any CPU
		{B40E6F1C-453E-44A2-BA9D-1692378B355C}.Debug|Mixed Platforms.Build.0 = Debug|Any CPU
		{B40E6F1C-453E-44A2-BA9D-1692378B355C}.Debug|x86.ActiveCfg = Debug|Any CPU
		{B40E6F1C-453E-44A2-BA9D-1692378B355C}.Release|Any CPU.ActiveCfg = Release|Any CPU
		{B40E6F1C-453E-44A2-BA9D-1692378B355C}.Release|Any CPU.Build.0 = Release|Any CPU
		{B40E6F1C-453E-44A2-BA9D-1692378B355C}.Release|Mixed Platforms.ActiveCfg = Release|Any CPU
		{B40E6F1C-453E-44A2-BA9D-1692378B355C}.Release|Mixed Platforms.Build.0 = Release|Any CPU
		{B40E6F1C-453E-44A2-BA9D-1692378B355C}.Release|x86.ActiveCfg = Release|Any CPU
		{DF519AB4-10A8-4E8E-9CA9-0A119A8168DC}.Debug|Any CPU.ActiveCfg = Debug|Any CPU
		{DF519AB4-10A8-4E8E-9CA9-0A119A8168DC}.Debug|Any CPU.Build.0 = Debug|Any CPU
		{DF519AB4-10A8-4E8E-9CA9-0A119A8168DC}.Debug|Mixed Platforms.ActiveCfg = Debug|Any CPU
		{DF519AB4-10A8-4E8E-9CA9-0A119A8168DC}.Debug|Mixed Platforms.Build.0 = Debug|Any CPU
		{DF519AB4-10A8-4E8E-9CA9-0A119A8168DC}.Debug|x86.ActiveCfg = Debug|Any CPU
		{DF519AB4-10A8-4E8E-9CA9-0A119A8168DC}.Release|Any CPU.ActiveCfg = Release|Any CPU
		{DF519AB4-10A8-4E8E-9CA9-0A119A8168DC}.Release|Any CPU.Build.0 = Release|Any CPU
		{DF519AB4-10A8-4E8E-9CA9-0A119A8168DC}.Release|Mixed Platforms.ActiveCfg = Release|Any CPU
		{DF519AB4-10A8-4E8E-9CA9-0A119A8168DC}.Release|Mixed Platforms.Build.0 = Release|Any CPU
		{DF519AB4-10A8-4E8E-9CA9-0A119A8168DC}.Release|x86.ActiveCfg = Release|Any CPU
		{ED7E8F67-BDA1-4613-8275-E8D94888803F}.Debug|Any CPU.ActiveCfg = Debug|Any CPU
		{ED7E8F67-BDA1-4613-8275-E8D94888803F}.Debug|Any CPU.Build.0 = Debug|Any CPU
		{ED7E8F67-BDA1-4613-8275-E8D94888803F}.Debug|Mixed Platforms.ActiveCfg = Debug|Any CPU
		{ED7E8F67-BDA1-4613-8275-E8D94888803F}.Debug|Mixed Platforms.Build.0 = Debug|Any CPU
		{ED7E8F67-BDA1-4613-8275-E8D94888803F}.Debug|x86.ActiveCfg = Debug|Any CPU
		{ED7E8F67-BDA1-4613-8275-E8D94888803F}.Release|Any CPU.ActiveCfg = Release|Any CPU
		{ED7E8F67-BDA1-4613-8275-E8D94888803F}.Release|Any CPU.Build.0 = Release|Any CPU
		{ED7E8F67-BDA1-4613-8275-E8D94888803F}.Release|Mixed Platforms.ActiveCfg = Release|Any CPU
		{ED7E8F67-BDA1-4613-8275-E8D94888803F}.Release|Mixed Platforms.Build.0 = Release|Any CPU
		{ED7E8F67-BDA1-4613-8275-E8D94888803F}.Release|x86.ActiveCfg = Release|Any CPU
		{A9347E3A-E64D-4D1F-96A4-561291C862AF}.Debug|Any CPU.ActiveCfg = Debug|Any CPU
		{A9347E3A-E64D-4D1F-96A4-561291C862AF}.Debug|Any CPU.Build.0 = Debug|Any CPU
		{A9347E3A-E64D-4D1F-96A4-561291C862AF}.Debug|Mixed Platforms.ActiveCfg = Debug|Any CPU
		{A9347E3A-E64D-4D1F-96A4-561291C862AF}.Debug|Mixed Platforms.Build.0 = Debug|Any CPU
		{A9347E3A-E64D-4D1F-96A4-561291C862AF}.Debug|x86.ActiveCfg = Debug|Any CPU
		{A9347E3A-E64D-4D1F-96A4-561291C862AF}.Release|Any CPU.ActiveCfg = Release|Any CPU
		{A9347E3A-E64D-4D1F-96A4-561291C862AF}.Release|Any CPU.Build.0 = Release|Any CPU
		{A9347E3A-E64D-4D1F-96A4-561291C862AF}.Release|Mixed Platforms.ActiveCfg = Release|Any CPU
		{A9347E3A-E64D-4D1F-96A4-561291C862AF}.Release|Mixed Platforms.Build.0 = Release|Any CPU
		{A9347E3A-E64D-4D1F-96A4-561291C862AF}.Release|x86.ActiveCfg = Release|Any CPU
		{1AF6DE5B-007F-4630-AB9A-B8E2AE1D2EB5}.Debug|Any CPU.ActiveCfg = Debug|Any CPU
		{1AF6DE5B-007F-4630-AB9A-B8E2AE1D2EB5}.Debug|Any CPU.Build.0 = Debug|Any CPU
		{1AF6DE5B-007F-4630-AB9A-B8E2AE1D2EB5}.Debug|Any CPU.Deploy.0 = Debug|Any CPU
		{1AF6DE5B-007F-4630-AB9A-B8E2AE1D2EB5}.Debug|Mixed Platforms.ActiveCfg = Debug|Any CPU
		{1AF6DE5B-007F-4630-AB9A-B8E2AE1D2EB5}.Debug|Mixed Platforms.Build.0 = Debug|Any CPU
		{1AF6DE5B-007F-4630-AB9A-B8E2AE1D2EB5}.Debug|Mixed Platforms.Deploy.0 = Debug|Any CPU
		{1AF6DE5B-007F-4630-AB9A-B8E2AE1D2EB5}.Debug|x86.ActiveCfg = Debug|Any CPU
		{1AF6DE5B-007F-4630-AB9A-B8E2AE1D2EB5}.Release|Any CPU.ActiveCfg = Release|Any CPU
		{1AF6DE5B-007F-4630-AB9A-B8E2AE1D2EB5}.Release|Any CPU.Build.0 = Release|Any CPU
		{1AF6DE5B-007F-4630-AB9A-B8E2AE1D2EB5}.Release|Any CPU.Deploy.0 = Release|Any CPU
		{1AF6DE5B-007F-4630-AB9A-B8E2AE1D2EB5}.Release|Mixed Platforms.ActiveCfg = Release|Any CPU
		{1AF6DE5B-007F-4630-AB9A-B8E2AE1D2EB5}.Release|Mixed Platforms.Build.0 = Release|Any CPU
		{1AF6DE5B-007F-4630-AB9A-B8E2AE1D2EB5}.Release|Mixed Platforms.Deploy.0 = Release|Any CPU
		{1AF6DE5B-007F-4630-AB9A-B8E2AE1D2EB5}.Release|x86.ActiveCfg = Release|Any CPU
		{F28FF467-20A6-4014-A0EC-3E0E4533F98A}.Debug|Any CPU.ActiveCfg = Debug|Any CPU
		{F28FF467-20A6-4014-A0EC-3E0E4533F98A}.Debug|Any CPU.Build.0 = Debug|Any CPU
		{F28FF467-20A6-4014-A0EC-3E0E4533F98A}.Debug|Mixed Platforms.ActiveCfg = Debug|Any CPU
		{F28FF467-20A6-4014-A0EC-3E0E4533F98A}.Debug|Mixed Platforms.Build.0 = Debug|Any CPU
		{F28FF467-20A6-4014-A0EC-3E0E4533F98A}.Debug|x86.ActiveCfg = Debug|Any CPU
		{F28FF467-20A6-4014-A0EC-3E0E4533F98A}.Release|Any CPU.ActiveCfg = Release|Any CPU
		{F28FF467-20A6-4014-A0EC-3E0E4533F98A}.Release|Any CPU.Build.0 = Release|Any CPU
		{F28FF467-20A6-4014-A0EC-3E0E4533F98A}.Release|Mixed Platforms.ActiveCfg = Release|Any CPU
		{F28FF467-20A6-4014-A0EC-3E0E4533F98A}.Release|Mixed Platforms.Build.0 = Release|Any CPU
		{F28FF467-20A6-4014-A0EC-3E0E4533F98A}.Release|x86.ActiveCfg = Release|Any CPU
		{B6CE30C2-5A52-4A4C-884B-64504902F833}.Debug|Any CPU.ActiveCfg = Debug|Any CPU
		{B6CE30C2-5A52-4A4C-884B-64504902F833}.Debug|Any CPU.Build.0 = Debug|Any CPU
		{B6CE30C2-5A52-4A4C-884B-64504902F833}.Debug|Mixed Platforms.ActiveCfg = Debug|Any CPU
		{B6CE30C2-5A52-4A4C-884B-64504902F833}.Debug|Mixed Platforms.Build.0 = Debug|Any CPU
		{B6CE30C2-5A52-4A4C-884B-64504902F833}.Debug|x86.ActiveCfg = Debug|Any CPU
		{B6CE30C2-5A52-4A4C-884B-64504902F833}.Release|Any CPU.ActiveCfg = Release|Any CPU
		{B6CE30C2-5A52-4A4C-884B-64504902F833}.Release|Any CPU.Build.0 = Release|Any CPU
		{B6CE30C2-5A52-4A4C-884B-64504902F833}.Release|Mixed Platforms.ActiveCfg = Release|Any CPU
		{B6CE30C2-5A52-4A4C-884B-64504902F833}.Release|Mixed Platforms.Build.0 = Release|Any CPU
		{B6CE30C2-5A52-4A4C-884B-64504902F833}.Release|x86.ActiveCfg = Release|Any CPU
		{706B893E-A562-429D-ADC3-DD2640C40236}.Debug|Any CPU.ActiveCfg = Debug|Any CPU
		{706B893E-A562-429D-ADC3-DD2640C40236}.Debug|Any CPU.Build.0 = Debug|Any CPU
		{706B893E-A562-429D-ADC3-DD2640C40236}.Debug|Mixed Platforms.ActiveCfg = Debug|Any CPU
		{706B893E-A562-429D-ADC3-DD2640C40236}.Debug|Mixed Platforms.Build.0 = Debug|Any CPU
		{706B893E-A562-429D-ADC3-DD2640C40236}.Debug|x86.ActiveCfg = Debug|Any CPU
		{706B893E-A562-429D-ADC3-DD2640C40236}.Release|Any CPU.ActiveCfg = Release|Any CPU
		{706B893E-A562-429D-ADC3-DD2640C40236}.Release|Any CPU.Build.0 = Release|Any CPU
		{706B893E-A562-429D-ADC3-DD2640C40236}.Release|Mixed Platforms.ActiveCfg = Release|Any CPU
		{706B893E-A562-429D-ADC3-DD2640C40236}.Release|Mixed Platforms.Build.0 = Release|Any CPU
		{706B893E-A562-429D-ADC3-DD2640C40236}.Release|x86.ActiveCfg = Release|Any CPU
		{F98BA3D0-FA49-4A3E-849F-27C302999B58}.Debug|Any CPU.ActiveCfg = Debug|Any CPU
		{F98BA3D0-FA49-4A3E-849F-27C302999B58}.Debug|Any CPU.Build.0 = Debug|Any CPU
		{F98BA3D0-FA49-4A3E-849F-27C302999B58}.Debug|Mixed Platforms.ActiveCfg = Debug|Any CPU
		{F98BA3D0-FA49-4A3E-849F-27C302999B58}.Debug|Mixed Platforms.Build.0 = Debug|Any CPU
		{F98BA3D0-FA49-4A3E-849F-27C302999B58}.Debug|x86.ActiveCfg = Debug|Any CPU
		{F98BA3D0-FA49-4A3E-849F-27C302999B58}.Release|Any CPU.ActiveCfg = Release|Any CPU
		{F98BA3D0-FA49-4A3E-849F-27C302999B58}.Release|Any CPU.Build.0 = Release|Any CPU
		{F98BA3D0-FA49-4A3E-849F-27C302999B58}.Release|Mixed Platforms.ActiveCfg = Release|Any CPU
		{F98BA3D0-FA49-4A3E-849F-27C302999B58}.Release|Mixed Platforms.Build.0 = Release|Any CPU
		{F98BA3D0-FA49-4A3E-849F-27C302999B58}.Release|x86.ActiveCfg = Release|Any CPU
		{618313ED-0947-46A3-A684-D57F2984E418}.Debug|Any CPU.ActiveCfg = Debug|Any CPU
		{618313ED-0947-46A3-A684-D57F2984E418}.Debug|Any CPU.Build.0 = Debug|Any CPU
		{618313ED-0947-46A3-A684-D57F2984E418}.Debug|Mixed Platforms.ActiveCfg = Debug|Any CPU
		{618313ED-0947-46A3-A684-D57F2984E418}.Debug|Mixed Platforms.Build.0 = Debug|Any CPU
		{618313ED-0947-46A3-A684-D57F2984E418}.Debug|x86.ActiveCfg = Debug|Any CPU
		{618313ED-0947-46A3-A684-D57F2984E418}.Release|Any CPU.ActiveCfg = Release|Any CPU
		{618313ED-0947-46A3-A684-D57F2984E418}.Release|Any CPU.Build.0 = Release|Any CPU
		{618313ED-0947-46A3-A684-D57F2984E418}.Release|Mixed Platforms.ActiveCfg = Release|Any CPU
		{618313ED-0947-46A3-A684-D57F2984E418}.Release|Mixed Platforms.Build.0 = Release|Any CPU
		{618313ED-0947-46A3-A684-D57F2984E418}.Release|x86.ActiveCfg = Release|Any CPU
		{523FB37B-0E87-4F82-A72D-5AF58BDE2509}.Debug|Any CPU.ActiveCfg = Debug|Any CPU
		{523FB37B-0E87-4F82-A72D-5AF58BDE2509}.Debug|Any CPU.Build.0 = Debug|Any CPU
		{523FB37B-0E87-4F82-A72D-5AF58BDE2509}.Debug|Mixed Platforms.ActiveCfg = Debug|Any CPU
		{523FB37B-0E87-4F82-A72D-5AF58BDE2509}.Debug|Mixed Platforms.Build.0 = Debug|Any CPU
		{523FB37B-0E87-4F82-A72D-5AF58BDE2509}.Debug|x86.ActiveCfg = Debug|Any CPU
		{523FB37B-0E87-4F82-A72D-5AF58BDE2509}.Release|Any CPU.ActiveCfg = Release|Any CPU
		{523FB37B-0E87-4F82-A72D-5AF58BDE2509}.Release|Any CPU.Build.0 = Release|Any CPU
		{523FB37B-0E87-4F82-A72D-5AF58BDE2509}.Release|Mixed Platforms.ActiveCfg = Release|Any CPU
		{523FB37B-0E87-4F82-A72D-5AF58BDE2509}.Release|Mixed Platforms.Build.0 = Release|Any CPU
		{523FB37B-0E87-4F82-A72D-5AF58BDE2509}.Release|x86.ActiveCfg = Release|Any CPU
		{D4C755E5-9981-47EA-A1D3-010350AA4E01}.Debug|Any CPU.ActiveCfg = Debug|Any CPU
		{D4C755E5-9981-47EA-A1D3-010350AA4E01}.Debug|Any CPU.Build.0 = Debug|Any CPU
		{D4C755E5-9981-47EA-A1D3-010350AA4E01}.Debug|Any CPU.Deploy.0 = Debug|Any CPU
		{D4C755E5-9981-47EA-A1D3-010350AA4E01}.Debug|Mixed Platforms.ActiveCfg = Debug|Any CPU
		{D4C755E5-9981-47EA-A1D3-010350AA4E01}.Debug|Mixed Platforms.Build.0 = Debug|Any CPU
		{D4C755E5-9981-47EA-A1D3-010350AA4E01}.Debug|Mixed Platforms.Deploy.0 = Debug|Any CPU
		{D4C755E5-9981-47EA-A1D3-010350AA4E01}.Debug|x86.ActiveCfg = Debug|Any CPU
		{D4C755E5-9981-47EA-A1D3-010350AA4E01}.Release|Any CPU.ActiveCfg = Release|Any CPU
		{D4C755E5-9981-47EA-A1D3-010350AA4E01}.Release|Any CPU.Build.0 = Release|Any CPU
		{D4C755E5-9981-47EA-A1D3-010350AA4E01}.Release|Any CPU.Deploy.0 = Release|Any CPU
		{D4C755E5-9981-47EA-A1D3-010350AA4E01}.Release|Mixed Platforms.ActiveCfg = Release|Any CPU
		{D4C755E5-9981-47EA-A1D3-010350AA4E01}.Release|Mixed Platforms.Build.0 = Release|Any CPU
		{D4C755E5-9981-47EA-A1D3-010350AA4E01}.Release|Mixed Platforms.Deploy.0 = Release|Any CPU
		{D4C755E5-9981-47EA-A1D3-010350AA4E01}.Release|x86.ActiveCfg = Release|Any CPU
	EndGlobalSection
	GlobalSection(SolutionProperties) = preSolution
		HideSolutionNode = FALSE
	EndGlobalSection
	GlobalSection(NestedProjects) = preSolution
		{ED7E8F67-BDA1-4613-8275-E8D94888803F} = {6F653CAA-C248-4EEF-B8EA-7EF8D20EF4DB}
		{A9347E3A-E64D-4D1F-96A4-561291C862AF} = {62DA09C0-6061-4B9E-ADDE-173D1058628A}
		{9B8CACA0-CDF0-4FE8-A99D-67282AC9AAC7} = {62DA09C0-6061-4B9E-ADDE-173D1058628A}
		{F28FF467-20A6-4014-A0EC-3E0E4533F98A} = {97F879F5-F3A3-4990-ABAC-8BB7FE0B3F6E}
		{1AF6DE5B-007F-4630-AB9A-B8E2AE1D2EB5} = {97F879F5-F3A3-4990-ABAC-8BB7FE0B3F6E}
		{618313ED-0947-46A3-A684-D57F2984E418} = {0D932892-AA17-4174-9CBB-6248DC0EE380}
		{D4C755E5-9981-47EA-A1D3-010350AA4E01} = {9B8CACA0-CDF0-4FE8-A99D-67282AC9AAC7}
	EndGlobalSection
EndGlobal
