
Microsoft Visual Studio Solution File, Format Version 11.00
# Visual Studio 2010
Project("{2150E333-8FDC-42A3-9474-1A3956D46DE8}") = "README", "README", "{236D3C49-DD6D-4D3D-A7B2-82575ACBB1BA}"
	ProjectSection(SolutionItems) = preProject
		DEV_SETUP.txt = DEV_SETUP.txt
		..\LICENSE.txt = ..\LICENSE.txt
		..\README.markdown = ..\README.markdown
	EndProjectSection
EndProject
Project("{2150E333-8FDC-42A3-9474-1A3956D46DE8}") = "Build", "Build", "{845AC73C-EACC-4F7C-A9DC-251F09E55708}"
	ProjectSection(SolutionItems) = preProject
		build.xml = build.xml
		CIAPI.CS.nunit = CIAPI.CS.nunit
		Package.CIAPI.nuspec.xml = Package.CIAPI.nuspec.xml
		Package.JsonClient.nuspec.xml = Package.JsonClient.nuspec.xml
		PartCover4.settings.xml = PartCover4.settings.xml
	EndProjectSection
EndProject
Project("{2150E333-8FDC-42A3-9474-1A3956D46DE8}") = "SampleApps", "SampleApps", "{358F3488-9C36-4B4C-B593-1A21D1B18E35}"
EndProject
Project("{FAE04EC0-301F-11D3-BF4B-00C04F79EFBC}") = "ConsoleSpikes", "SampleApps\ConsoleSpikes\ConsoleSpikes.csproj", "{978DED21-7A67-4AC9-AC8E-5C7EBF028E1F}"
EndProject
Project("{FAE04EC0-301F-11D3-BF4B-00C04F79EFBC}") = "WinFormsSpike", "SampleApps\WinFormsSpike\WinFormsSpike.csproj", "{8B90F841-593E-4C42-BE9E-F39082A141DA}"
EndProject
Project("{FAE04EC0-301F-11D3-BF4B-00C04F79EFBC}") = "JsonClient", "JsonClient\JsonClient.csproj", "{D80E56C8-8DD6-4911-9A99-F534C9497D6A}"
EndProject
Project("{FAE04EC0-301F-11D3-BF4B-00C04F79EFBC}") = "JsonClient.Phone7", "JsonClient.Phone7\JsonClient.Phone7.csproj", "{DB3089D5-44AC-441C-845C-3596C21C5E34}"
EndProject
Project("{FAE04EC0-301F-11D3-BF4B-00C04F79EFBC}") = "JsonClient.Silverlight", "JsonClient.Silverlight\JsonClient.Silverlight.csproj", "{0156697E-DEFE-47CF-9EB0-11F120780356}"
EndProject
Project("{FAE04EC0-301F-11D3-BF4B-00C04F79EFBC}") = "JsonClient.Tests", "JsonClient.Tests\JsonClient.Tests.csproj", "{F7A7B1F6-6548-4388-B62D-32F034FC7462}"
EndProject
Project("{FAE04EC0-301F-11D3-BF4B-00C04F79EFBC}") = "JsonClient.Silverlight.Tests", "JsonClient.Silverlight.Tests\JsonClient.Silverlight.Tests.csproj", "{C9368100-CCEB-4140-9C3F-B7C4EECB0E3E}"
EndProject
Project("{FAE04EC0-301F-11D3-BF4B-00C04F79EFBC}") = "SOAPI.CS2", "SOAPI.CS2\SOAPI.CS2.csproj", "{2EA06390-8728-497A-846E-394EA40CC616}"
EndProject
Project("{FAE04EC0-301F-11D3-BF4B-00C04F79EFBC}") = "SOAPI.CS2.Tests", "SOAPI.CS2.Tests\SOAPI.CS2.Tests.csproj", "{13AD1056-380D-4F9D-8B7E-954EA5B82695}"
EndProject
Project("{FAE04EC0-301F-11D3-BF4B-00C04F79EFBC}") = "Common.Logging.Silverlight", "Common.Logging.Silverlight\Common.Logging.Silverlight.csproj", "{74036434-D18E-4404-B854-51395CE40B6C}"
EndProject
Project("{FAE04EC0-301F-11D3-BF4B-00C04F79EFBC}") = "Common.Logging.Phone7", "Common.Logging.Phone7\Common.Logging.Phone7.csproj", "{06CA6C00-672E-4B49-8FD4-A4A9AB453C5A}"
EndProject
Project("{2150E333-8FDC-42A3-9474-1A3956D46DE8}") = "Docs", "Docs", "{96966057-1B2F-4775-B363-F6A14D854B1E}"
	ProjectSection(SolutionItems) = preProject
		..\DEV_SETUP.txt = ..\DEV_SETUP.txt
		..\LICENSE.txt = ..\LICENSE.txt
		..\NOTICES.txt = ..\NOTICES.txt
		..\README.markdown = ..\README.markdown
	EndProjectSection
EndProject
Project("{FAE04EC0-301F-11D3-BF4B-00C04F79EFBC}") = "SOAPI.CS2.CodeGeneration", "SOAPI.CS2.CodeGeneration\SOAPI.CS2.CodeGeneration.csproj", "{F82EA47A-42F7-4E3F-AF6D-8CE04DCD96B4}"
EndProject
Project("{FAE04EC0-301F-11D3-BF4B-00C04F79EFBC}") = "JsonClient.CodeGeneration", "JsonClient.CodeGeneration\JsonClient.CodeGeneration.csproj", "{811F0005-3E88-4550-AC81-47F8B398101B}"
EndProject
Project("{FAE04EC0-301F-11D3-BF4B-00C04F79EFBC}") = "JsonClient.CodeGeneration.Tests", "JsonClient.CodeGeneration.Tests\JsonClient.CodeGeneration.Tests.csproj", "{C3911E8E-1C55-47AD-839D-F34641DC93C3}"
EndProject
Project("{FAE04EC0-301F-11D3-BF4B-00C04F79EFBC}") = "CIAPI", "CIAPI\CIAPI.csproj", "{B40E6F1C-453E-44A2-BA9D-1692378B355C}"
EndProject
Project("{FAE04EC0-301F-11D3-BF4B-00C04F79EFBC}") = "CIAPI.CodeGeneration", "CIAPI.CodeGeneration\CIAPI.CodeGeneration.csproj", "{6D3155EE-7329-4993-830A-D5F6E6E5A953}"
EndProject
Project("{FAE04EC0-301F-11D3-BF4B-00C04F79EFBC}") = "CIAPI.Phone7", "CIAPI.Phone7\CIAPI.Phone7.csproj", "{9E560BF5-A08C-4942-A01B-77C7DF9DB933}"
EndProject
Project("{FAE04EC0-301F-11D3-BF4B-00C04F79EFBC}") = "CIAPI.Silverlight", "CIAPI.Silverlight\CIAPI.Silverlight.csproj", "{B26AA333-051A-4C11-B6CD-CECA8FD656E0}"
EndProject
Project("{FAE04EC0-301F-11D3-BF4B-00C04F79EFBC}") = "CIAPI.Tests", "CIAPI.Tests\CIAPI.Tests.csproj", "{F98BA3D0-FA49-4A3E-849F-27C302999B58}"
EndProject
Project("{2150E333-8FDC-42A3-9474-1A3956D46DE8}") = "Solution Items", "Solution Items", "{3A350E89-DE6D-457A-BC9D-BA04D9874C0C}"
EndProject
Project("{FAE04EC0-301F-11D3-BF4B-00C04F79EFBC}") = "CIAPI.IntegrationTests", "CIAPI.IntegrationTests\CIAPI.IntegrationTests.csproj", "{DF519AB4-10A8-4E8E-9CA9-0A119A8168DC}"
EndProject
Project("{2150E333-8FDC-42A3-9474-1A3956D46DE8}") = "Phone7", "Phone7", "{1A4D2A7C-A13B-4CBE-8181-1CA90628C024}"
EndProject
Project("{2150E333-8FDC-42A3-9474-1A3956D46DE8}") = "Silverlight", "Silverlight", "{EC4E70EE-ED28-48AC-8718-2CBA84FF3C55}"
EndProject
Project("{2150E333-8FDC-42A3-9474-1A3956D46DE8}") = "Soapi", "Soapi", "{655CEC21-8A17-4757-A42B-0EF9F9627E07}"
EndProject
Project("{FAE04EC0-301F-11D3-BF4B-00C04F79EFBC}") = "StreamingClient", "StreamingClient\StreamingClient.csproj", "{EE5023DC-A20F-4358-9DF1-7D69BB1C322E}"
EndProject
Project("{FAE04EC0-301F-11D3-BF4B-00C04F79EFBC}") = "CIAPI.CS.Streaming.Samples", "SampleApps\Silverlight\CIAPI.CS.Streaming.Samples\CIAPI.CS.Streaming.Samples.csproj", "{683AFB5D-FA3E-486B-AFF4-5375F1B24229}"
EndProject
Project("{FAE04EC0-301F-11D3-BF4B-00C04F79EFBC}") = "StreamingClient.Lightstreamer", "StreamingClient.Lightstreamer\StreamingClient.Lightstreamer.csproj", "{572A308B-634F-48CF-926D-CFEFB8D00C46}"
EndProject
Project("{FAE04EC0-301F-11D3-BF4B-00C04F79EFBC}") = "StreamingClient.Tests", "StreamingClient.Tests\StreamingClient.Tests.csproj", "{60B9417C-4618-4B63-BDA3-A6DBFDFD40D7}"
EndProject
Project("{FAE04EC0-301F-11D3-BF4B-00C04F79EFBC}") = "StreamingClient.Silverlight.Lightstreamer", "StreamingClient.Silverlight.Lightstreamer\StreamingClient.Silverlight.Lightstreamer.csproj", "{7CDFD09D-B156-483E-8969-E38926629CC4}"
EndProject
Project("{FAE04EC0-301F-11D3-BF4B-00C04F79EFBC}") = "StreamingClient.Silverlight", "StreamingClient.Silverlight\StreamingClient.Silverlight.csproj", "{C552DD3D-3738-4194-95F3-5A988E7D4647}"
EndProject
Project("{FAE04EC0-301F-11D3-BF4B-00C04F79EFBC}") = "CIAPI.Silverlight.TestsMS", "CIAPI.Silverlight.TestsMS\CIAPI.Silverlight.TestsMS.csproj", "{839B809B-1754-4670-A911-6372881FCC5D}"
EndProject
Project("{FAE04EC0-301F-11D3-BF4B-00C04F79EFBC}") = "CIAPI.Silverlight.TestsMS.Web", "CIAPI.Silverlight.TestsMS.Web\CIAPI.Silverlight.TestsMS.Web.csproj", "{5F9A8527-E473-45D9-822A-ADD5CA3CB67B}"
EndProject
Project("{FAE04EC0-301F-11D3-BF4B-00C04F79EFBC}") = "CIAPI.CS.Koans", "SampleApps\CIAPI.CS.Koans\CIAPI.CS.Koans.csproj", "{A9347E3A-E64D-4D1F-96A4-561291C862AF}"
EndProject
Project("{FAE04EC0-301F-11D3-BF4B-00C04F79EFBC}") = "CIAPI.Phone7.Tests", "CIAPI.Phone7.Tests\CIAPI.Phone7.Tests.csproj", "{76096334-9E81-478F-BD3F-E35FD87BA644}"
EndProject
Project("{FAE04EC0-301F-11D3-BF4B-00C04F79EFBC}") = "JsonClient.Tests.Web", "JsonClient.Tests.Web\JsonClient.Tests.Web.csproj", "{B9DBA611-C07D-494E-960F-1FA63F6FE9C9}"
EndProject
Global
	GlobalSection(SolutionConfigurationPlatforms) = preSolution
		Debug|Any CPU = Debug|Any CPU
		Debug|Mixed Platforms = Debug|Mixed Platforms
		Debug|x86 = Debug|x86
		Release|Any CPU = Release|Any CPU
		Release|Mixed Platforms = Release|Mixed Platforms
		Release|x86 = Release|x86
	EndGlobalSection
	GlobalSection(ProjectConfigurationPlatforms) = postSolution
		{978DED21-7A67-4AC9-AC8E-5C7EBF028E1F}.Debug|Any CPU.ActiveCfg = Debug|x86
		{978DED21-7A67-4AC9-AC8E-5C7EBF028E1F}.Debug|Mixed Platforms.ActiveCfg = Debug|x86
		{978DED21-7A67-4AC9-AC8E-5C7EBF028E1F}.Debug|Mixed Platforms.Build.0 = Debug|x86
		{978DED21-7A67-4AC9-AC8E-5C7EBF028E1F}.Debug|x86.ActiveCfg = Debug|x86
		{978DED21-7A67-4AC9-AC8E-5C7EBF028E1F}.Debug|x86.Build.0 = Debug|x86
		{978DED21-7A67-4AC9-AC8E-5C7EBF028E1F}.Release|Any CPU.ActiveCfg = Release|x86
		{978DED21-7A67-4AC9-AC8E-5C7EBF028E1F}.Release|Mixed Platforms.ActiveCfg = Release|x86
		{978DED21-7A67-4AC9-AC8E-5C7EBF028E1F}.Release|Mixed Platforms.Build.0 = Release|x86
		{978DED21-7A67-4AC9-AC8E-5C7EBF028E1F}.Release|x86.ActiveCfg = Release|x86
		{978DED21-7A67-4AC9-AC8E-5C7EBF028E1F}.Release|x86.Build.0 = Release|x86
		{8B90F841-593E-4C42-BE9E-F39082A141DA}.Debug|Any CPU.ActiveCfg = Debug|x86
		{8B90F841-593E-4C42-BE9E-F39082A141DA}.Debug|Mixed Platforms.ActiveCfg = Debug|x86
		{8B90F841-593E-4C42-BE9E-F39082A141DA}.Debug|Mixed Platforms.Build.0 = Debug|x86
		{8B90F841-593E-4C42-BE9E-F39082A141DA}.Debug|x86.ActiveCfg = Debug|x86
		{8B90F841-593E-4C42-BE9E-F39082A141DA}.Debug|x86.Build.0 = Debug|x86
		{8B90F841-593E-4C42-BE9E-F39082A141DA}.Release|Any CPU.ActiveCfg = Release|x86
		{8B90F841-593E-4C42-BE9E-F39082A141DA}.Release|Mixed Platforms.ActiveCfg = Release|x86
		{8B90F841-593E-4C42-BE9E-F39082A141DA}.Release|Mixed Platforms.Build.0 = Release|x86
		{8B90F841-593E-4C42-BE9E-F39082A141DA}.Release|x86.ActiveCfg = Release|x86
		{8B90F841-593E-4C42-BE9E-F39082A141DA}.Release|x86.Build.0 = Release|x86
		{D80E56C8-8DD6-4911-9A99-F534C9497D6A}.Debug|Any CPU.ActiveCfg = Debug|Any CPU
		{D80E56C8-8DD6-4911-9A99-F534C9497D6A}.Debug|Any CPU.Build.0 = Debug|Any CPU
		{D80E56C8-8DD6-4911-9A99-F534C9497D6A}.Debug|Mixed Platforms.ActiveCfg = Debug|Any CPU
		{D80E56C8-8DD6-4911-9A99-F534C9497D6A}.Debug|Mixed Platforms.Build.0 = Debug|Any CPU
		{D80E56C8-8DD6-4911-9A99-F534C9497D6A}.Debug|x86.ActiveCfg = Debug|Any CPU
		{D80E56C8-8DD6-4911-9A99-F534C9497D6A}.Release|Any CPU.ActiveCfg = Release|Any CPU
		{D80E56C8-8DD6-4911-9A99-F534C9497D6A}.Release|Any CPU.Build.0 = Release|Any CPU
		{D80E56C8-8DD6-4911-9A99-F534C9497D6A}.Release|Mixed Platforms.ActiveCfg = Release|Any CPU
		{D80E56C8-8DD6-4911-9A99-F534C9497D6A}.Release|Mixed Platforms.Build.0 = Release|Any CPU
		{D80E56C8-8DD6-4911-9A99-F534C9497D6A}.Release|x86.ActiveCfg = Release|Any CPU
		{DB3089D5-44AC-441C-845C-3596C21C5E34}.Debug|Any CPU.ActiveCfg = Debug|Any CPU
		{DB3089D5-44AC-441C-845C-3596C21C5E34}.Debug|Any CPU.Build.0 = Debug|Any CPU
		{DB3089D5-44AC-441C-845C-3596C21C5E34}.Debug|Mixed Platforms.ActiveCfg = Debug|Any CPU
		{DB3089D5-44AC-441C-845C-3596C21C5E34}.Debug|Mixed Platforms.Build.0 = Debug|Any CPU
		{DB3089D5-44AC-441C-845C-3596C21C5E34}.Debug|x86.ActiveCfg = Debug|Any CPU
		{DB3089D5-44AC-441C-845C-3596C21C5E34}.Release|Any CPU.ActiveCfg = Release|Any CPU
		{DB3089D5-44AC-441C-845C-3596C21C5E34}.Release|Any CPU.Build.0 = Release|Any CPU
		{DB3089D5-44AC-441C-845C-3596C21C5E34}.Release|Mixed Platforms.ActiveCfg = Release|Any CPU
		{DB3089D5-44AC-441C-845C-3596C21C5E34}.Release|Mixed Platforms.Build.0 = Release|Any CPU
		{DB3089D5-44AC-441C-845C-3596C21C5E34}.Release|x86.ActiveCfg = Release|Any CPU
		{0156697E-DEFE-47CF-9EB0-11F120780356}.Debug|Any CPU.ActiveCfg = Debug|Any CPU
		{0156697E-DEFE-47CF-9EB0-11F120780356}.Debug|Any CPU.Build.0 = Debug|Any CPU
		{0156697E-DEFE-47CF-9EB0-11F120780356}.Debug|Mixed Platforms.ActiveCfg = Debug|Any CPU
		{0156697E-DEFE-47CF-9EB0-11F120780356}.Debug|Mixed Platforms.Build.0 = Debug|Any CPU
		{0156697E-DEFE-47CF-9EB0-11F120780356}.Debug|x86.ActiveCfg = Debug|Any CPU
		{0156697E-DEFE-47CF-9EB0-11F120780356}.Release|Any CPU.ActiveCfg = Release|Any CPU
		{0156697E-DEFE-47CF-9EB0-11F120780356}.Release|Any CPU.Build.0 = Release|Any CPU
		{0156697E-DEFE-47CF-9EB0-11F120780356}.Release|Mixed Platforms.ActiveCfg = Release|Any CPU
		{0156697E-DEFE-47CF-9EB0-11F120780356}.Release|Mixed Platforms.Build.0 = Release|Any CPU
		{0156697E-DEFE-47CF-9EB0-11F120780356}.Release|x86.ActiveCfg = Release|Any CPU
		{F7A7B1F6-6548-4388-B62D-32F034FC7462}.Debug|Any CPU.ActiveCfg = Debug|Any CPU
		{F7A7B1F6-6548-4388-B62D-32F034FC7462}.Debug|Any CPU.Build.0 = Debug|Any CPU
		{F7A7B1F6-6548-4388-B62D-32F034FC7462}.Debug|Mixed Platforms.ActiveCfg = Debug|Any CPU
		{F7A7B1F6-6548-4388-B62D-32F034FC7462}.Debug|Mixed Platforms.Build.0 = Debug|Any CPU
		{F7A7B1F6-6548-4388-B62D-32F034FC7462}.Debug|x86.ActiveCfg = Debug|Any CPU
		{F7A7B1F6-6548-4388-B62D-32F034FC7462}.Release|Any CPU.ActiveCfg = Release|Any CPU
		{F7A7B1F6-6548-4388-B62D-32F034FC7462}.Release|Any CPU.Build.0 = Release|Any CPU
		{F7A7B1F6-6548-4388-B62D-32F034FC7462}.Release|Mixed Platforms.ActiveCfg = Release|Any CPU
		{F7A7B1F6-6548-4388-B62D-32F034FC7462}.Release|Mixed Platforms.Build.0 = Release|Any CPU
		{F7A7B1F6-6548-4388-B62D-32F034FC7462}.Release|x86.ActiveCfg = Release|Any CPU
		{C9368100-CCEB-4140-9C3F-B7C4EECB0E3E}.Debug|Any CPU.ActiveCfg = Debug|Any CPU
		{C9368100-CCEB-4140-9C3F-B7C4EECB0E3E}.Debug|Any CPU.Build.0 = Debug|Any CPU
		{C9368100-CCEB-4140-9C3F-B7C4EECB0E3E}.Debug|Mixed Platforms.ActiveCfg = Debug|Any CPU
		{C9368100-CCEB-4140-9C3F-B7C4EECB0E3E}.Debug|Mixed Platforms.Build.0 = Debug|Any CPU
		{C9368100-CCEB-4140-9C3F-B7C4EECB0E3E}.Debug|x86.ActiveCfg = Debug|Any CPU
		{C9368100-CCEB-4140-9C3F-B7C4EECB0E3E}.Release|Any CPU.ActiveCfg = Release|Any CPU
		{C9368100-CCEB-4140-9C3F-B7C4EECB0E3E}.Release|Any CPU.Build.0 = Release|Any CPU
		{C9368100-CCEB-4140-9C3F-B7C4EECB0E3E}.Release|Mixed Platforms.ActiveCfg = Release|Any CPU
		{C9368100-CCEB-4140-9C3F-B7C4EECB0E3E}.Release|Mixed Platforms.Build.0 = Release|Any CPU
		{C9368100-CCEB-4140-9C3F-B7C4EECB0E3E}.Release|x86.ActiveCfg = Release|Any CPU
		{2EA06390-8728-497A-846E-394EA40CC616}.Debug|Any CPU.ActiveCfg = Debug|Any CPU
		{2EA06390-8728-497A-846E-394EA40CC616}.Debug|Any CPU.Build.0 = Debug|Any CPU
		{2EA06390-8728-497A-846E-394EA40CC616}.Debug|Mixed Platforms.ActiveCfg = Debug|Any CPU
		{2EA06390-8728-497A-846E-394EA40CC616}.Debug|Mixed Platforms.Build.0 = Debug|Any CPU
		{2EA06390-8728-497A-846E-394EA40CC616}.Debug|x86.ActiveCfg = Debug|Any CPU
		{2EA06390-8728-497A-846E-394EA40CC616}.Release|Any CPU.ActiveCfg = Release|Any CPU
		{2EA06390-8728-497A-846E-394EA40CC616}.Release|Any CPU.Build.0 = Release|Any CPU
		{2EA06390-8728-497A-846E-394EA40CC616}.Release|Mixed Platforms.ActiveCfg = Release|Any CPU
		{2EA06390-8728-497A-846E-394EA40CC616}.Release|Mixed Platforms.Build.0 = Release|Any CPU
		{2EA06390-8728-497A-846E-394EA40CC616}.Release|x86.ActiveCfg = Release|Any CPU
		{13AD1056-380D-4F9D-8B7E-954EA5B82695}.Debug|Any CPU.ActiveCfg = Debug|Any CPU
		{13AD1056-380D-4F9D-8B7E-954EA5B82695}.Debug|Any CPU.Build.0 = Debug|Any CPU
		{13AD1056-380D-4F9D-8B7E-954EA5B82695}.Debug|Mixed Platforms.ActiveCfg = Debug|Any CPU
		{13AD1056-380D-4F9D-8B7E-954EA5B82695}.Debug|Mixed Platforms.Build.0 = Debug|Any CPU
		{13AD1056-380D-4F9D-8B7E-954EA5B82695}.Debug|x86.ActiveCfg = Debug|Any CPU
		{13AD1056-380D-4F9D-8B7E-954EA5B82695}.Release|Any CPU.ActiveCfg = Release|Any CPU
		{13AD1056-380D-4F9D-8B7E-954EA5B82695}.Release|Any CPU.Build.0 = Release|Any CPU
		{13AD1056-380D-4F9D-8B7E-954EA5B82695}.Release|Mixed Platforms.ActiveCfg = Release|Any CPU
		{13AD1056-380D-4F9D-8B7E-954EA5B82695}.Release|Mixed Platforms.Build.0 = Release|Any CPU
		{13AD1056-380D-4F9D-8B7E-954EA5B82695}.Release|x86.ActiveCfg = Release|Any CPU
		{74036434-D18E-4404-B854-51395CE40B6C}.Debug|Any CPU.ActiveCfg = Debug|Any CPU
		{74036434-D18E-4404-B854-51395CE40B6C}.Debug|Any CPU.Build.0 = Debug|Any CPU
		{74036434-D18E-4404-B854-51395CE40B6C}.Debug|Mixed Platforms.ActiveCfg = Debug|Any CPU
		{74036434-D18E-4404-B854-51395CE40B6C}.Debug|Mixed Platforms.Build.0 = Debug|Any CPU
		{74036434-D18E-4404-B854-51395CE40B6C}.Debug|x86.ActiveCfg = Debug|Any CPU
		{74036434-D18E-4404-B854-51395CE40B6C}.Release|Any CPU.ActiveCfg = Release|Any CPU
		{74036434-D18E-4404-B854-51395CE40B6C}.Release|Any CPU.Build.0 = Release|Any CPU
		{74036434-D18E-4404-B854-51395CE40B6C}.Release|Mixed Platforms.ActiveCfg = Release|Any CPU
		{74036434-D18E-4404-B854-51395CE40B6C}.Release|Mixed Platforms.Build.0 = Release|Any CPU
		{74036434-D18E-4404-B854-51395CE40B6C}.Release|x86.ActiveCfg = Release|Any CPU
		{06CA6C00-672E-4B49-8FD4-A4A9AB453C5A}.Debug|Any CPU.ActiveCfg = Debug|Any CPU
		{06CA6C00-672E-4B49-8FD4-A4A9AB453C5A}.Debug|Any CPU.Build.0 = Debug|Any CPU
		{06CA6C00-672E-4B49-8FD4-A4A9AB453C5A}.Debug|Mixed Platforms.ActiveCfg = Debug|Any CPU
		{06CA6C00-672E-4B49-8FD4-A4A9AB453C5A}.Debug|Mixed Platforms.Build.0 = Debug|Any CPU
		{06CA6C00-672E-4B49-8FD4-A4A9AB453C5A}.Debug|x86.ActiveCfg = Debug|Any CPU
		{06CA6C00-672E-4B49-8FD4-A4A9AB453C5A}.Release|Any CPU.ActiveCfg = Release|Any CPU
		{06CA6C00-672E-4B49-8FD4-A4A9AB453C5A}.Release|Any CPU.Build.0 = Release|Any CPU
		{06CA6C00-672E-4B49-8FD4-A4A9AB453C5A}.Release|Mixed Platforms.ActiveCfg = Release|Any CPU
		{06CA6C00-672E-4B49-8FD4-A4A9AB453C5A}.Release|Mixed Platforms.Build.0 = Release|Any CPU
		{06CA6C00-672E-4B49-8FD4-A4A9AB453C5A}.Release|x86.ActiveCfg = Release|Any CPU
		{F82EA47A-42F7-4E3F-AF6D-8CE04DCD96B4}.Debug|Any CPU.ActiveCfg = Debug|Any CPU
		{F82EA47A-42F7-4E3F-AF6D-8CE04DCD96B4}.Debug|Any CPU.Build.0 = Debug|Any CPU
		{F82EA47A-42F7-4E3F-AF6D-8CE04DCD96B4}.Debug|Mixed Platforms.ActiveCfg = Debug|Any CPU
		{F82EA47A-42F7-4E3F-AF6D-8CE04DCD96B4}.Debug|x86.ActiveCfg = Debug|Any CPU
		{F82EA47A-42F7-4E3F-AF6D-8CE04DCD96B4}.Release|Any CPU.ActiveCfg = Release|Any CPU
		{F82EA47A-42F7-4E3F-AF6D-8CE04DCD96B4}.Release|Any CPU.Build.0 = Release|Any CPU
		{F82EA47A-42F7-4E3F-AF6D-8CE04DCD96B4}.Release|Mixed Platforms.ActiveCfg = Release|Any CPU
		{F82EA47A-42F7-4E3F-AF6D-8CE04DCD96B4}.Release|x86.ActiveCfg = Release|Any CPU
		{811F0005-3E88-4550-AC81-47F8B398101B}.Debug|Any CPU.ActiveCfg = Debug|Any CPU
		{811F0005-3E88-4550-AC81-47F8B398101B}.Debug|Any CPU.Build.0 = Debug|Any CPU
		{811F0005-3E88-4550-AC81-47F8B398101B}.Debug|Mixed Platforms.ActiveCfg = Debug|Any CPU
		{811F0005-3E88-4550-AC81-47F8B398101B}.Debug|Mixed Platforms.Build.0 = Debug|Any CPU
		{811F0005-3E88-4550-AC81-47F8B398101B}.Debug|x86.ActiveCfg = Debug|Any CPU
		{811F0005-3E88-4550-AC81-47F8B398101B}.Release|Any CPU.ActiveCfg = Release|Any CPU
		{811F0005-3E88-4550-AC81-47F8B398101B}.Release|Any CPU.Build.0 = Release|Any CPU
		{811F0005-3E88-4550-AC81-47F8B398101B}.Release|Mixed Platforms.ActiveCfg = Release|Any CPU
		{811F0005-3E88-4550-AC81-47F8B398101B}.Release|x86.ActiveCfg = Release|Any CPU
		{C3911E8E-1C55-47AD-839D-F34641DC93C3}.Debug|Any CPU.ActiveCfg = Debug|Any CPU
		{C3911E8E-1C55-47AD-839D-F34641DC93C3}.Debug|Any CPU.Build.0 = Debug|Any CPU
		{C3911E8E-1C55-47AD-839D-F34641DC93C3}.Debug|Mixed Platforms.ActiveCfg = Debug|Any CPU
		{C3911E8E-1C55-47AD-839D-F34641DC93C3}.Debug|Mixed Platforms.Build.0 = Debug|Any CPU
		{C3911E8E-1C55-47AD-839D-F34641DC93C3}.Debug|x86.ActiveCfg = Debug|Any CPU
		{C3911E8E-1C55-47AD-839D-F34641DC93C3}.Release|Any CPU.ActiveCfg = Release|Any CPU
		{C3911E8E-1C55-47AD-839D-F34641DC93C3}.Release|Any CPU.Build.0 = Release|Any CPU
		{C3911E8E-1C55-47AD-839D-F34641DC93C3}.Release|Mixed Platforms.ActiveCfg = Release|Any CPU
		{C3911E8E-1C55-47AD-839D-F34641DC93C3}.Release|x86.ActiveCfg = Release|Any CPU
		{B40E6F1C-453E-44A2-BA9D-1692378B355C}.Debug|Any CPU.ActiveCfg = Debug|Any CPU
		{B40E6F1C-453E-44A2-BA9D-1692378B355C}.Debug|Any CPU.Build.0 = Debug|Any CPU
		{B40E6F1C-453E-44A2-BA9D-1692378B355C}.Debug|Mixed Platforms.ActiveCfg = Debug|Any CPU
		{B40E6F1C-453E-44A2-BA9D-1692378B355C}.Debug|Mixed Platforms.Build.0 = Debug|Any CPU
		{B40E6F1C-453E-44A2-BA9D-1692378B355C}.Debug|x86.ActiveCfg = Debug|Any CPU
		{B40E6F1C-453E-44A2-BA9D-1692378B355C}.Release|Any CPU.ActiveCfg = Release|Any CPU
		{B40E6F1C-453E-44A2-BA9D-1692378B355C}.Release|Any CPU.Build.0 = Release|Any CPU
		{B40E6F1C-453E-44A2-BA9D-1692378B355C}.Release|Mixed Platforms.ActiveCfg = Release|Any CPU
		{B40E6F1C-453E-44A2-BA9D-1692378B355C}.Release|Mixed Platforms.Build.0 = Release|Any CPU
		{B40E6F1C-453E-44A2-BA9D-1692378B355C}.Release|x86.ActiveCfg = Release|Any CPU
		{6D3155EE-7329-4993-830A-D5F6E6E5A953}.Debug|Any CPU.ActiveCfg = Debug|Any CPU
		{6D3155EE-7329-4993-830A-D5F6E6E5A953}.Debug|Any CPU.Build.0 = Debug|Any CPU
		{6D3155EE-7329-4993-830A-D5F6E6E5A953}.Debug|Mixed Platforms.ActiveCfg = Debug|Any CPU
		{6D3155EE-7329-4993-830A-D5F6E6E5A953}.Debug|x86.ActiveCfg = Debug|Any CPU
		{6D3155EE-7329-4993-830A-D5F6E6E5A953}.Release|Any CPU.ActiveCfg = Release|Any CPU
		{6D3155EE-7329-4993-830A-D5F6E6E5A953}.Release|Any CPU.Build.0 = Release|Any CPU
		{6D3155EE-7329-4993-830A-D5F6E6E5A953}.Release|Mixed Platforms.ActiveCfg = Release|Any CPU
		{6D3155EE-7329-4993-830A-D5F6E6E5A953}.Release|x86.ActiveCfg = Release|Any CPU
		{9E560BF5-A08C-4942-A01B-77C7DF9DB933}.Debug|Any CPU.ActiveCfg = Debug|Any CPU
		{9E560BF5-A08C-4942-A01B-77C7DF9DB933}.Debug|Any CPU.Build.0 = Debug|Any CPU
		{9E560BF5-A08C-4942-A01B-77C7DF9DB933}.Debug|Mixed Platforms.ActiveCfg = Debug|Any CPU
		{9E560BF5-A08C-4942-A01B-77C7DF9DB933}.Debug|Mixed Platforms.Build.0 = Debug|Any CPU
		{9E560BF5-A08C-4942-A01B-77C7DF9DB933}.Debug|x86.ActiveCfg = Debug|Any CPU
		{9E560BF5-A08C-4942-A01B-77C7DF9DB933}.Release|Any CPU.ActiveCfg = Release|Any CPU
		{9E560BF5-A08C-4942-A01B-77C7DF9DB933}.Release|Any CPU.Build.0 = Release|Any CPU
		{9E560BF5-A08C-4942-A01B-77C7DF9DB933}.Release|Mixed Platforms.ActiveCfg = Release|Any CPU
		{9E560BF5-A08C-4942-A01B-77C7DF9DB933}.Release|Mixed Platforms.Build.0 = Release|Any CPU
		{9E560BF5-A08C-4942-A01B-77C7DF9DB933}.Release|x86.ActiveCfg = Release|Any CPU
		{B26AA333-051A-4C11-B6CD-CECA8FD656E0}.Debug|Any CPU.ActiveCfg = Debug|Any CPU
		{B26AA333-051A-4C11-B6CD-CECA8FD656E0}.Debug|Any CPU.Build.0 = Debug|Any CPU
		{B26AA333-051A-4C11-B6CD-CECA8FD656E0}.Debug|Mixed Platforms.ActiveCfg = Debug|Any CPU
		{B26AA333-051A-4C11-B6CD-CECA8FD656E0}.Debug|Mixed Platforms.Build.0 = Debug|Any CPU
		{B26AA333-051A-4C11-B6CD-CECA8FD656E0}.Debug|x86.ActiveCfg = Debug|Any CPU
		{B26AA333-051A-4C11-B6CD-CECA8FD656E0}.Release|Any CPU.ActiveCfg = Release|Any CPU
		{B26AA333-051A-4C11-B6CD-CECA8FD656E0}.Release|Any CPU.Build.0 = Release|Any CPU
		{B26AA333-051A-4C11-B6CD-CECA8FD656E0}.Release|Mixed Platforms.ActiveCfg = Release|Any CPU
		{B26AA333-051A-4C11-B6CD-CECA8FD656E0}.Release|Mixed Platforms.Build.0 = Release|Any CPU
		{B26AA333-051A-4C11-B6CD-CECA8FD656E0}.Release|x86.ActiveCfg = Release|Any CPU
		{F98BA3D0-FA49-4A3E-849F-27C302999B58}.Debug|Any CPU.ActiveCfg = Debug|Any CPU
		{F98BA3D0-FA49-4A3E-849F-27C302999B58}.Debug|Any CPU.Build.0 = Debug|Any CPU
		{F98BA3D0-FA49-4A3E-849F-27C302999B58}.Debug|Mixed Platforms.ActiveCfg = Debug|Any CPU
		{F98BA3D0-FA49-4A3E-849F-27C302999B58}.Debug|Mixed Platforms.Build.0 = Debug|Any CPU
		{F98BA3D0-FA49-4A3E-849F-27C302999B58}.Debug|x86.ActiveCfg = Debug|Any CPU
		{F98BA3D0-FA49-4A3E-849F-27C302999B58}.Release|Any CPU.ActiveCfg = Release|Any CPU
		{F98BA3D0-FA49-4A3E-849F-27C302999B58}.Release|Any CPU.Build.0 = Release|Any CPU
		{F98BA3D0-FA49-4A3E-849F-27C302999B58}.Release|Mixed Platforms.ActiveCfg = Release|Any CPU
		{F98BA3D0-FA49-4A3E-849F-27C302999B58}.Release|Mixed Platforms.Build.0 = Release|Any CPU
		{F98BA3D0-FA49-4A3E-849F-27C302999B58}.Release|x86.ActiveCfg = Release|Any CPU
		{DF519AB4-10A8-4E8E-9CA9-0A119A8168DC}.Debug|Any CPU.ActiveCfg = Debug|Any CPU
		{DF519AB4-10A8-4E8E-9CA9-0A119A8168DC}.Debug|Any CPU.Build.0 = Debug|Any CPU
		{DF519AB4-10A8-4E8E-9CA9-0A119A8168DC}.Debug|Mixed Platforms.ActiveCfg = Debug|Any CPU
		{DF519AB4-10A8-4E8E-9CA9-0A119A8168DC}.Debug|Mixed Platforms.Build.0 = Debug|Any CPU
		{DF519AB4-10A8-4E8E-9CA9-0A119A8168DC}.Debug|x86.ActiveCfg = Debug|Any CPU
		{DF519AB4-10A8-4E8E-9CA9-0A119A8168DC}.Release|Any CPU.ActiveCfg = Release|Any CPU
		{DF519AB4-10A8-4E8E-9CA9-0A119A8168DC}.Release|Any CPU.Build.0 = Release|Any CPU
		{DF519AB4-10A8-4E8E-9CA9-0A119A8168DC}.Release|Mixed Platforms.ActiveCfg = Release|Any CPU
		{DF519AB4-10A8-4E8E-9CA9-0A119A8168DC}.Release|Mixed Platforms.Build.0 = Release|Any CPU
		{DF519AB4-10A8-4E8E-9CA9-0A119A8168DC}.Release|x86.ActiveCfg = Release|Any CPU
		{EE5023DC-A20F-4358-9DF1-7D69BB1C322E}.Debug|Any CPU.ActiveCfg = Debug|Any CPU
		{EE5023DC-A20F-4358-9DF1-7D69BB1C322E}.Debug|Any CPU.Build.0 = Debug|Any CPU
		{EE5023DC-A20F-4358-9DF1-7D69BB1C322E}.Debug|Mixed Platforms.ActiveCfg = Debug|Any CPU
		{EE5023DC-A20F-4358-9DF1-7D69BB1C322E}.Debug|Mixed Platforms.Build.0 = Debug|Any CPU
		{EE5023DC-A20F-4358-9DF1-7D69BB1C322E}.Debug|x86.ActiveCfg = Debug|Any CPU
		{EE5023DC-A20F-4358-9DF1-7D69BB1C322E}.Release|Any CPU.ActiveCfg = Release|Any CPU
		{EE5023DC-A20F-4358-9DF1-7D69BB1C322E}.Release|Any CPU.Build.0 = Release|Any CPU
		{EE5023DC-A20F-4358-9DF1-7D69BB1C322E}.Release|Mixed Platforms.ActiveCfg = Release|Any CPU
		{EE5023DC-A20F-4358-9DF1-7D69BB1C322E}.Release|Mixed Platforms.Build.0 = Release|Any CPU
		{EE5023DC-A20F-4358-9DF1-7D69BB1C322E}.Release|x86.ActiveCfg = Release|Any CPU
		{683AFB5D-FA3E-486B-AFF4-5375F1B24229}.Debug|Any CPU.ActiveCfg = Debug|Any CPU
		{683AFB5D-FA3E-486B-AFF4-5375F1B24229}.Debug|Any CPU.Build.0 = Debug|Any CPU
		{683AFB5D-FA3E-486B-AFF4-5375F1B24229}.Debug|Mixed Platforms.ActiveCfg = Debug|Any CPU
		{683AFB5D-FA3E-486B-AFF4-5375F1B24229}.Debug|Mixed Platforms.Build.0 = Debug|Any CPU
		{683AFB5D-FA3E-486B-AFF4-5375F1B24229}.Debug|x86.ActiveCfg = Debug|Any CPU
		{683AFB5D-FA3E-486B-AFF4-5375F1B24229}.Release|Any CPU.ActiveCfg = Release|Any CPU
		{683AFB5D-FA3E-486B-AFF4-5375F1B24229}.Release|Any CPU.Build.0 = Release|Any CPU
		{683AFB5D-FA3E-486B-AFF4-5375F1B24229}.Release|Mixed Platforms.ActiveCfg = Release|Any CPU
		{683AFB5D-FA3E-486B-AFF4-5375F1B24229}.Release|Mixed Platforms.Build.0 = Release|Any CPU
		{683AFB5D-FA3E-486B-AFF4-5375F1B24229}.Release|x86.ActiveCfg = Release|Any CPU
		{572A308B-634F-48CF-926D-CFEFB8D00C46}.Debug|Any CPU.ActiveCfg = Debug|Any CPU
		{572A308B-634F-48CF-926D-CFEFB8D00C46}.Debug|Any CPU.Build.0 = Debug|Any CPU
		{572A308B-634F-48CF-926D-CFEFB8D00C46}.Debug|Mixed Platforms.ActiveCfg = Debug|Any CPU
		{572A308B-634F-48CF-926D-CFEFB8D00C46}.Debug|Mixed Platforms.Build.0 = Debug|Any CPU
		{572A308B-634F-48CF-926D-CFEFB8D00C46}.Debug|x86.ActiveCfg = Debug|Any CPU
		{572A308B-634F-48CF-926D-CFEFB8D00C46}.Release|Any CPU.ActiveCfg = Release|Any CPU
		{572A308B-634F-48CF-926D-CFEFB8D00C46}.Release|Any CPU.Build.0 = Release|Any CPU
		{572A308B-634F-48CF-926D-CFEFB8D00C46}.Release|Mixed Platforms.ActiveCfg = Release|Any CPU
		{572A308B-634F-48CF-926D-CFEFB8D00C46}.Release|Mixed Platforms.Build.0 = Release|Any CPU
		{572A308B-634F-48CF-926D-CFEFB8D00C46}.Release|x86.ActiveCfg = Release|Any CPU
		{60B9417C-4618-4B63-BDA3-A6DBFDFD40D7}.Debug|Any CPU.ActiveCfg = Debug|Any CPU
		{60B9417C-4618-4B63-BDA3-A6DBFDFD40D7}.Debug|Any CPU.Build.0 = Debug|Any CPU
		{60B9417C-4618-4B63-BDA3-A6DBFDFD40D7}.Debug|Mixed Platforms.ActiveCfg = Debug|Any CPU
		{60B9417C-4618-4B63-BDA3-A6DBFDFD40D7}.Debug|Mixed Platforms.Build.0 = Debug|Any CPU
		{60B9417C-4618-4B63-BDA3-A6DBFDFD40D7}.Debug|x86.ActiveCfg = Debug|Any CPU
		{60B9417C-4618-4B63-BDA3-A6DBFDFD40D7}.Release|Any CPU.ActiveCfg = Release|Any CPU
		{60B9417C-4618-4B63-BDA3-A6DBFDFD40D7}.Release|Any CPU.Build.0 = Release|Any CPU
		{60B9417C-4618-4B63-BDA3-A6DBFDFD40D7}.Release|Mixed Platforms.ActiveCfg = Release|Any CPU
		{60B9417C-4618-4B63-BDA3-A6DBFDFD40D7}.Release|Mixed Platforms.Build.0 = Release|Any CPU
		{60B9417C-4618-4B63-BDA3-A6DBFDFD40D7}.Release|x86.ActiveCfg = Release|Any CPU
		{7CDFD09D-B156-483E-8969-E38926629CC4}.Debug|Any CPU.ActiveCfg = Debug|Any CPU
		{7CDFD09D-B156-483E-8969-E38926629CC4}.Debug|Any CPU.Build.0 = Debug|Any CPU
		{7CDFD09D-B156-483E-8969-E38926629CC4}.Debug|Mixed Platforms.ActiveCfg = Debug|Any CPU
		{7CDFD09D-B156-483E-8969-E38926629CC4}.Debug|Mixed Platforms.Build.0 = Debug|Any CPU
		{7CDFD09D-B156-483E-8969-E38926629CC4}.Debug|x86.ActiveCfg = Debug|Any CPU
		{7CDFD09D-B156-483E-8969-E38926629CC4}.Release|Any CPU.ActiveCfg = Release|Any CPU
		{7CDFD09D-B156-483E-8969-E38926629CC4}.Release|Any CPU.Build.0 = Release|Any CPU
		{7CDFD09D-B156-483E-8969-E38926629CC4}.Release|Mixed Platforms.ActiveCfg = Release|Any CPU
		{7CDFD09D-B156-483E-8969-E38926629CC4}.Release|Mixed Platforms.Build.0 = Release|Any CPU
		{7CDFD09D-B156-483E-8969-E38926629CC4}.Release|x86.ActiveCfg = Release|Any CPU
		{C552DD3D-3738-4194-95F3-5A988E7D4647}.Debug|Any CPU.ActiveCfg = Debug|Any CPU
		{C552DD3D-3738-4194-95F3-5A988E7D4647}.Debug|Any CPU.Build.0 = Debug|Any CPU
		{C552DD3D-3738-4194-95F3-5A988E7D4647}.Debug|Mixed Platforms.ActiveCfg = Debug|Any CPU
		{C552DD3D-3738-4194-95F3-5A988E7D4647}.Debug|Mixed Platforms.Build.0 = Debug|Any CPU
		{C552DD3D-3738-4194-95F3-5A988E7D4647}.Debug|x86.ActiveCfg = Debug|Any CPU
		{C552DD3D-3738-4194-95F3-5A988E7D4647}.Release|Any CPU.ActiveCfg = Release|Any CPU
		{C552DD3D-3738-4194-95F3-5A988E7D4647}.Release|Any CPU.Build.0 = Release|Any CPU
		{C552DD3D-3738-4194-95F3-5A988E7D4647}.Release|Mixed Platforms.ActiveCfg = Release|Any CPU
		{C552DD3D-3738-4194-95F3-5A988E7D4647}.Release|Mixed Platforms.Build.0 = Release|Any CPU
		{C552DD3D-3738-4194-95F3-5A988E7D4647}.Release|x86.ActiveCfg = Release|Any CPU
		{839B809B-1754-4670-A911-6372881FCC5D}.Debug|Any CPU.ActiveCfg = Debug|Any CPU
		{839B809B-1754-4670-A911-6372881FCC5D}.Debug|Any CPU.Build.0 = Debug|Any CPU
		{839B809B-1754-4670-A911-6372881FCC5D}.Debug|Mixed Platforms.ActiveCfg = Debug|Any CPU
		{839B809B-1754-4670-A911-6372881FCC5D}.Debug|Mixed Platforms.Build.0 = Debug|Any CPU
		{839B809B-1754-4670-A911-6372881FCC5D}.Debug|x86.ActiveCfg = Debug|Any CPU
		{839B809B-1754-4670-A911-6372881FCC5D}.Release|Any CPU.ActiveCfg = Release|Any CPU
		{839B809B-1754-4670-A911-6372881FCC5D}.Release|Any CPU.Build.0 = Release|Any CPU
		{839B809B-1754-4670-A911-6372881FCC5D}.Release|Mixed Platforms.ActiveCfg = Release|Any CPU
		{839B809B-1754-4670-A911-6372881FCC5D}.Release|Mixed Platforms.Build.0 = Release|Any CPU
		{839B809B-1754-4670-A911-6372881FCC5D}.Release|x86.ActiveCfg = Release|Any CPU
		{5F9A8527-E473-45D9-822A-ADD5CA3CB67B}.Debug|Any CPU.ActiveCfg = Debug|Any CPU
		{5F9A8527-E473-45D9-822A-ADD5CA3CB67B}.Debug|Any CPU.Build.0 = Debug|Any CPU
		{5F9A8527-E473-45D9-822A-ADD5CA3CB67B}.Debug|Mixed Platforms.ActiveCfg = Debug|Any CPU
		{5F9A8527-E473-45D9-822A-ADD5CA3CB67B}.Debug|Mixed Platforms.Build.0 = Debug|Any CPU
		{5F9A8527-E473-45D9-822A-ADD5CA3CB67B}.Debug|x86.ActiveCfg = Debug|Any CPU
		{5F9A8527-E473-45D9-822A-ADD5CA3CB67B}.Release|Any CPU.ActiveCfg = Release|Any CPU
		{5F9A8527-E473-45D9-822A-ADD5CA3CB67B}.Release|Any CPU.Build.0 = Release|Any CPU
		{5F9A8527-E473-45D9-822A-ADD5CA3CB67B}.Release|Mixed Platforms.ActiveCfg = Release|Any CPU
		{5F9A8527-E473-45D9-822A-ADD5CA3CB67B}.Release|Mixed Platforms.Build.0 = Release|Any CPU
		{5F9A8527-E473-45D9-822A-ADD5CA3CB67B}.Release|x86.ActiveCfg = Release|Any CPU
		{A9347E3A-E64D-4D1F-96A4-561291C862AF}.Debug|Any CPU.ActiveCfg = Debug|x86
		{A9347E3A-E64D-4D1F-96A4-561291C862AF}.Debug|Any CPU.Build.0 = Debug|x86
		{A9347E3A-E64D-4D1F-96A4-561291C862AF}.Debug|Mixed Platforms.ActiveCfg = Debug|x86
		{A9347E3A-E64D-4D1F-96A4-561291C862AF}.Debug|Mixed Platforms.Build.0 = Debug|x86
		{A9347E3A-E64D-4D1F-96A4-561291C862AF}.Debug|x86.ActiveCfg = Debug|x86
		{A9347E3A-E64D-4D1F-96A4-561291C862AF}.Debug|x86.Build.0 = Debug|x86
		{A9347E3A-E64D-4D1F-96A4-561291C862AF}.Release|Any CPU.ActiveCfg = Release|x86
		{A9347E3A-E64D-4D1F-96A4-561291C862AF}.Release|Mixed Platforms.ActiveCfg = Release|x86
		{A9347E3A-E64D-4D1F-96A4-561291C862AF}.Release|Mixed Platforms.Build.0 = Release|x86
		{A9347E3A-E64D-4D1F-96A4-561291C862AF}.Release|x86.ActiveCfg = Release|x86
		{A9347E3A-E64D-4D1F-96A4-561291C862AF}.Release|x86.Build.0 = Release|x86
		{76096334-9E81-478F-BD3F-E35FD87BA644}.Debug|Any CPU.ActiveCfg = Debug|Any CPU
		{76096334-9E81-478F-BD3F-E35FD87BA644}.Debug|Any CPU.Build.0 = Debug|Any CPU
		{76096334-9E81-478F-BD3F-E35FD87BA644}.Debug|Any CPU.Deploy.0 = Debug|Any CPU
		{76096334-9E81-478F-BD3F-E35FD87BA644}.Debug|Mixed Platforms.ActiveCfg = Debug|Any CPU
		{76096334-9E81-478F-BD3F-E35FD87BA644}.Debug|Mixed Platforms.Build.0 = Debug|Any CPU
		{76096334-9E81-478F-BD3F-E35FD87BA644}.Debug|Mixed Platforms.Deploy.0 = Debug|Any CPU
		{76096334-9E81-478F-BD3F-E35FD87BA644}.Debug|x86.ActiveCfg = Debug|Any CPU
		{76096334-9E81-478F-BD3F-E35FD87BA644}.Release|Any CPU.ActiveCfg = Release|Any CPU
		{76096334-9E81-478F-BD3F-E35FD87BA644}.Release|Any CPU.Build.0 = Release|Any CPU
		{76096334-9E81-478F-BD3F-E35FD87BA644}.Release|Any CPU.Deploy.0 = Release|Any CPU
		{76096334-9E81-478F-BD3F-E35FD87BA644}.Release|Mixed Platforms.ActiveCfg = Release|Any CPU
		{76096334-9E81-478F-BD3F-E35FD87BA644}.Release|Mixed Platforms.Build.0 = Release|Any CPU
		{76096334-9E81-478F-BD3F-E35FD87BA644}.Release|Mixed Platforms.Deploy.0 = Release|Any CPU
		{76096334-9E81-478F-BD3F-E35FD87BA644}.Release|x86.ActiveCfg = Release|Any CPU
		{B9DBA611-C07D-494E-960F-1FA63F6FE9C9}.Debug|Any CPU.ActiveCfg = Debug|Any CPU
		{B9DBA611-C07D-494E-960F-1FA63F6FE9C9}.Debug|Any CPU.Build.0 = Debug|Any CPU
		{B9DBA611-C07D-494E-960F-1FA63F6FE9C9}.Debug|Mixed Platforms.ActiveCfg = Debug|Any CPU
		{B9DBA611-C07D-494E-960F-1FA63F6FE9C9}.Debug|Mixed Platforms.Build.0 = Debug|Any CPU
		{B9DBA611-C07D-494E-960F-1FA63F6FE9C9}.Debug|x86.ActiveCfg = Debug|Any CPU
		{B9DBA611-C07D-494E-960F-1FA63F6FE9C9}.Release|Any CPU.ActiveCfg = Release|Any CPU
		{B9DBA611-C07D-494E-960F-1FA63F6FE9C9}.Release|Any CPU.Build.0 = Release|Any CPU
		{B9DBA611-C07D-494E-960F-1FA63F6FE9C9}.Release|Mixed Platforms.ActiveCfg = Release|Any CPU
		{B9DBA611-C07D-494E-960F-1FA63F6FE9C9}.Release|Mixed Platforms.Build.0 = Release|Any CPU
		{B9DBA611-C07D-494E-960F-1FA63F6FE9C9}.Release|x86.ActiveCfg = Release|Any CPU
	EndGlobalSection
	GlobalSection(SolutionProperties) = preSolution
		HideSolutionNode = FALSE
	EndGlobalSection
	GlobalSection(NestedProjects) = preSolution
		{978DED21-7A67-4AC9-AC8E-5C7EBF028E1F} = {358F3488-9C36-4B4C-B593-1A21D1B18E35}
		{8B90F841-593E-4C42-BE9E-F39082A141DA} = {358F3488-9C36-4B4C-B593-1A21D1B18E35}
		{683AFB5D-FA3E-486B-AFF4-5375F1B24229} = {358F3488-9C36-4B4C-B593-1A21D1B18E35}
		{A9347E3A-E64D-4D1F-96A4-561291C862AF} = {358F3488-9C36-4B4C-B593-1A21D1B18E35}
		{06CA6C00-672E-4B49-8FD4-A4A9AB453C5A} = {1A4D2A7C-A13B-4CBE-8181-1CA90628C024}
		{9E560BF5-A08C-4942-A01B-77C7DF9DB933} = {1A4D2A7C-A13B-4CBE-8181-1CA90628C024}
		{DB3089D5-44AC-441C-845C-3596C21C5E34} = {1A4D2A7C-A13B-4CBE-8181-1CA90628C024}
		{76096334-9E81-478F-BD3F-E35FD87BA644} = {1A4D2A7C-A13B-4CBE-8181-1CA90628C024}
		{C9368100-CCEB-4140-9C3F-B7C4EECB0E3E} = {EC4E70EE-ED28-48AC-8718-2CBA84FF3C55}
		{74036434-D18E-4404-B854-51395CE40B6C} = {EC4E70EE-ED28-48AC-8718-2CBA84FF3C55}
		{B26AA333-051A-4C11-B6CD-CECA8FD656E0} = {EC4E70EE-ED28-48AC-8718-2CBA84FF3C55}
		{0156697E-DEFE-47CF-9EB0-11F120780356} = {EC4E70EE-ED28-48AC-8718-2CBA84FF3C55}
		{7CDFD09D-B156-483E-8969-E38926629CC4} = {EC4E70EE-ED28-48AC-8718-2CBA84FF3C55}
		{C552DD3D-3738-4194-95F3-5A988E7D4647} = {EC4E70EE-ED28-48AC-8718-2CBA84FF3C55}
		{839B809B-1754-4670-A911-6372881FCC5D} = {EC4E70EE-ED28-48AC-8718-2CBA84FF3C55}
		{5F9A8527-E473-45D9-822A-ADD5CA3CB67B} = {EC4E70EE-ED28-48AC-8718-2CBA84FF3C55}
		{13AD1056-380D-4F9D-8B7E-954EA5B82695} = {655CEC21-8A17-4757-A42B-0EF9F9627E07}
		{F82EA47A-42F7-4E3F-AF6D-8CE04DCD96B4} = {655CEC21-8A17-4757-A42B-0EF9F9627E07}
		{2EA06390-8728-497A-846E-394EA40CC616} = {655CEC21-8A17-4757-A42B-0EF9F9627E07}
	EndGlobalSection
EndGlobal
