
Microsoft Visual Studio Solution File, Format Version 11.00
# Visual Studio 2010
Project("{FAE04EC0-301F-11D3-BF4B-00C04F79EFBC}") = "CIAPI", "CIAPI\CIAPI.csproj", "{B40E6F1C-453E-44A2-BA9D-1692378B355C}"
EndProject
Project("{FAE04EC0-301F-11D3-BF4B-00C04F79EFBC}") = "CIAPI.IntegrationTests", "CIAPI.IntegrationTests\CIAPI.IntegrationTests.csproj", "{DF519AB4-10A8-4E8E-9CA9-0A119A8168DC}"
EndProject
Project("{FAE04EC0-301F-11D3-BF4B-00C04F79EFBC}") = "CIAPI-3.5", "CIAPI-3.5\CIAPI-3.5.csproj", "{95565B7D-B3E4-4BFF-AEA2-20CCABD9CD31}"
EndProject
Project("{FAE04EC0-301F-11D3-BF4B-00C04F79EFBC}") = "CIAPI.IntegrationTests-3.5", "CIAPI.IntegrationTests-3.5\CIAPI.IntegrationTests-3.5.csproj", "{A0E4B915-BAE8-4CF0-9B1A-10DFFD887C5A}"
EndProject
Project("{FAE04EC0-301F-11D3-BF4B-00C04F79EFBC}") = "CIAPI.Phone7", "CIAPI.Phone7\CIAPI.Phone7.csproj", "{9E560BF5-A08C-4942-A01B-77C7DF9DB933}"
EndProject
Project("{FAE04EC0-301F-11D3-BF4B-00C04F79EFBC}") = "CIAPI.Silverlight", "CIAPI.Silverlight\CIAPI.Silverlight.csproj", "{B26AA333-051A-4C11-B6CD-CECA8FD656E0}"
EndProject
Project("{FAE04EC0-301F-11D3-BF4B-00C04F79EFBC}") = "CIAPI.Tests", "CIAPI.Tests\CIAPI.Tests.csproj", "{F98BA3D0-FA49-4A3E-849F-27C302999B58}"
EndProject
Project("{FAE04EC0-301F-11D3-BF4B-00C04F79EFBC}") = "CodeGenerator", "CodeGenerator\CodeGenerator.csproj", "{ED7E8F67-BDA1-4613-8275-E8D94888803F}"
EndProject
Project("{FAE04EC0-301F-11D3-BF4B-00C04F79EFBC}") = "StreamingClient", "StreamingClient\StreamingClient.csproj", "{EE5023DC-A20F-4358-9DF1-7D69BB1C322E}"
EndProject
Project("{FAE04EC0-301F-11D3-BF4B-00C04F79EFBC}") = "StreamingClient.Lightstreamer", "StreamingClient.Lightstreamer\StreamingClient.Lightstreamer.csproj", "{572A308B-634F-48CF-926D-CFEFB8D00C46}"
EndProject
Project("{FAE04EC0-301F-11D3-BF4B-00C04F79EFBC}") = "StreamingClient.Phone7", "StreamingClient.Phone7\StreamingClient.Phone7.csproj", "{43781FA6-57B5-4EF1-A4C4-4900613BDE77}"
EndProject
Project("{FAE04EC0-301F-11D3-BF4B-00C04F79EFBC}") = "StreamingClient.Phone7.Lightstreamer", "StreamingClient.Phone7.Lightstreamer\StreamingClient.Phone7.Lightstreamer.csproj", "{A0676126-F911-47FE-9BBC-4E0350BCCA9E}"
EndProject
Project("{FAE04EC0-301F-11D3-BF4B-00C04F79EFBC}") = "StreamingClient.Silverlight", "StreamingClient.Silverlight\StreamingClient.Silverlight.csproj", "{C552DD3D-3738-4194-95F3-5A988E7D4647}"
EndProject
Project("{FAE04EC0-301F-11D3-BF4B-00C04F79EFBC}") = "StreamingClient.Silverlight.Lightstreamer", "StreamingClient.Silverlight.Lightstreamer\StreamingClient.Silverlight.Lightstreamer.csproj", "{7CDFD09D-B156-483E-8969-E38926629CC4}"
EndProject
Project("{FAE04EC0-301F-11D3-BF4B-00C04F79EFBC}") = "StreamingClient-3.5", "StreamingClient-3.5\StreamingClient-3.5.csproj", "{2BF0E626-BC3B-4E21-95BB-C429B91E7418}"
EndProject
Project("{2150E333-8FDC-42A3-9474-1A3956D46DE8}") = "Samples", "Samples", "{E5BC5695-70DB-4089-966B-A3D0DE48857B}"
EndProject
Project("{2150E333-8FDC-42A3-9474-1A3956D46DE8}") = ".nuget", ".nuget", "{E470CE86-63B0-4B1E-A31C-240B05E39125}"
	ProjectSection(SolutionItems) = preProject
		.nuget\NuGet.exe = .nuget\NuGet.exe
		.nuget\NuGet.targets = .nuget\NuGet.targets
	EndProjectSection
EndProject
Project("{FAE04EC0-301F-11D3-BF4B-00C04F79EFBC}") = "CIAPI.CS.Koans", "Samples\CIAPI.CS.Koans\CIAPI.CS.Koans.csproj", "{A9347E3A-E64D-4D1F-96A4-561291C862AF}"
EndProject
Project("{FAE04EC0-301F-11D3-BF4B-00C04F79EFBC}") = "ClientScopingExample", "Samples\ClientScopingExample\ClientScopingExample.csproj", "{8A37AACE-D5DB-429A-BF65-A4EE31ECDC3B}"
EndProject
Project("{FAE04EC0-301F-11D3-BF4B-00C04F79EFBC}") = "ConsoleSpikes", "Samples\ConsoleSpikes\ConsoleSpikes.csproj", "{978DED21-7A67-4AC9-AC8E-5C7EBF028E1F}"
EndProject
Project("{FAE04EC0-301F-11D3-BF4B-00C04F79EFBC}") = "EfficientStreamManagement", "Samples\EfficientStreamManagement\EfficientStreamManagement.csproj", "{EC8CFE31-4931-4EB0-B4CB-F19E1DD6017A}"
EndProject
Project("{FAE04EC0-301F-11D3-BF4B-00C04F79EFBC}") = "NewStreamingClientTestApp", "Samples\NewStreamingClientTestApp\NewStreamingClientTestApp.csproj", "{BB3E3F06-F484-4656-957E-2875781B5541}"
EndProject
Project("{FAE04EC0-301F-11D3-BF4B-00C04F79EFBC}") = "Phone7Ticker", "Samples\Phone7Ticker\Phone7Ticker.csproj", "{55FBFD26-44B9-46BA-B1B7-624C2EF06EE2}"
EndProject
Project("{FAE04EC0-301F-11D3-BF4B-00C04F79EFBC}") = "PhoneApp1", "Samples\PhoneApp1 (1)\PhoneApp1.csproj", "{14ECEEC4-8D8E-414D-A76C-6E167544E9BC}"
EndProject
Project("{FAE04EC0-301F-11D3-BF4B-00C04F79EFBC}") = "WindowsPhoneTestApplication", "Samples\WindowsPhoneTestApplication\WindowsPhoneTestApplication.csproj", "{A930EA9C-E451-4B80-ACE3-B1D79DF8D37F}"
EndProject
Project("{FAE04EC0-301F-11D3-BF4B-00C04F79EFBC}") = "WinFormsSpike", "Samples\WinFormsSpike\WinFormsSpike.csproj", "{8B90F841-593E-4C42-BE9E-F39082A141DA}"
EndProject
Project("{2150E333-8FDC-42A3-9474-1A3956D46DE8}") = "NotYetSupported", "NotYetSupported", "{77AAA99A-22B2-4671-B4CA-703B681A7BDF}"
EndProject
Project("{2150E333-8FDC-42A3-9474-1A3956D46DE8}") = "build", "build", "{6F653CAA-C248-4EEF-B8EA-7EF8D20EF4DB}"
	ProjectSection(SolutionItems) = preProject
		build.xml = build.xml
		CIAPI.CS.nunit = CIAPI.CS.nunit
		CIAPI.nuspec = CIAPI.nuspec
		..\tools\msbuild\CommonProperties.targets.xml = ..\tools\msbuild\CommonProperties.targets.xml
		..\tools\msbuild\DropsAndPackaging.targets.xml = ..\tools\msbuild\DropsAndPackaging.targets.xml
		..\tools\msbuild\TestsAndMetrics.targets.xml = ..\tools\msbuild\TestsAndMetrics.targets.xml
		..\tools\msbuild\Versioning.targets.xml = ..\tools\msbuild\Versioning.targets.xml
	EndProjectSection
EndProject
Project("{2150E333-8FDC-42A3-9474-1A3956D46DE8}") = "common", "common", "{91A1C069-FC79-499A-9134-A2A3A5B93431}"
	ProjectSection(SolutionItems) = preProject
		common\App.config = common\App.config
		common\ciapi.snk = common\ciapi.snk
		common\TestConfig.cs = common\TestConfig.cs
	EndProjectSection
EndProject
Project("{2150E333-8FDC-42A3-9474-1A3956D46DE8}") = "readme", "readme", "{3D66D734-9D80-4484-B76C-DCAA44D881D1}"
	ProjectSection(SolutionItems) = preProject
		..\DEV_SETUP.txt = ..\DEV_SETUP.txt
		..\LICENSE.txt = ..\LICENSE.txt
		..\NOTICES.txt = ..\NOTICES.txt
		..\README.markdown = ..\README.markdown
	EndProjectSection
EndProject
Project("{FAE04EC0-301F-11D3-BF4B-00C04F79EFBC}") = "LoggingTests", "LoggingTests\LoggingTests.csproj", "{A8924F0B-097B-4B9E-B73B-241A8B01E568}"
EndProject
Global
	GlobalSection(SolutionConfigurationPlatforms) = preSolution
		Debug|Any CPU = Debug|Any CPU
		Debug|Mixed Platforms = Debug|Mixed Platforms
		Debug|x86 = Debug|x86
		Release|Any CPU = Release|Any CPU
		Release|Mixed Platforms = Release|Mixed Platforms
		Release|x86 = Release|x86
	EndGlobalSection
	GlobalSection(ProjectConfigurationPlatforms) = postSolution
		{B40E6F1C-453E-44A2-BA9D-1692378B355C}.Debug|Any CPU.ActiveCfg = Debug|Any CPU
		{B40E6F1C-453E-44A2-BA9D-1692378B355C}.Debug|Any CPU.Build.0 = Debug|Any CPU
		{B40E6F1C-453E-44A2-BA9D-1692378B355C}.Debug|Mixed Platforms.ActiveCfg = Debug|Any CPU
		{B40E6F1C-453E-44A2-BA9D-1692378B355C}.Debug|Mixed Platforms.Build.0 = Debug|Any CPU
		{B40E6F1C-453E-44A2-BA9D-1692378B355C}.Debug|x86.ActiveCfg = Debug|Any CPU
		{B40E6F1C-453E-44A2-BA9D-1692378B355C}.Release|Any CPU.ActiveCfg = Release|Any CPU
		{B40E6F1C-453E-44A2-BA9D-1692378B355C}.Release|Any CPU.Build.0 = Release|Any CPU
		{B40E6F1C-453E-44A2-BA9D-1692378B355C}.Release|Mixed Platforms.ActiveCfg = Release|Any CPU
		{B40E6F1C-453E-44A2-BA9D-1692378B355C}.Release|Mixed Platforms.Build.0 = Release|Any CPU
		{B40E6F1C-453E-44A2-BA9D-1692378B355C}.Release|x86.ActiveCfg = Release|Any CPU
		{DF519AB4-10A8-4E8E-9CA9-0A119A8168DC}.Debug|Any CPU.ActiveCfg = Debug|Any CPU
		{DF519AB4-10A8-4E8E-9CA9-0A119A8168DC}.Debug|Any CPU.Build.0 = Debug|Any CPU
		{DF519AB4-10A8-4E8E-9CA9-0A119A8168DC}.Debug|Mixed Platforms.ActiveCfg = Debug|Any CPU
		{DF519AB4-10A8-4E8E-9CA9-0A119A8168DC}.Debug|Mixed Platforms.Build.0 = Debug|Any CPU
		{DF519AB4-10A8-4E8E-9CA9-0A119A8168DC}.Debug|x86.ActiveCfg = Debug|Any CPU
		{DF519AB4-10A8-4E8E-9CA9-0A119A8168DC}.Release|Any CPU.ActiveCfg = Release|Any CPU
		{DF519AB4-10A8-4E8E-9CA9-0A119A8168DC}.Release|Any CPU.Build.0 = Release|Any CPU
		{DF519AB4-10A8-4E8E-9CA9-0A119A8168DC}.Release|Mixed Platforms.ActiveCfg = Release|Any CPU
		{DF519AB4-10A8-4E8E-9CA9-0A119A8168DC}.Release|Mixed Platforms.Build.0 = Release|Any CPU
		{DF519AB4-10A8-4E8E-9CA9-0A119A8168DC}.Release|x86.ActiveCfg = Release|Any CPU
		{95565B7D-B3E4-4BFF-AEA2-20CCABD9CD31}.Debug|Any CPU.ActiveCfg = Debug|Any CPU
		{95565B7D-B3E4-4BFF-AEA2-20CCABD9CD31}.Debug|Any CPU.Build.0 = Debug|Any CPU
		{95565B7D-B3E4-4BFF-AEA2-20CCABD9CD31}.Debug|Mixed Platforms.ActiveCfg = Debug|Any CPU
		{95565B7D-B3E4-4BFF-AEA2-20CCABD9CD31}.Debug|Mixed Platforms.Build.0 = Debug|Any CPU
		{95565B7D-B3E4-4BFF-AEA2-20CCABD9CD31}.Debug|x86.ActiveCfg = Debug|Any CPU
		{95565B7D-B3E4-4BFF-AEA2-20CCABD9CD31}.Release|Any CPU.ActiveCfg = Release|Any CPU
		{95565B7D-B3E4-4BFF-AEA2-20CCABD9CD31}.Release|Any CPU.Build.0 = Release|Any CPU
		{95565B7D-B3E4-4BFF-AEA2-20CCABD9CD31}.Release|Mixed Platforms.ActiveCfg = Release|Any CPU
		{95565B7D-B3E4-4BFF-AEA2-20CCABD9CD31}.Release|Mixed Platforms.Build.0 = Release|Any CPU
		{95565B7D-B3E4-4BFF-AEA2-20CCABD9CD31}.Release|x86.ActiveCfg = Release|Any CPU
		{A0E4B915-BAE8-4CF0-9B1A-10DFFD887C5A}.Debug|Any CPU.ActiveCfg = Debug|Any CPU
		{A0E4B915-BAE8-4CF0-9B1A-10DFFD887C5A}.Debug|Any CPU.Build.0 = Debug|Any CPU
		{A0E4B915-BAE8-4CF0-9B1A-10DFFD887C5A}.Debug|Mixed Platforms.ActiveCfg = Debug|Any CPU
		{A0E4B915-BAE8-4CF0-9B1A-10DFFD887C5A}.Debug|Mixed Platforms.Build.0 = Debug|Any CPU
		{A0E4B915-BAE8-4CF0-9B1A-10DFFD887C5A}.Debug|x86.ActiveCfg = Debug|Any CPU
		{A0E4B915-BAE8-4CF0-9B1A-10DFFD887C5A}.Release|Any CPU.ActiveCfg = Release|Any CPU
		{A0E4B915-BAE8-4CF0-9B1A-10DFFD887C5A}.Release|Any CPU.Build.0 = Release|Any CPU
		{A0E4B915-BAE8-4CF0-9B1A-10DFFD887C5A}.Release|Mixed Platforms.ActiveCfg = Release|Any CPU
		{A0E4B915-BAE8-4CF0-9B1A-10DFFD887C5A}.Release|Mixed Platforms.Build.0 = Release|Any CPU
		{A0E4B915-BAE8-4CF0-9B1A-10DFFD887C5A}.Release|x86.ActiveCfg = Release|Any CPU
		{9E560BF5-A08C-4942-A01B-77C7DF9DB933}.Debug|Any CPU.ActiveCfg = Debug|Any CPU
		{9E560BF5-A08C-4942-A01B-77C7DF9DB933}.Debug|Any CPU.Build.0 = Debug|Any CPU
		{9E560BF5-A08C-4942-A01B-77C7DF9DB933}.Debug|Mixed Platforms.ActiveCfg = Debug|Any CPU
		{9E560BF5-A08C-4942-A01B-77C7DF9DB933}.Debug|Mixed Platforms.Build.0 = Debug|Any CPU
		{9E560BF5-A08C-4942-A01B-77C7DF9DB933}.Debug|x86.ActiveCfg = Debug|Any CPU
		{9E560BF5-A08C-4942-A01B-77C7DF9DB933}.Release|Any CPU.ActiveCfg = Release|Any CPU
		{9E560BF5-A08C-4942-A01B-77C7DF9DB933}.Release|Any CPU.Build.0 = Release|Any CPU
		{9E560BF5-A08C-4942-A01B-77C7DF9DB933}.Release|Mixed Platforms.ActiveCfg = Release|Any CPU
		{9E560BF5-A08C-4942-A01B-77C7DF9DB933}.Release|Mixed Platforms.Build.0 = Release|Any CPU
		{9E560BF5-A08C-4942-A01B-77C7DF9DB933}.Release|x86.ActiveCfg = Release|Any CPU
		{B26AA333-051A-4C11-B6CD-CECA8FD656E0}.Debug|Any CPU.ActiveCfg = Debug|Any CPU
		{B26AA333-051A-4C11-B6CD-CECA8FD656E0}.Debug|Any CPU.Build.0 = Debug|Any CPU
		{B26AA333-051A-4C11-B6CD-CECA8FD656E0}.Debug|Mixed Platforms.ActiveCfg = Debug|Any CPU
		{B26AA333-051A-4C11-B6CD-CECA8FD656E0}.Debug|Mixed Platforms.Build.0 = Debug|Any CPU
		{B26AA333-051A-4C11-B6CD-CECA8FD656E0}.Debug|x86.ActiveCfg = Debug|Any CPU
		{B26AA333-051A-4C11-B6CD-CECA8FD656E0}.Release|Any CPU.ActiveCfg = Release|Any CPU
		{B26AA333-051A-4C11-B6CD-CECA8FD656E0}.Release|Any CPU.Build.0 = Release|Any CPU
		{B26AA333-051A-4C11-B6CD-CECA8FD656E0}.Release|Mixed Platforms.ActiveCfg = Release|Any CPU
		{B26AA333-051A-4C11-B6CD-CECA8FD656E0}.Release|Mixed Platforms.Build.0 = Release|Any CPU
		{B26AA333-051A-4C11-B6CD-CECA8FD656E0}.Release|x86.ActiveCfg = Release|Any CPU
		{F98BA3D0-FA49-4A3E-849F-27C302999B58}.Debug|Any CPU.ActiveCfg = Debug|Any CPU
		{F98BA3D0-FA49-4A3E-849F-27C302999B58}.Debug|Any CPU.Build.0 = Debug|Any CPU
		{F98BA3D0-FA49-4A3E-849F-27C302999B58}.Debug|Mixed Platforms.ActiveCfg = Debug|Any CPU
		{F98BA3D0-FA49-4A3E-849F-27C302999B58}.Debug|Mixed Platforms.Build.0 = Debug|Any CPU
		{F98BA3D0-FA49-4A3E-849F-27C302999B58}.Debug|x86.ActiveCfg = Debug|Any CPU
		{F98BA3D0-FA49-4A3E-849F-27C302999B58}.Release|Any CPU.ActiveCfg = Release|Any CPU
		{F98BA3D0-FA49-4A3E-849F-27C302999B58}.Release|Any CPU.Build.0 = Release|Any CPU
		{F98BA3D0-FA49-4A3E-849F-27C302999B58}.Release|Mixed Platforms.ActiveCfg = Release|Any CPU
		{F98BA3D0-FA49-4A3E-849F-27C302999B58}.Release|Mixed Platforms.Build.0 = Release|Any CPU
		{F98BA3D0-FA49-4A3E-849F-27C302999B58}.Release|x86.ActiveCfg = Release|Any CPU
		{ED7E8F67-BDA1-4613-8275-E8D94888803F}.Debug|Any CPU.ActiveCfg = Debug|Any CPU
		{ED7E8F67-BDA1-4613-8275-E8D94888803F}.Debug|Any CPU.Build.0 = Debug|Any CPU
		{ED7E8F67-BDA1-4613-8275-E8D94888803F}.Debug|Mixed Platforms.ActiveCfg = Debug|Any CPU
		{ED7E8F67-BDA1-4613-8275-E8D94888803F}.Debug|Mixed Platforms.Build.0 = Debug|Any CPU
		{ED7E8F67-BDA1-4613-8275-E8D94888803F}.Debug|x86.ActiveCfg = Debug|Any CPU
		{ED7E8F67-BDA1-4613-8275-E8D94888803F}.Release|Any CPU.ActiveCfg = Release|Any CPU
		{ED7E8F67-BDA1-4613-8275-E8D94888803F}.Release|Any CPU.Build.0 = Release|Any CPU
		{ED7E8F67-BDA1-4613-8275-E8D94888803F}.Release|Mixed Platforms.ActiveCfg = Release|Any CPU
		{ED7E8F67-BDA1-4613-8275-E8D94888803F}.Release|Mixed Platforms.Build.0 = Release|Any CPU
		{ED7E8F67-BDA1-4613-8275-E8D94888803F}.Release|x86.ActiveCfg = Release|Any CPU
		{EE5023DC-A20F-4358-9DF1-7D69BB1C322E}.Debug|Any CPU.ActiveCfg = Debug|Any CPU
		{EE5023DC-A20F-4358-9DF1-7D69BB1C322E}.Debug|Any CPU.Build.0 = Debug|Any CPU
		{EE5023DC-A20F-4358-9DF1-7D69BB1C322E}.Debug|Mixed Platforms.ActiveCfg = Debug|Any CPU
		{EE5023DC-A20F-4358-9DF1-7D69BB1C322E}.Debug|Mixed Platforms.Build.0 = Debug|Any CPU
		{EE5023DC-A20F-4358-9DF1-7D69BB1C322E}.Debug|x86.ActiveCfg = Debug|Any CPU
		{EE5023DC-A20F-4358-9DF1-7D69BB1C322E}.Release|Any CPU.ActiveCfg = Release|Any CPU
		{EE5023DC-A20F-4358-9DF1-7D69BB1C322E}.Release|Any CPU.Build.0 = Release|Any CPU
		{EE5023DC-A20F-4358-9DF1-7D69BB1C322E}.Release|Mixed Platforms.ActiveCfg = Release|Any CPU
		{EE5023DC-A20F-4358-9DF1-7D69BB1C322E}.Release|Mixed Platforms.Build.0 = Release|Any CPU
		{EE5023DC-A20F-4358-9DF1-7D69BB1C322E}.Release|x86.ActiveCfg = Release|Any CPU
		{572A308B-634F-48CF-926D-CFEFB8D00C46}.Debug|Any CPU.ActiveCfg = Debug|Any CPU
		{572A308B-634F-48CF-926D-CFEFB8D00C46}.Debug|Any CPU.Build.0 = Debug|Any CPU
		{572A308B-634F-48CF-926D-CFEFB8D00C46}.Debug|Mixed Platforms.ActiveCfg = Debug|Any CPU
		{572A308B-634F-48CF-926D-CFEFB8D00C46}.Debug|Mixed Platforms.Build.0 = Debug|Any CPU
		{572A308B-634F-48CF-926D-CFEFB8D00C46}.Debug|x86.ActiveCfg = Debug|Any CPU
		{572A308B-634F-48CF-926D-CFEFB8D00C46}.Release|Any CPU.ActiveCfg = Release|Any CPU
		{572A308B-634F-48CF-926D-CFEFB8D00C46}.Release|Any CPU.Build.0 = Release|Any CPU
		{572A308B-634F-48CF-926D-CFEFB8D00C46}.Release|Mixed Platforms.ActiveCfg = Release|Any CPU
		{572A308B-634F-48CF-926D-CFEFB8D00C46}.Release|Mixed Platforms.Build.0 = Release|Any CPU
		{572A308B-634F-48CF-926D-CFEFB8D00C46}.Release|x86.ActiveCfg = Release|Any CPU
		{43781FA6-57B5-4EF1-A4C4-4900613BDE77}.Debug|Any CPU.ActiveCfg = Debug|Any CPU
		{43781FA6-57B5-4EF1-A4C4-4900613BDE77}.Debug|Any CPU.Build.0 = Debug|Any CPU
		{43781FA6-57B5-4EF1-A4C4-4900613BDE77}.Debug|Mixed Platforms.ActiveCfg = Debug|Any CPU
		{43781FA6-57B5-4EF1-A4C4-4900613BDE77}.Debug|Mixed Platforms.Build.0 = Debug|Any CPU
		{43781FA6-57B5-4EF1-A4C4-4900613BDE77}.Debug|x86.ActiveCfg = Debug|Any CPU
		{43781FA6-57B5-4EF1-A4C4-4900613BDE77}.Release|Any CPU.ActiveCfg = Release|Any CPU
		{43781FA6-57B5-4EF1-A4C4-4900613BDE77}.Release|Any CPU.Build.0 = Release|Any CPU
		{43781FA6-57B5-4EF1-A4C4-4900613BDE77}.Release|Mixed Platforms.ActiveCfg = Release|Any CPU
		{43781FA6-57B5-4EF1-A4C4-4900613BDE77}.Release|Mixed Platforms.Build.0 = Release|Any CPU
		{43781FA6-57B5-4EF1-A4C4-4900613BDE77}.Release|x86.ActiveCfg = Release|Any CPU
		{A0676126-F911-47FE-9BBC-4E0350BCCA9E}.Debug|Any CPU.ActiveCfg = Debug|Any CPU
		{A0676126-F911-47FE-9BBC-4E0350BCCA9E}.Debug|Any CPU.Build.0 = Debug|Any CPU
		{A0676126-F911-47FE-9BBC-4E0350BCCA9E}.Debug|Mixed Platforms.ActiveCfg = Debug|Any CPU
		{A0676126-F911-47FE-9BBC-4E0350BCCA9E}.Debug|Mixed Platforms.Build.0 = Debug|Any CPU
		{A0676126-F911-47FE-9BBC-4E0350BCCA9E}.Debug|x86.ActiveCfg = Debug|Any CPU
		{A0676126-F911-47FE-9BBC-4E0350BCCA9E}.Release|Any CPU.ActiveCfg = Release|Any CPU
		{A0676126-F911-47FE-9BBC-4E0350BCCA9E}.Release|Any CPU.Build.0 = Release|Any CPU
		{A0676126-F911-47FE-9BBC-4E0350BCCA9E}.Release|Mixed Platforms.ActiveCfg = Release|Any CPU
		{A0676126-F911-47FE-9BBC-4E0350BCCA9E}.Release|Mixed Platforms.Build.0 = Release|Any CPU
		{A0676126-F911-47FE-9BBC-4E0350BCCA9E}.Release|x86.ActiveCfg = Release|Any CPU
		{C552DD3D-3738-4194-95F3-5A988E7D4647}.Debug|Any CPU.ActiveCfg = Debug|Any CPU
		{C552DD3D-3738-4194-95F3-5A988E7D4647}.Debug|Any CPU.Build.0 = Debug|Any CPU
		{C552DD3D-3738-4194-95F3-5A988E7D4647}.Debug|Mixed Platforms.ActiveCfg = Debug|Any CPU
		{C552DD3D-3738-4194-95F3-5A988E7D4647}.Debug|Mixed Platforms.Build.0 = Debug|Any CPU
		{C552DD3D-3738-4194-95F3-5A988E7D4647}.Debug|x86.ActiveCfg = Debug|Any CPU
		{C552DD3D-3738-4194-95F3-5A988E7D4647}.Release|Any CPU.ActiveCfg = Release|Any CPU
		{C552DD3D-3738-4194-95F3-5A988E7D4647}.Release|Any CPU.Build.0 = Release|Any CPU
		{C552DD3D-3738-4194-95F3-5A988E7D4647}.Release|Mixed Platforms.ActiveCfg = Release|Any CPU
		{C552DD3D-3738-4194-95F3-5A988E7D4647}.Release|Mixed Platforms.Build.0 = Release|Any CPU
		{C552DD3D-3738-4194-95F3-5A988E7D4647}.Release|x86.ActiveCfg = Release|Any CPU
		{7CDFD09D-B156-483E-8969-E38926629CC4}.Debug|Any CPU.ActiveCfg = Debug|Any CPU
		{7CDFD09D-B156-483E-8969-E38926629CC4}.Debug|Any CPU.Build.0 = Debug|Any CPU
		{7CDFD09D-B156-483E-8969-E38926629CC4}.Debug|Mixed Platforms.ActiveCfg = Debug|Any CPU
		{7CDFD09D-B156-483E-8969-E38926629CC4}.Debug|Mixed Platforms.Build.0 = Debug|Any CPU
		{7CDFD09D-B156-483E-8969-E38926629CC4}.Debug|x86.ActiveCfg = Debug|Any CPU
		{7CDFD09D-B156-483E-8969-E38926629CC4}.Release|Any CPU.ActiveCfg = Release|Any CPU
		{7CDFD09D-B156-483E-8969-E38926629CC4}.Release|Any CPU.Build.0 = Release|Any CPU
		{7CDFD09D-B156-483E-8969-E38926629CC4}.Release|Mixed Platforms.ActiveCfg = Release|Any CPU
		{7CDFD09D-B156-483E-8969-E38926629CC4}.Release|Mixed Platforms.Build.0 = Release|Any CPU
		{7CDFD09D-B156-483E-8969-E38926629CC4}.Release|x86.ActiveCfg = Release|Any CPU
		{2BF0E626-BC3B-4E21-95BB-C429B91E7418}.Debug|Any CPU.ActiveCfg = Debug|Any CPU
		{2BF0E626-BC3B-4E21-95BB-C429B91E7418}.Debug|Any CPU.Build.0 = Debug|Any CPU
		{2BF0E626-BC3B-4E21-95BB-C429B91E7418}.Debug|Mixed Platforms.ActiveCfg = Debug|Any CPU
		{2BF0E626-BC3B-4E21-95BB-C429B91E7418}.Debug|Mixed Platforms.Build.0 = Debug|Any CPU
		{2BF0E626-BC3B-4E21-95BB-C429B91E7418}.Debug|x86.ActiveCfg = Debug|Any CPU
		{2BF0E626-BC3B-4E21-95BB-C429B91E7418}.Release|Any CPU.ActiveCfg = Release|Any CPU
		{2BF0E626-BC3B-4E21-95BB-C429B91E7418}.Release|Any CPU.Build.0 = Release|Any CPU
		{2BF0E626-BC3B-4E21-95BB-C429B91E7418}.Release|Mixed Platforms.ActiveCfg = Release|Any CPU
		{2BF0E626-BC3B-4E21-95BB-C429B91E7418}.Release|Mixed Platforms.Build.0 = Release|Any CPU
		{2BF0E626-BC3B-4E21-95BB-C429B91E7418}.Release|x86.ActiveCfg = Release|Any CPU
		{A9347E3A-E64D-4D1F-96A4-561291C862AF}.Debug|Any CPU.ActiveCfg = Debug|Any CPU
		{A9347E3A-E64D-4D1F-96A4-561291C862AF}.Debug|Any CPU.Build.0 = Debug|Any CPU
		{A9347E3A-E64D-4D1F-96A4-561291C862AF}.Debug|Mixed Platforms.ActiveCfg = Debug|Any CPU
		{A9347E3A-E64D-4D1F-96A4-561291C862AF}.Debug|Mixed Platforms.Build.0 = Debug|Any CPU
		{A9347E3A-E64D-4D1F-96A4-561291C862AF}.Debug|x86.ActiveCfg = Debug|Any CPU
		{A9347E3A-E64D-4D1F-96A4-561291C862AF}.Release|Any CPU.ActiveCfg = Release|Any CPU
		{A9347E3A-E64D-4D1F-96A4-561291C862AF}.Release|Any CPU.Build.0 = Release|Any CPU
		{A9347E3A-E64D-4D1F-96A4-561291C862AF}.Release|Mixed Platforms.ActiveCfg = Release|Any CPU
		{A9347E3A-E64D-4D1F-96A4-561291C862AF}.Release|Mixed Platforms.Build.0 = Release|Any CPU
		{A9347E3A-E64D-4D1F-96A4-561291C862AF}.Release|x86.ActiveCfg = Release|Any CPU
		{8A37AACE-D5DB-429A-BF65-A4EE31ECDC3B}.Debug|Any CPU.ActiveCfg = Debug|Any CPU
		{8A37AACE-D5DB-429A-BF65-A4EE31ECDC3B}.Debug|Any CPU.Build.0 = Debug|Any CPU
		{8A37AACE-D5DB-429A-BF65-A4EE31ECDC3B}.Debug|Mixed Platforms.ActiveCfg = Debug|Any CPU
		{8A37AACE-D5DB-429A-BF65-A4EE31ECDC3B}.Debug|Mixed Platforms.Build.0 = Debug|Any CPU
		{8A37AACE-D5DB-429A-BF65-A4EE31ECDC3B}.Debug|x86.ActiveCfg = Debug|Any CPU
		{8A37AACE-D5DB-429A-BF65-A4EE31ECDC3B}.Release|Any CPU.ActiveCfg = Release|Any CPU
		{8A37AACE-D5DB-429A-BF65-A4EE31ECDC3B}.Release|Any CPU.Build.0 = Release|Any CPU
		{8A37AACE-D5DB-429A-BF65-A4EE31ECDC3B}.Release|Mixed Platforms.ActiveCfg = Release|Any CPU
		{8A37AACE-D5DB-429A-BF65-A4EE31ECDC3B}.Release|Mixed Platforms.Build.0 = Release|Any CPU
		{8A37AACE-D5DB-429A-BF65-A4EE31ECDC3B}.Release|x86.ActiveCfg = Release|Any CPU
		{978DED21-7A67-4AC9-AC8E-5C7EBF028E1F}.Debug|Any CPU.ActiveCfg = Debug|Any CPU
		{978DED21-7A67-4AC9-AC8E-5C7EBF028E1F}.Debug|Any CPU.Build.0 = Debug|Any CPU
		{978DED21-7A67-4AC9-AC8E-5C7EBF028E1F}.Debug|Mixed Platforms.ActiveCfg = Debug|Any CPU
		{978DED21-7A67-4AC9-AC8E-5C7EBF028E1F}.Debug|Mixed Platforms.Build.0 = Debug|Any CPU
		{978DED21-7A67-4AC9-AC8E-5C7EBF028E1F}.Debug|x86.ActiveCfg = Debug|Any CPU
		{978DED21-7A67-4AC9-AC8E-5C7EBF028E1F}.Release|Any CPU.ActiveCfg = Release|Any CPU
		{978DED21-7A67-4AC9-AC8E-5C7EBF028E1F}.Release|Any CPU.Build.0 = Release|Any CPU
		{978DED21-7A67-4AC9-AC8E-5C7EBF028E1F}.Release|Mixed Platforms.ActiveCfg = Release|Any CPU
		{978DED21-7A67-4AC9-AC8E-5C7EBF028E1F}.Release|Mixed Platforms.Build.0 = Release|Any CPU
		{978DED21-7A67-4AC9-AC8E-5C7EBF028E1F}.Release|x86.ActiveCfg = Release|Any CPU
		{EC8CFE31-4931-4EB0-B4CB-F19E1DD6017A}.Debug|Any CPU.ActiveCfg = Debug|Any CPU
		{EC8CFE31-4931-4EB0-B4CB-F19E1DD6017A}.Debug|Any CPU.Build.0 = Debug|Any CPU
		{EC8CFE31-4931-4EB0-B4CB-F19E1DD6017A}.Debug|Any CPU.Deploy.0 = Debug|Any CPU
		{EC8CFE31-4931-4EB0-B4CB-F19E1DD6017A}.Debug|Mixed Platforms.ActiveCfg = Debug|Any CPU
		{EC8CFE31-4931-4EB0-B4CB-F19E1DD6017A}.Debug|Mixed Platforms.Build.0 = Debug|Any CPU
		{EC8CFE31-4931-4EB0-B4CB-F19E1DD6017A}.Debug|Mixed Platforms.Deploy.0 = Debug|Any CPU
		{EC8CFE31-4931-4EB0-B4CB-F19E1DD6017A}.Debug|x86.ActiveCfg = Debug|Any CPU
		{EC8CFE31-4931-4EB0-B4CB-F19E1DD6017A}.Release|Any CPU.ActiveCfg = Release|Any CPU
		{EC8CFE31-4931-4EB0-B4CB-F19E1DD6017A}.Release|Any CPU.Build.0 = Release|Any CPU
		{EC8CFE31-4931-4EB0-B4CB-F19E1DD6017A}.Release|Any CPU.Deploy.0 = Release|Any CPU
		{EC8CFE31-4931-4EB0-B4CB-F19E1DD6017A}.Release|Mixed Platforms.ActiveCfg = Release|Any CPU
		{EC8CFE31-4931-4EB0-B4CB-F19E1DD6017A}.Release|Mixed Platforms.Build.0 = Release|Any CPU
		{EC8CFE31-4931-4EB0-B4CB-F19E1DD6017A}.Release|Mixed Platforms.Deploy.0 = Release|Any CPU
		{EC8CFE31-4931-4EB0-B4CB-F19E1DD6017A}.Release|x86.ActiveCfg = Release|Any CPU
		{BB3E3F06-F484-4656-957E-2875781B5541}.Debug|Any CPU.ActiveCfg = Debug|Any CPU
		{BB3E3F06-F484-4656-957E-2875781B5541}.Debug|Any CPU.Build.0 = Debug|Any CPU
		{BB3E3F06-F484-4656-957E-2875781B5541}.Debug|Any CPU.Deploy.0 = Debug|Any CPU
		{BB3E3F06-F484-4656-957E-2875781B5541}.Debug|Mixed Platforms.ActiveCfg = Debug|Any CPU
		{BB3E3F06-F484-4656-957E-2875781B5541}.Debug|Mixed Platforms.Build.0 = Debug|Any CPU
		{BB3E3F06-F484-4656-957E-2875781B5541}.Debug|Mixed Platforms.Deploy.0 = Debug|Any CPU
		{BB3E3F06-F484-4656-957E-2875781B5541}.Debug|x86.ActiveCfg = Debug|Any CPU
		{BB3E3F06-F484-4656-957E-2875781B5541}.Release|Any CPU.ActiveCfg = Release|Any CPU
		{BB3E3F06-F484-4656-957E-2875781B5541}.Release|Any CPU.Build.0 = Release|Any CPU
		{BB3E3F06-F484-4656-957E-2875781B5541}.Release|Any CPU.Deploy.0 = Release|Any CPU
		{BB3E3F06-F484-4656-957E-2875781B5541}.Release|Mixed Platforms.ActiveCfg = Release|Any CPU
		{BB3E3F06-F484-4656-957E-2875781B5541}.Release|Mixed Platforms.Build.0 = Release|Any CPU
		{BB3E3F06-F484-4656-957E-2875781B5541}.Release|Mixed Platforms.Deploy.0 = Release|Any CPU
		{BB3E3F06-F484-4656-957E-2875781B5541}.Release|x86.ActiveCfg = Release|Any CPU
		{55FBFD26-44B9-46BA-B1B7-624C2EF06EE2}.Debug|Any CPU.ActiveCfg = Debug|Any CPU
		{55FBFD26-44B9-46BA-B1B7-624C2EF06EE2}.Debug|Any CPU.Build.0 = Debug|Any CPU
		{55FBFD26-44B9-46BA-B1B7-624C2EF06EE2}.Debug|Any CPU.Deploy.0 = Debug|Any CPU
		{55FBFD26-44B9-46BA-B1B7-624C2EF06EE2}.Debug|Mixed Platforms.ActiveCfg = Debug|Any CPU
		{55FBFD26-44B9-46BA-B1B7-624C2EF06EE2}.Debug|Mixed Platforms.Build.0 = Debug|Any CPU
		{55FBFD26-44B9-46BA-B1B7-624C2EF06EE2}.Debug|Mixed Platforms.Deploy.0 = Debug|Any CPU
		{55FBFD26-44B9-46BA-B1B7-624C2EF06EE2}.Debug|x86.ActiveCfg = Debug|Any CPU
		{55FBFD26-44B9-46BA-B1B7-624C2EF06EE2}.Release|Any CPU.ActiveCfg = Release|Any CPU
		{55FBFD26-44B9-46BA-B1B7-624C2EF06EE2}.Release|Any CPU.Build.0 = Release|Any CPU
		{55FBFD26-44B9-46BA-B1B7-624C2EF06EE2}.Release|Any CPU.Deploy.0 = Release|Any CPU
		{55FBFD26-44B9-46BA-B1B7-624C2EF06EE2}.Release|Mixed Platforms.ActiveCfg = Release|Any CPU
		{55FBFD26-44B9-46BA-B1B7-624C2EF06EE2}.Release|Mixed Platforms.Build.0 = Release|Any CPU
		{55FBFD26-44B9-46BA-B1B7-624C2EF06EE2}.Release|Mixed Platforms.Deploy.0 = Release|Any CPU
		{55FBFD26-44B9-46BA-B1B7-624C2EF06EE2}.Release|x86.ActiveCfg = Release|Any CPU
		{14ECEEC4-8D8E-414D-A76C-6E167544E9BC}.Debug|Any CPU.ActiveCfg = Debug|Any CPU
		{14ECEEC4-8D8E-414D-A76C-6E167544E9BC}.Debug|Any CPU.Build.0 = Debug|Any CPU
		{14ECEEC4-8D8E-414D-A76C-6E167544E9BC}.Debug|Any CPU.Deploy.0 = Debug|Any CPU
		{14ECEEC4-8D8E-414D-A76C-6E167544E9BC}.Debug|Mixed Platforms.ActiveCfg = Debug|Any CPU
		{14ECEEC4-8D8E-414D-A76C-6E167544E9BC}.Debug|Mixed Platforms.Build.0 = Debug|Any CPU
		{14ECEEC4-8D8E-414D-A76C-6E167544E9BC}.Debug|Mixed Platforms.Deploy.0 = Debug|Any CPU
		{14ECEEC4-8D8E-414D-A76C-6E167544E9BC}.Debug|x86.ActiveCfg = Debug|Any CPU
		{14ECEEC4-8D8E-414D-A76C-6E167544E9BC}.Release|Any CPU.ActiveCfg = Release|Any CPU
		{14ECEEC4-8D8E-414D-A76C-6E167544E9BC}.Release|Any CPU.Build.0 = Release|Any CPU
		{14ECEEC4-8D8E-414D-A76C-6E167544E9BC}.Release|Any CPU.Deploy.0 = Release|Any CPU
		{14ECEEC4-8D8E-414D-A76C-6E167544E9BC}.Release|Mixed Platforms.ActiveCfg = Release|Any CPU
		{14ECEEC4-8D8E-414D-A76C-6E167544E9BC}.Release|Mixed Platforms.Build.0 = Release|Any CPU
		{14ECEEC4-8D8E-414D-A76C-6E167544E9BC}.Release|Mixed Platforms.Deploy.0 = Release|Any CPU
		{14ECEEC4-8D8E-414D-A76C-6E167544E9BC}.Release|x86.ActiveCfg = Release|Any CPU
		{A930EA9C-E451-4B80-ACE3-B1D79DF8D37F}.Debug|Any CPU.ActiveCfg = Debug|Any CPU
		{A930EA9C-E451-4B80-ACE3-B1D79DF8D37F}.Debug|Any CPU.Build.0 = Debug|Any CPU
		{A930EA9C-E451-4B80-ACE3-B1D79DF8D37F}.Debug|Any CPU.Deploy.0 = Debug|Any CPU
		{A930EA9C-E451-4B80-ACE3-B1D79DF8D37F}.Debug|Mixed Platforms.ActiveCfg = Debug|Any CPU
		{A930EA9C-E451-4B80-ACE3-B1D79DF8D37F}.Debug|Mixed Platforms.Build.0 = Debug|Any CPU
		{A930EA9C-E451-4B80-ACE3-B1D79DF8D37F}.Debug|Mixed Platforms.Deploy.0 = Debug|Any CPU
		{A930EA9C-E451-4B80-ACE3-B1D79DF8D37F}.Debug|x86.ActiveCfg = Debug|Any CPU
		{A930EA9C-E451-4B80-ACE3-B1D79DF8D37F}.Release|Any CPU.ActiveCfg = Release|Any CPU
		{A930EA9C-E451-4B80-ACE3-B1D79DF8D37F}.Release|Any CPU.Build.0 = Release|Any CPU
		{A930EA9C-E451-4B80-ACE3-B1D79DF8D37F}.Release|Any CPU.Deploy.0 = Release|Any CPU
		{A930EA9C-E451-4B80-ACE3-B1D79DF8D37F}.Release|Mixed Platforms.ActiveCfg = Release|Any CPU
		{A930EA9C-E451-4B80-ACE3-B1D79DF8D37F}.Release|Mixed Platforms.Build.0 = Release|Any CPU
		{A930EA9C-E451-4B80-ACE3-B1D79DF8D37F}.Release|Mixed Platforms.Deploy.0 = Release|Any CPU
		{A930EA9C-E451-4B80-ACE3-B1D79DF8D37F}.Release|x86.ActiveCfg = Release|Any CPU
		{8B90F841-593E-4C42-BE9E-F39082A141DA}.Debug|Any CPU.ActiveCfg = Debug|Any CPU
		{8B90F841-593E-4C42-BE9E-F39082A141DA}.Debug|Any CPU.Build.0 = Debug|Any CPU
		{8B90F841-593E-4C42-BE9E-F39082A141DA}.Debug|Mixed Platforms.ActiveCfg = Debug|Any CPU
		{8B90F841-593E-4C42-BE9E-F39082A141DA}.Debug|Mixed Platforms.Build.0 = Debug|Any CPU
		{8B90F841-593E-4C42-BE9E-F39082A141DA}.Debug|x86.ActiveCfg = Debug|Any CPU
		{8B90F841-593E-4C42-BE9E-F39082A141DA}.Release|Any CPU.ActiveCfg = Release|Any CPU
		{8B90F841-593E-4C42-BE9E-F39082A141DA}.Release|Any CPU.Build.0 = Release|Any CPU
		{8B90F841-593E-4C42-BE9E-F39082A141DA}.Release|Mixed Platforms.ActiveCfg = Release|Any CPU
		{8B90F841-593E-4C42-BE9E-F39082A141DA}.Release|Mixed Platforms.Build.0 = Release|Any CPU
		{8B90F841-593E-4C42-BE9E-F39082A141DA}.Release|x86.ActiveCfg = Release|Any CPU
		{A8924F0B-097B-4B9E-B73B-241A8B01E568}.Debug|Any CPU.ActiveCfg = Debug|Any CPU
		{A8924F0B-097B-4B9E-B73B-241A8B01E568}.Debug|Any CPU.Build.0 = Debug|Any CPU
		{A8924F0B-097B-4B9E-B73B-241A8B01E568}.Debug|Mixed Platforms.ActiveCfg = Debug|Any CPU
		{A8924F0B-097B-4B9E-B73B-241A8B01E568}.Debug|Mixed Platforms.Build.0 = Debug|Any CPU
		{A8924F0B-097B-4B9E-B73B-241A8B01E568}.Debug|x86.ActiveCfg = Debug|Any CPU
		{A8924F0B-097B-4B9E-B73B-241A8B01E568}.Release|Any CPU.ActiveCfg = Release|Any CPU
		{A8924F0B-097B-4B9E-B73B-241A8B01E568}.Release|Any CPU.Build.0 = Release|Any CPU
		{A8924F0B-097B-4B9E-B73B-241A8B01E568}.Release|Mixed Platforms.ActiveCfg = Release|Any CPU
		{A8924F0B-097B-4B9E-B73B-241A8B01E568}.Release|Mixed Platforms.Build.0 = Release|Any CPU
		{A8924F0B-097B-4B9E-B73B-241A8B01E568}.Release|x86.ActiveCfg = Release|Any CPU
	EndGlobalSection
	GlobalSection(SolutionProperties) = preSolution
		HideSolutionNode = FALSE
	EndGlobalSection
	GlobalSection(NestedProjects) = preSolution
		{C552DD3D-3738-4194-95F3-5A988E7D4647} = {77AAA99A-22B2-4671-B4CA-703B681A7BDF}
		{7CDFD09D-B156-483E-8969-E38926629CC4} = {77AAA99A-22B2-4671-B4CA-703B681A7BDF}
		{B26AA333-051A-4C11-B6CD-CECA8FD656E0} = {77AAA99A-22B2-4671-B4CA-703B681A7BDF}
		{A9347E3A-E64D-4D1F-96A4-561291C862AF} = {E5BC5695-70DB-4089-966B-A3D0DE48857B}
		{8A37AACE-D5DB-429A-BF65-A4EE31ECDC3B} = {E5BC5695-70DB-4089-966B-A3D0DE48857B}
		{978DED21-7A67-4AC9-AC8E-5C7EBF028E1F} = {E5BC5695-70DB-4089-966B-A3D0DE48857B}
		{EC8CFE31-4931-4EB0-B4CB-F19E1DD6017A} = {E5BC5695-70DB-4089-966B-A3D0DE48857B}
		{BB3E3F06-F484-4656-957E-2875781B5541} = {E5BC5695-70DB-4089-966B-A3D0DE48857B}
		{55FBFD26-44B9-46BA-B1B7-624C2EF06EE2} = {E5BC5695-70DB-4089-966B-A3D0DE48857B}
		{14ECEEC4-8D8E-414D-A76C-6E167544E9BC} = {E5BC5695-70DB-4089-966B-A3D0DE48857B}
		{A930EA9C-E451-4B80-ACE3-B1D79DF8D37F} = {E5BC5695-70DB-4089-966B-A3D0DE48857B}
		{8B90F841-593E-4C42-BE9E-F39082A141DA} = {E5BC5695-70DB-4089-966B-A3D0DE48857B}
	EndGlobalSection
EndGlobal
