
Microsoft Visual Studio Solution File, Format Version 11.00
# Visual Studio 2010
Project("{2150E333-8FDC-42A3-9474-1A3956D46DE8}") = "Build", "Build", "{845AC73C-EACC-4F7C-A9DC-251F09E55708}"
	ProjectSection(SolutionItems) = preProject
		build.xml = build.xml
		CIAPI.CS.nunit = CIAPI.CS.nunit
		Package.CIAPI.nuspec = Package.CIAPI.nuspec
		Package.JsonClient.nuspec = Package.JsonClient.nuspec
		PartCover4.settings.xml = PartCover4.settings.xml
	EndProjectSection
EndProject
Project("{2150E333-8FDC-42A3-9474-1A3956D46DE8}") = "SampleApps", "SampleApps", "{358F3488-9C36-4B4C-B593-1A21D1B18E35}"
EndProject
Project("{FAE04EC0-301F-11D3-BF4B-00C04F79EFBC}") = "JsonClient", "JsonClient\JsonClient.csproj", "{D80E56C8-8DD6-4911-9A99-F534C9497D6A}"
EndProject
Project("{FAE04EC0-301F-11D3-BF4B-00C04F79EFBC}") = "JsonClient.Phone7", "JsonClient.Phone7\JsonClient.Phone7.csproj", "{DB3089D5-44AC-441C-845C-3596C21C5E34}"
EndProject
Project("{FAE04EC0-301F-11D3-BF4B-00C04F79EFBC}") = "JsonClient.Silverlight", "JsonClient.Silverlight\JsonClient.Silverlight.csproj", "{0156697E-DEFE-47CF-9EB0-11F120780356}"
EndProject
Project("{FAE04EC0-301F-11D3-BF4B-00C04F79EFBC}") = "JsonClient.Tests", "JsonClient.Tests\JsonClient.Tests.csproj", "{F7A7B1F6-6548-4388-B62D-32F034FC7462}"
EndProject
Project("{FAE04EC0-301F-11D3-BF4B-00C04F79EFBC}") = "JsonClient.Silverlight.Tests", "JsonClient.Silverlight.Tests\JsonClient.Silverlight.Tests.csproj", "{C9368100-CCEB-4140-9C3F-B7C4EECB0E3E}"
EndProject
Project("{2150E333-8FDC-42A3-9474-1A3956D46DE8}") = "Docs", "Docs", "{96966057-1B2F-4775-B363-F6A14D854B1E}"
	ProjectSection(SolutionItems) = preProject
		..\DEV_SETUP.txt = ..\DEV_SETUP.txt
		..\LICENSE.txt = ..\LICENSE.txt
		..\NOTICES.txt = ..\NOTICES.txt
	EndProjectSection
EndProject
Project("{FAE04EC0-301F-11D3-BF4B-00C04F79EFBC}") = "CIAPI", "CIAPI\CIAPI.csproj", "{B40E6F1C-453E-44A2-BA9D-1692378B355C}"
EndProject
Project("{FAE04EC0-301F-11D3-BF4B-00C04F79EFBC}") = "CIAPI.Phone7", "CIAPI.Phone7\CIAPI.Phone7.csproj", "{9E560BF5-A08C-4942-A01B-77C7DF9DB933}"
EndProject
Project("{FAE04EC0-301F-11D3-BF4B-00C04F79EFBC}") = "CIAPI.Silverlight", "CIAPI.Silverlight\CIAPI.Silverlight.csproj", "{B26AA333-051A-4C11-B6CD-CECA8FD656E0}"
EndProject
Project("{FAE04EC0-301F-11D3-BF4B-00C04F79EFBC}") = "CIAPI.Tests", "CIAPI.Tests\CIAPI.Tests.csproj", "{F98BA3D0-FA49-4A3E-849F-27C302999B58}"
EndProject
Project("{2150E333-8FDC-42A3-9474-1A3956D46DE8}") = "Solution Items", "Solution Items", "{3A350E89-DE6D-457A-BC9D-BA04D9874C0C}"
EndProject
Project("{FAE04EC0-301F-11D3-BF4B-00C04F79EFBC}") = "CIAPI.IntegrationTests", "CIAPI.IntegrationTests\CIAPI.IntegrationTests.csproj", "{DF519AB4-10A8-4E8E-9CA9-0A119A8168DC}"
EndProject
Project("{2150E333-8FDC-42A3-9474-1A3956D46DE8}") = "Phone7", "Phone7", "{1A4D2A7C-A13B-4CBE-8181-1CA90628C024}"
EndProject
Project("{2150E333-8FDC-42A3-9474-1A3956D46DE8}") = "Silverlight", "Silverlight", "{EC4E70EE-ED28-48AC-8718-2CBA84FF3C55}"
EndProject
Project("{2150E333-8FDC-42A3-9474-1A3956D46DE8}") = "Soapi", "Soapi", "{655CEC21-8A17-4757-A42B-0EF9F9627E07}"
EndProject
Project("{FAE04EC0-301F-11D3-BF4B-00C04F79EFBC}") = "StreamingClient", "StreamingClient\StreamingClient.csproj", "{EE5023DC-A20F-4358-9DF1-7D69BB1C322E}"
EndProject
Project("{FAE04EC0-301F-11D3-BF4B-00C04F79EFBC}") = "CIAPI.CS.Streaming.Samples", "SampleApps\Silverlight\CIAPI.CS.Streaming.Samples\CIAPI.CS.Streaming.Samples.csproj", "{683AFB5D-FA3E-486B-AFF4-5375F1B24229}"
EndProject
Project("{FAE04EC0-301F-11D3-BF4B-00C04F79EFBC}") = "StreamingClient.Tests", "StreamingClient.Tests\StreamingClient.Tests.csproj", "{60B9417C-4618-4B63-BDA3-A6DBFDFD40D7}"
EndProject
Project("{FAE04EC0-301F-11D3-BF4B-00C04F79EFBC}") = "StreamingClient.Silverlight", "StreamingClient.Silverlight\StreamingClient.Silverlight.csproj", "{C552DD3D-3738-4194-95F3-5A988E7D4647}"
EndProject
Project("{FAE04EC0-301F-11D3-BF4B-00C04F79EFBC}") = "CIAPI.Silverlight.TestsMS", "CIAPI.Silverlight.TestsMS\CIAPI.Silverlight.TestsMS.csproj", "{839B809B-1754-4670-A911-6372881FCC5D}"
EndProject
Project("{FAE04EC0-301F-11D3-BF4B-00C04F79EFBC}") = "CIAPI.Silverlight.TestsMS.Web", "CIAPI.Silverlight.TestsMS.Web\CIAPI.Silverlight.TestsMS.Web.csproj", "{5F9A8527-E473-45D9-822A-ADD5CA3CB67B}"
EndProject
Project("{FAE04EC0-301F-11D3-BF4B-00C04F79EFBC}") = "CIAPI.CS.Koans", "SampleApps\CIAPI.CS.Koans\CIAPI.CS.Koans.csproj", "{A9347E3A-E64D-4D1F-96A4-561291C862AF}"
EndProject
Project("{FAE04EC0-301F-11D3-BF4B-00C04F79EFBC}") = "JsonClient.Tests.Web", "JsonClient.Tests.Web\JsonClient.Tests.Web.csproj", "{B9DBA611-C07D-494E-960F-1FA63F6FE9C9}"
EndProject
Project("{FAE04EC0-301F-11D3-BF4B-00C04F79EFBC}") = "StreamingClient.Phone7", "StreamingClient.Phone7\StreamingClient.Phone7.csproj", "{43781FA6-57B5-4EF1-A4C4-4900613BDE77}"
EndProject
Project("{FAE04EC0-301F-11D3-BF4B-00C04F79EFBC}") = "CodeGenerator", "CodeGenerator\CodeGenerator.csproj", "{ED7E8F67-BDA1-4613-8275-E8D94888803F}"
EndProject
Project("{FAE04EC0-301F-11D3-BF4B-00C04F79EFBC}") = "Phone7Ticker", "SampleApps\Phone7Ticker\Phone7Ticker.csproj", "{55FBFD26-44B9-46BA-B1B7-624C2EF06EE2}"
EndProject
Project("{FAE04EC0-301F-11D3-BF4B-00C04F79EFBC}") = "CIAPI.Phone7.IntegrationTests", "CIAPI.Phone7.IntegrationTests\CIAPI.Phone7.IntegrationTests.csproj", "{B8B130E0-56AD-4105-8F57-A44915A273A1}"
EndProject
Project("{FAE04EC0-301F-11D3-BF4B-00C04F79EFBC}") = "JsonClient-3.5", "JsonClient-3.5\JsonClient-3.5.csproj", "{61F852E9-187A-4ACC-94DC-7943DE8F8F72}"
EndProject
Project("{FAE04EC0-301F-11D3-BF4B-00C04F79EFBC}") = "StreamingClient-3.5", "StreamingClient-3.5\StreamingClient-3.5.csproj", "{2BF0E626-BC3B-4E21-95BB-C429B91E7418}"
EndProject
Project("{FAE04EC0-301F-11D3-BF4B-00C04F79EFBC}") = "CIAPI-3.5", "CIAPI-3.5\CIAPI-3.5.csproj", "{95565B7D-B3E4-4BFF-AEA2-20CCABD9CD31}"
EndProject
Project("{FAE04EC0-301F-11D3-BF4B-00C04F79EFBC}") = "CIAPI.IntegrationTests-3.5", "CIAPI.IntegrationTests-3.5\CIAPI.IntegrationTests-3.5.csproj", "{A0E4B915-BAE8-4CF0-9B1A-10DFFD887C5A}"
EndProject
Project("{2150E333-8FDC-42A3-9474-1A3956D46DE8}") = "Net40", "Net40", "{F9D69E13-F461-4A31-A753-F97DDF8947F5}"
EndProject
Project("{2150E333-8FDC-42A3-9474-1A3956D46DE8}") = "Net35", "Net35", "{AB9CC202-1B84-4BB5-A011-9EB468AE3E33}"
EndProject
Project("{2150E333-8FDC-42A3-9474-1A3956D46DE8}") = "CodeGeneration", "CodeGeneration", "{7E34755B-7CE7-42BC-B2E3-A26A22B7C769}"
EndProject
Project("{2150E333-8FDC-42A3-9474-1A3956D46DE8}") = "Samples", "Samples", "{6D1A3CA7-649A-4BB6-8DB7-85583E6F718C}"
EndProject
Project("{FAE04EC0-301F-11D3-BF4B-00C04F79EFBC}") = "EfficientStreamManagement", "Phone7\Tests And Samples\EfficientStreamManagement\EfficientStreamManagement.csproj", "{EC8CFE31-4931-4EB0-B4CB-F19E1DD6017A}"
EndProject
Project("{2150E333-8FDC-42A3-9474-1A3956D46DE8}") = "Tests", "Tests", "{AE1475D0-F4BA-4919-84F0-AA2CA7CD1E82}"
EndProject
Project("{2150E333-8FDC-42A3-9474-1A3956D46DE8}") = "Samples", "Samples", "{18C1845D-0110-418D-AFAD-AA58841B02FF}"
EndProject
Project("{2150E333-8FDC-42A3-9474-1A3956D46DE8}") = "ReflectiveLoggingAdapter", "ReflectiveLoggingAdapter", "{E0A20FE5-D177-4577-8E67-A5B62E2D331B}"
EndProject
Project("{FAE04EC0-301F-11D3-BF4B-00C04F79EFBC}") = "CityIndex.ReflectiveLoggingAdapter", "ReflectiveLoggingAdapter\Salient.ReflectiveLoggingAdapter\CityIndex.ReflectiveLoggingAdapter.csproj", "{BC595784-3DE8-4F7C-879F-31E6509CADA7}"
EndProject
Project("{FAE04EC0-301F-11D3-BF4B-00C04F79EFBC}") = "CityIndex.ReflectiveLoggingAdapter.Phone7", "ReflectiveLoggingAdapter\Salient.ReflectiveLoggingAdapter.Phone7\CityIndex.ReflectiveLoggingAdapter.Phone7.csproj", "{6DB2C3F7-B230-48C0-8119-D33BAD9C5E0F}"
EndProject
Project("{FAE04EC0-301F-11D3-BF4B-00C04F79EFBC}") = "CityIndex.ReflectiveLoggingAdapter.Silverlight", "ReflectiveLoggingAdapter\Salient.ReflectiveLoggingAdapter.Silverlight\CityIndex.ReflectiveLoggingAdapter.Silverlight.csproj", "{025CEB17-A337-40D1-9619-46A556E54EA2}"
EndProject
Project("{FAE04EC0-301F-11D3-BF4B-00C04F79EFBC}") = "CityIndex.ReflectiveLoggingAdapter.Tests", "ReflectiveLoggingAdapter\Salient.ReflectiveLoggingAdapter.Tests\CityIndex.ReflectiveLoggingAdapter.Tests.csproj", "{4DFC1304-192D-4975-8CF6-01DA8EAB8122}"
EndProject
Project("{FAE04EC0-301F-11D3-BF4B-00C04F79EFBC}") = "CityIndex.ReflectiveLoggingAdapter.Phone7.Tests", "ReflectiveLoggingAdapter\CityIndex.ReflectiveLoggingAdapter.Phone7.Tests\CityIndex.ReflectiveLoggingAdapter.Phone7.Tests.csproj", "{EE40BDB6-6328-441E-9C34-D5BAAA5360F4}"
EndProject
Project("{FAE04EC0-301F-11D3-BF4B-00C04F79EFBC}") = "CityIndex.ReflectiveLoggingAdapter.Silverlight.Tests", "ReflectiveLoggingAdapter\CityIndex.ReflectiveLoggingAdapter.Silverlight.Tests\CityIndex.ReflectiveLoggingAdapter.Silverlight.Tests.csproj", "{5CB2EE8F-4448-4780-811B-8262AD331FFF}"
EndProject
Project("{FAE04EC0-301F-11D3-BF4B-00C04F79EFBC}") = "ClientScopingExample", "SampleApps\ClientScopingExample\ClientScopingExample.csproj", "{8A37AACE-D5DB-429A-BF65-A4EE31ECDC3B}"
EndProject
Project("{FAE04EC0-301F-11D3-BF4B-00C04F79EFBC}") = "UsageExamples", "ReflectiveLoggingAdapter\UsageExamples\UsageExamples.csproj", "{A4DF8509-DBF5-4871-B8EB-F592EC6D0C0B}"
EndProject
Project("{FAE04EC0-301F-11D3-BF4B-00C04F79EFBC}") = "SOAPI2.CS", "SOAPI2.CS\SOAPI2.CS\SOAPI2.CS.csproj", "{7F585323-019F-427C-9298-8DBFD343A6B1}"
EndProject
Project("{FAE04EC0-301F-11D3-BF4B-00C04F79EFBC}") = "SOAPI2.CS.Tests", "SOAPI2.CS\SOAPI2.CS.Tests\SOAPI2.CS.Tests.csproj", "{10CD016A-5398-4534-9053-B3B968DA918A}"
EndProject
Project("{2150E333-8FDC-42A3-9474-1A3956D46DE8}") = "AMEE", "AMEE", "{2B1B0D40-4C49-415F-BF4A-49F2B9FC77B2}"
EndProject
Project("{FAE04EC0-301F-11D3-BF4B-00C04F79EFBC}") = "AMEEClient.CS", "AMEE\AMEEClient.CS\AMEEClient.CS.csproj", "{3D9E5341-E9EC-4408-803B-EFE1690A532D}"
EndProject
Project("{FAE04EC0-301F-11D3-BF4B-00C04F79EFBC}") = "AMEEClient.CS.Tests", "AMEE\AMEEClient.CS.Tests\AMEEClient.CS.Tests.csproj", "{8CB471CD-98DC-477F-8EA6-4A28D239DC81}"
EndProject
Project("{FAE04EC0-301F-11D3-BF4B-00C04F79EFBC}") = "SOAPI2.CS.DocScraper", "SOAPI2.CS\SOAPI2.CS.DocScraper\SOAPI2.CS.DocScraper.csproj", "{EE676C02-BC52-4342-8731-60DFA1E058AD}"
EndProject
Global
	GlobalSection(SolutionConfigurationPlatforms) = preSolution
		Debug|Any CPU = Debug|Any CPU
		Debug|Mixed Platforms = Debug|Mixed Platforms
		Debug|x86 = Debug|x86
		Release|Any CPU = Release|Any CPU
		Release|Mixed Platforms = Release|Mixed Platforms
		Release|x86 = Release|x86
	EndGlobalSection
	GlobalSection(ProjectConfigurationPlatforms) = postSolution
		{D80E56C8-8DD6-4911-9A99-F534C9497D6A}.Debug|Any CPU.ActiveCfg = Debug|Any CPU
		{D80E56C8-8DD6-4911-9A99-F534C9497D6A}.Debug|Any CPU.Build.0 = Debug|Any CPU
		{D80E56C8-8DD6-4911-9A99-F534C9497D6A}.Debug|Mixed Platforms.ActiveCfg = Debug|Any CPU
		{D80E56C8-8DD6-4911-9A99-F534C9497D6A}.Debug|Mixed Platforms.Build.0 = Debug|Any CPU
		{D80E56C8-8DD6-4911-9A99-F534C9497D6A}.Debug|x86.ActiveCfg = Debug|Any CPU
		{D80E56C8-8DD6-4911-9A99-F534C9497D6A}.Release|Any CPU.ActiveCfg = Release|Any CPU
		{D80E56C8-8DD6-4911-9A99-F534C9497D6A}.Release|Any CPU.Build.0 = Release|Any CPU
		{D80E56C8-8DD6-4911-9A99-F534C9497D6A}.Release|Mixed Platforms.ActiveCfg = Release|Any CPU
		{D80E56C8-8DD6-4911-9A99-F534C9497D6A}.Release|Mixed Platforms.Build.0 = Release|Any CPU
		{D80E56C8-8DD6-4911-9A99-F534C9497D6A}.Release|x86.ActiveCfg = Release|Any CPU
		{DB3089D5-44AC-441C-845C-3596C21C5E34}.Debug|Any CPU.ActiveCfg = Debug|Any CPU
		{DB3089D5-44AC-441C-845C-3596C21C5E34}.Debug|Any CPU.Build.0 = Debug|Any CPU
		{DB3089D5-44AC-441C-845C-3596C21C5E34}.Debug|Mixed Platforms.ActiveCfg = Debug|Any CPU
		{DB3089D5-44AC-441C-845C-3596C21C5E34}.Debug|Mixed Platforms.Build.0 = Debug|Any CPU
		{DB3089D5-44AC-441C-845C-3596C21C5E34}.Debug|x86.ActiveCfg = Debug|Any CPU
		{DB3089D5-44AC-441C-845C-3596C21C5E34}.Release|Any CPU.ActiveCfg = Release|Any CPU
		{DB3089D5-44AC-441C-845C-3596C21C5E34}.Release|Any CPU.Build.0 = Release|Any CPU
		{DB3089D5-44AC-441C-845C-3596C21C5E34}.Release|Mixed Platforms.ActiveCfg = Release|Any CPU
		{DB3089D5-44AC-441C-845C-3596C21C5E34}.Release|Mixed Platforms.Build.0 = Release|Any CPU
		{DB3089D5-44AC-441C-845C-3596C21C5E34}.Release|x86.ActiveCfg = Release|Any CPU
		{0156697E-DEFE-47CF-9EB0-11F120780356}.Debug|Any CPU.ActiveCfg = Debug|Any CPU
		{0156697E-DEFE-47CF-9EB0-11F120780356}.Debug|Any CPU.Build.0 = Debug|Any CPU
		{0156697E-DEFE-47CF-9EB0-11F120780356}.Debug|Mixed Platforms.ActiveCfg = Debug|Any CPU
		{0156697E-DEFE-47CF-9EB0-11F120780356}.Debug|Mixed Platforms.Build.0 = Debug|Any CPU
		{0156697E-DEFE-47CF-9EB0-11F120780356}.Debug|x86.ActiveCfg = Debug|Any CPU
		{0156697E-DEFE-47CF-9EB0-11F120780356}.Release|Any CPU.ActiveCfg = Release|Any CPU
		{0156697E-DEFE-47CF-9EB0-11F120780356}.Release|Any CPU.Build.0 = Release|Any CPU
		{0156697E-DEFE-47CF-9EB0-11F120780356}.Release|Mixed Platforms.ActiveCfg = Release|Any CPU
		{0156697E-DEFE-47CF-9EB0-11F120780356}.Release|Mixed Platforms.Build.0 = Release|Any CPU
		{0156697E-DEFE-47CF-9EB0-11F120780356}.Release|x86.ActiveCfg = Release|Any CPU
		{F7A7B1F6-6548-4388-B62D-32F034FC7462}.Debug|Any CPU.ActiveCfg = Debug|Any CPU
		{F7A7B1F6-6548-4388-B62D-32F034FC7462}.Debug|Any CPU.Build.0 = Debug|Any CPU
		{F7A7B1F6-6548-4388-B62D-32F034FC7462}.Debug|Mixed Platforms.ActiveCfg = Debug|Any CPU
		{F7A7B1F6-6548-4388-B62D-32F034FC7462}.Debug|Mixed Platforms.Build.0 = Debug|Any CPU
		{F7A7B1F6-6548-4388-B62D-32F034FC7462}.Debug|x86.ActiveCfg = Debug|Any CPU
		{F7A7B1F6-6548-4388-B62D-32F034FC7462}.Release|Any CPU.ActiveCfg = Release|Any CPU
		{F7A7B1F6-6548-4388-B62D-32F034FC7462}.Release|Any CPU.Build.0 = Release|Any CPU
		{F7A7B1F6-6548-4388-B62D-32F034FC7462}.Release|Mixed Platforms.ActiveCfg = Release|Any CPU
		{F7A7B1F6-6548-4388-B62D-32F034FC7462}.Release|Mixed Platforms.Build.0 = Release|Any CPU
		{F7A7B1F6-6548-4388-B62D-32F034FC7462}.Release|x86.ActiveCfg = Release|Any CPU
		{C9368100-CCEB-4140-9C3F-B7C4EECB0E3E}.Debug|Any CPU.ActiveCfg = Debug|Any CPU
		{C9368100-CCEB-4140-9C3F-B7C4EECB0E3E}.Debug|Any CPU.Build.0 = Debug|Any CPU
		{C9368100-CCEB-4140-9C3F-B7C4EECB0E3E}.Debug|Mixed Platforms.ActiveCfg = Debug|Any CPU
		{C9368100-CCEB-4140-9C3F-B7C4EECB0E3E}.Debug|Mixed Platforms.Build.0 = Debug|Any CPU
		{C9368100-CCEB-4140-9C3F-B7C4EECB0E3E}.Debug|x86.ActiveCfg = Debug|Any CPU
		{C9368100-CCEB-4140-9C3F-B7C4EECB0E3E}.Release|Any CPU.ActiveCfg = Release|Any CPU
		{C9368100-CCEB-4140-9C3F-B7C4EECB0E3E}.Release|Any CPU.Build.0 = Release|Any CPU
		{C9368100-CCEB-4140-9C3F-B7C4EECB0E3E}.Release|Mixed Platforms.ActiveCfg = Release|Any CPU
		{C9368100-CCEB-4140-9C3F-B7C4EECB0E3E}.Release|Mixed Platforms.Build.0 = Release|Any CPU
		{C9368100-CCEB-4140-9C3F-B7C4EECB0E3E}.Release|x86.ActiveCfg = Release|Any CPU
		{B40E6F1C-453E-44A2-BA9D-1692378B355C}.Debug|Any CPU.ActiveCfg = Debug|Any CPU
		{B40E6F1C-453E-44A2-BA9D-1692378B355C}.Debug|Any CPU.Build.0 = Debug|Any CPU
		{B40E6F1C-453E-44A2-BA9D-1692378B355C}.Debug|Mixed Platforms.ActiveCfg = Debug|Any CPU
		{B40E6F1C-453E-44A2-BA9D-1692378B355C}.Debug|Mixed Platforms.Build.0 = Debug|Any CPU
		{B40E6F1C-453E-44A2-BA9D-1692378B355C}.Debug|x86.ActiveCfg = Debug|Any CPU
		{B40E6F1C-453E-44A2-BA9D-1692378B355C}.Release|Any CPU.ActiveCfg = Release|Any CPU
		{B40E6F1C-453E-44A2-BA9D-1692378B355C}.Release|Any CPU.Build.0 = Release|Any CPU
		{B40E6F1C-453E-44A2-BA9D-1692378B355C}.Release|Mixed Platforms.ActiveCfg = Release|Any CPU
		{B40E6F1C-453E-44A2-BA9D-1692378B355C}.Release|Mixed Platforms.Build.0 = Release|Any CPU
		{B40E6F1C-453E-44A2-BA9D-1692378B355C}.Release|x86.ActiveCfg = Release|Any CPU
		{9E560BF5-A08C-4942-A01B-77C7DF9DB933}.Debug|Any CPU.ActiveCfg = Debug|Any CPU
		{9E560BF5-A08C-4942-A01B-77C7DF9DB933}.Debug|Any CPU.Build.0 = Debug|Any CPU
		{9E560BF5-A08C-4942-A01B-77C7DF9DB933}.Debug|Mixed Platforms.ActiveCfg = Debug|Any CPU
		{9E560BF5-A08C-4942-A01B-77C7DF9DB933}.Debug|Mixed Platforms.Build.0 = Debug|Any CPU
		{9E560BF5-A08C-4942-A01B-77C7DF9DB933}.Debug|x86.ActiveCfg = Debug|Any CPU
		{9E560BF5-A08C-4942-A01B-77C7DF9DB933}.Release|Any CPU.ActiveCfg = Release|Any CPU
		{9E560BF5-A08C-4942-A01B-77C7DF9DB933}.Release|Any CPU.Build.0 = Release|Any CPU
		{9E560BF5-A08C-4942-A01B-77C7DF9DB933}.Release|Mixed Platforms.ActiveCfg = Release|Any CPU
		{9E560BF5-A08C-4942-A01B-77C7DF9DB933}.Release|Mixed Platforms.Build.0 = Release|Any CPU
		{9E560BF5-A08C-4942-A01B-77C7DF9DB933}.Release|x86.ActiveCfg = Release|Any CPU
		{B26AA333-051A-4C11-B6CD-CECA8FD656E0}.Debug|Any CPU.ActiveCfg = Debug|Any CPU
		{B26AA333-051A-4C11-B6CD-CECA8FD656E0}.Debug|Any CPU.Build.0 = Debug|Any CPU
		{B26AA333-051A-4C11-B6CD-CECA8FD656E0}.Debug|Mixed Platforms.ActiveCfg = Debug|Any CPU
		{B26AA333-051A-4C11-B6CD-CECA8FD656E0}.Debug|Mixed Platforms.Build.0 = Debug|Any CPU
		{B26AA333-051A-4C11-B6CD-CECA8FD656E0}.Debug|x86.ActiveCfg = Debug|Any CPU
		{B26AA333-051A-4C11-B6CD-CECA8FD656E0}.Release|Any CPU.ActiveCfg = Release|Any CPU
		{B26AA333-051A-4C11-B6CD-CECA8FD656E0}.Release|Any CPU.Build.0 = Release|Any CPU
		{B26AA333-051A-4C11-B6CD-CECA8FD656E0}.Release|Mixed Platforms.ActiveCfg = Release|Any CPU
		{B26AA333-051A-4C11-B6CD-CECA8FD656E0}.Release|Mixed Platforms.Build.0 = Release|Any CPU
		{B26AA333-051A-4C11-B6CD-CECA8FD656E0}.Release|x86.ActiveCfg = Release|Any CPU
		{F98BA3D0-FA49-4A3E-849F-27C302999B58}.Debug|Any CPU.ActiveCfg = Debug|Any CPU
		{F98BA3D0-FA49-4A3E-849F-27C302999B58}.Debug|Any CPU.Build.0 = Debug|Any CPU
		{F98BA3D0-FA49-4A3E-849F-27C302999B58}.Debug|Mixed Platforms.ActiveCfg = Debug|Any CPU
		{F98BA3D0-FA49-4A3E-849F-27C302999B58}.Debug|Mixed Platforms.Build.0 = Debug|Any CPU
		{F98BA3D0-FA49-4A3E-849F-27C302999B58}.Debug|x86.ActiveCfg = Debug|Any CPU
		{F98BA3D0-FA49-4A3E-849F-27C302999B58}.Release|Any CPU.ActiveCfg = Release|Any CPU
		{F98BA3D0-FA49-4A3E-849F-27C302999B58}.Release|Any CPU.Build.0 = Release|Any CPU
		{F98BA3D0-FA49-4A3E-849F-27C302999B58}.Release|Mixed Platforms.ActiveCfg = Release|Any CPU
		{F98BA3D0-FA49-4A3E-849F-27C302999B58}.Release|Mixed Platforms.Build.0 = Release|Any CPU
		{F98BA3D0-FA49-4A3E-849F-27C302999B58}.Release|x86.ActiveCfg = Release|Any CPU
		{DF519AB4-10A8-4E8E-9CA9-0A119A8168DC}.Debug|Any CPU.ActiveCfg = Debug|Any CPU
		{DF519AB4-10A8-4E8E-9CA9-0A119A8168DC}.Debug|Any CPU.Build.0 = Debug|Any CPU
		{DF519AB4-10A8-4E8E-9CA9-0A119A8168DC}.Debug|Mixed Platforms.ActiveCfg = Debug|Any CPU
		{DF519AB4-10A8-4E8E-9CA9-0A119A8168DC}.Debug|Mixed Platforms.Build.0 = Debug|Any CPU
		{DF519AB4-10A8-4E8E-9CA9-0A119A8168DC}.Debug|x86.ActiveCfg = Debug|Any CPU
		{DF519AB4-10A8-4E8E-9CA9-0A119A8168DC}.Release|Any CPU.ActiveCfg = Release|Any CPU
		{DF519AB4-10A8-4E8E-9CA9-0A119A8168DC}.Release|Any CPU.Build.0 = Release|Any CPU
		{DF519AB4-10A8-4E8E-9CA9-0A119A8168DC}.Release|Mixed Platforms.ActiveCfg = Release|Any CPU
		{DF519AB4-10A8-4E8E-9CA9-0A119A8168DC}.Release|Mixed Platforms.Build.0 = Release|Any CPU
		{DF519AB4-10A8-4E8E-9CA9-0A119A8168DC}.Release|x86.ActiveCfg = Release|Any CPU
		{EE5023DC-A20F-4358-9DF1-7D69BB1C322E}.Debug|Any CPU.ActiveCfg = Debug|Any CPU
		{EE5023DC-A20F-4358-9DF1-7D69BB1C322E}.Debug|Any CPU.Build.0 = Debug|Any CPU
		{EE5023DC-A20F-4358-9DF1-7D69BB1C322E}.Debug|Mixed Platforms.ActiveCfg = Debug|Any CPU
		{EE5023DC-A20F-4358-9DF1-7D69BB1C322E}.Debug|Mixed Platforms.Build.0 = Debug|Any CPU
		{EE5023DC-A20F-4358-9DF1-7D69BB1C322E}.Debug|x86.ActiveCfg = Debug|Any CPU
		{EE5023DC-A20F-4358-9DF1-7D69BB1C322E}.Release|Any CPU.ActiveCfg = Release|Any CPU
		{EE5023DC-A20F-4358-9DF1-7D69BB1C322E}.Release|Any CPU.Build.0 = Release|Any CPU
		{EE5023DC-A20F-4358-9DF1-7D69BB1C322E}.Release|Mixed Platforms.ActiveCfg = Release|Any CPU
		{EE5023DC-A20F-4358-9DF1-7D69BB1C322E}.Release|Mixed Platforms.Build.0 = Release|Any CPU
		{EE5023DC-A20F-4358-9DF1-7D69BB1C322E}.Release|x86.ActiveCfg = Release|Any CPU
		{683AFB5D-FA3E-486B-AFF4-5375F1B24229}.Debug|Any CPU.ActiveCfg = Debug|Any CPU
		{683AFB5D-FA3E-486B-AFF4-5375F1B24229}.Debug|Any CPU.Build.0 = Debug|Any CPU
		{683AFB5D-FA3E-486B-AFF4-5375F1B24229}.Debug|Mixed Platforms.ActiveCfg = Debug|Any CPU
		{683AFB5D-FA3E-486B-AFF4-5375F1B24229}.Debug|Mixed Platforms.Build.0 = Debug|Any CPU
		{683AFB5D-FA3E-486B-AFF4-5375F1B24229}.Debug|x86.ActiveCfg = Debug|Any CPU
		{683AFB5D-FA3E-486B-AFF4-5375F1B24229}.Release|Any CPU.ActiveCfg = Release|Any CPU
		{683AFB5D-FA3E-486B-AFF4-5375F1B24229}.Release|Any CPU.Build.0 = Release|Any CPU
		{683AFB5D-FA3E-486B-AFF4-5375F1B24229}.Release|Mixed Platforms.ActiveCfg = Release|Any CPU
		{683AFB5D-FA3E-486B-AFF4-5375F1B24229}.Release|Mixed Platforms.Build.0 = Release|Any CPU
		{683AFB5D-FA3E-486B-AFF4-5375F1B24229}.Release|x86.ActiveCfg = Release|Any CPU
		{60B9417C-4618-4B63-BDA3-A6DBFDFD40D7}.Debug|Any CPU.ActiveCfg = Debug|Any CPU
		{60B9417C-4618-4B63-BDA3-A6DBFDFD40D7}.Debug|Any CPU.Build.0 = Debug|Any CPU
		{60B9417C-4618-4B63-BDA3-A6DBFDFD40D7}.Debug|Mixed Platforms.ActiveCfg = Debug|Any CPU
		{60B9417C-4618-4B63-BDA3-A6DBFDFD40D7}.Debug|Mixed Platforms.Build.0 = Debug|Any CPU
		{60B9417C-4618-4B63-BDA3-A6DBFDFD40D7}.Debug|x86.ActiveCfg = Debug|Any CPU
		{60B9417C-4618-4B63-BDA3-A6DBFDFD40D7}.Release|Any CPU.ActiveCfg = Release|Any CPU
		{60B9417C-4618-4B63-BDA3-A6DBFDFD40D7}.Release|Any CPU.Build.0 = Release|Any CPU
		{60B9417C-4618-4B63-BDA3-A6DBFDFD40D7}.Release|Mixed Platforms.ActiveCfg = Release|Any CPU
		{60B9417C-4618-4B63-BDA3-A6DBFDFD40D7}.Release|Mixed Platforms.Build.0 = Release|Any CPU
		{60B9417C-4618-4B63-BDA3-A6DBFDFD40D7}.Release|x86.ActiveCfg = Release|Any CPU
		{C552DD3D-3738-4194-95F3-5A988E7D4647}.Debug|Any CPU.ActiveCfg = Debug|Any CPU
		{C552DD3D-3738-4194-95F3-5A988E7D4647}.Debug|Any CPU.Build.0 = Debug|Any CPU
		{C552DD3D-3738-4194-95F3-5A988E7D4647}.Debug|Mixed Platforms.ActiveCfg = Debug|Any CPU
		{C552DD3D-3738-4194-95F3-5A988E7D4647}.Debug|Mixed Platforms.Build.0 = Debug|Any CPU
		{C552DD3D-3738-4194-95F3-5A988E7D4647}.Debug|x86.ActiveCfg = Debug|Any CPU
		{C552DD3D-3738-4194-95F3-5A988E7D4647}.Release|Any CPU.ActiveCfg = Release|Any CPU
		{C552DD3D-3738-4194-95F3-5A988E7D4647}.Release|Any CPU.Build.0 = Release|Any CPU
		{C552DD3D-3738-4194-95F3-5A988E7D4647}.Release|Mixed Platforms.ActiveCfg = Release|Any CPU
		{C552DD3D-3738-4194-95F3-5A988E7D4647}.Release|Mixed Platforms.Build.0 = Release|Any CPU
		{C552DD3D-3738-4194-95F3-5A988E7D4647}.Release|x86.ActiveCfg = Release|Any CPU
		{839B809B-1754-4670-A911-6372881FCC5D}.Debug|Any CPU.ActiveCfg = Debug|Any CPU
		{839B809B-1754-4670-A911-6372881FCC5D}.Debug|Any CPU.Build.0 = Debug|Any CPU
		{839B809B-1754-4670-A911-6372881FCC5D}.Debug|Mixed Platforms.ActiveCfg = Debug|Any CPU
		{839B809B-1754-4670-A911-6372881FCC5D}.Debug|Mixed Platforms.Build.0 = Debug|Any CPU
		{839B809B-1754-4670-A911-6372881FCC5D}.Debug|x86.ActiveCfg = Debug|Any CPU
		{839B809B-1754-4670-A911-6372881FCC5D}.Release|Any CPU.ActiveCfg = Release|Any CPU
		{839B809B-1754-4670-A911-6372881FCC5D}.Release|Any CPU.Build.0 = Release|Any CPU
		{839B809B-1754-4670-A911-6372881FCC5D}.Release|Mixed Platforms.ActiveCfg = Release|Any CPU
		{839B809B-1754-4670-A911-6372881FCC5D}.Release|Mixed Platforms.Build.0 = Release|Any CPU
		{839B809B-1754-4670-A911-6372881FCC5D}.Release|x86.ActiveCfg = Release|Any CPU
		{5F9A8527-E473-45D9-822A-ADD5CA3CB67B}.Debug|Any CPU.ActiveCfg = Debug|Any CPU
		{5F9A8527-E473-45D9-822A-ADD5CA3CB67B}.Debug|Any CPU.Build.0 = Debug|Any CPU
		{5F9A8527-E473-45D9-822A-ADD5CA3CB67B}.Debug|Mixed Platforms.ActiveCfg = Debug|Any CPU
		{5F9A8527-E473-45D9-822A-ADD5CA3CB67B}.Debug|Mixed Platforms.Build.0 = Debug|Any CPU
		{5F9A8527-E473-45D9-822A-ADD5CA3CB67B}.Debug|x86.ActiveCfg = Debug|Any CPU
		{5F9A8527-E473-45D9-822A-ADD5CA3CB67B}.Release|Any CPU.ActiveCfg = Release|Any CPU
		{5F9A8527-E473-45D9-822A-ADD5CA3CB67B}.Release|Any CPU.Build.0 = Release|Any CPU
		{5F9A8527-E473-45D9-822A-ADD5CA3CB67B}.Release|Mixed Platforms.ActiveCfg = Release|Any CPU
		{5F9A8527-E473-45D9-822A-ADD5CA3CB67B}.Release|Mixed Platforms.Build.0 = Release|Any CPU
		{5F9A8527-E473-45D9-822A-ADD5CA3CB67B}.Release|x86.ActiveCfg = Release|Any CPU
		{A9347E3A-E64D-4D1F-96A4-561291C862AF}.Debug|Any CPU.ActiveCfg = Debug|Any CPU
		{A9347E3A-E64D-4D1F-96A4-561291C862AF}.Debug|Any CPU.Build.0 = Debug|Any CPU
		{A9347E3A-E64D-4D1F-96A4-561291C862AF}.Debug|Mixed Platforms.ActiveCfg = Debug|Any CPU
		{A9347E3A-E64D-4D1F-96A4-561291C862AF}.Debug|Mixed Platforms.Build.0 = Debug|Any CPU
		{A9347E3A-E64D-4D1F-96A4-561291C862AF}.Debug|x86.ActiveCfg = Debug|Any CPU
		{A9347E3A-E64D-4D1F-96A4-561291C862AF}.Release|Any CPU.ActiveCfg = Release|Any CPU
		{A9347E3A-E64D-4D1F-96A4-561291C862AF}.Release|Any CPU.Build.0 = Release|Any CPU
		{A9347E3A-E64D-4D1F-96A4-561291C862AF}.Release|Mixed Platforms.ActiveCfg = Release|Any CPU
		{A9347E3A-E64D-4D1F-96A4-561291C862AF}.Release|Mixed Platforms.Build.0 = Release|Any CPU
		{A9347E3A-E64D-4D1F-96A4-561291C862AF}.Release|x86.ActiveCfg = Release|Any CPU
		{B9DBA611-C07D-494E-960F-1FA63F6FE9C9}.Debug|Any CPU.ActiveCfg = Debug|Any CPU
		{B9DBA611-C07D-494E-960F-1FA63F6FE9C9}.Debug|Any CPU.Build.0 = Debug|Any CPU
		{B9DBA611-C07D-494E-960F-1FA63F6FE9C9}.Debug|Mixed Platforms.ActiveCfg = Debug|Any CPU
		{B9DBA611-C07D-494E-960F-1FA63F6FE9C9}.Debug|Mixed Platforms.Build.0 = Debug|Any CPU
		{B9DBA611-C07D-494E-960F-1FA63F6FE9C9}.Debug|x86.ActiveCfg = Debug|Any CPU
		{B9DBA611-C07D-494E-960F-1FA63F6FE9C9}.Release|Any CPU.ActiveCfg = Release|Any CPU
		{B9DBA611-C07D-494E-960F-1FA63F6FE9C9}.Release|Any CPU.Build.0 = Release|Any CPU
		{B9DBA611-C07D-494E-960F-1FA63F6FE9C9}.Release|Mixed Platforms.ActiveCfg = Release|Any CPU
		{B9DBA611-C07D-494E-960F-1FA63F6FE9C9}.Release|Mixed Platforms.Build.0 = Release|Any CPU
		{B9DBA611-C07D-494E-960F-1FA63F6FE9C9}.Release|x86.ActiveCfg = Release|Any CPU
		{43781FA6-57B5-4EF1-A4C4-4900613BDE77}.Debug|Any CPU.ActiveCfg = Debug|Any CPU
		{43781FA6-57B5-4EF1-A4C4-4900613BDE77}.Debug|Any CPU.Build.0 = Debug|Any CPU
		{43781FA6-57B5-4EF1-A4C4-4900613BDE77}.Debug|Mixed Platforms.ActiveCfg = Debug|Any CPU
		{43781FA6-57B5-4EF1-A4C4-4900613BDE77}.Debug|Mixed Platforms.Build.0 = Debug|Any CPU
		{43781FA6-57B5-4EF1-A4C4-4900613BDE77}.Debug|x86.ActiveCfg = Debug|Any CPU
		{43781FA6-57B5-4EF1-A4C4-4900613BDE77}.Release|Any CPU.ActiveCfg = Release|Any CPU
		{43781FA6-57B5-4EF1-A4C4-4900613BDE77}.Release|Any CPU.Build.0 = Release|Any CPU
		{43781FA6-57B5-4EF1-A4C4-4900613BDE77}.Release|Mixed Platforms.ActiveCfg = Release|Any CPU
		{43781FA6-57B5-4EF1-A4C4-4900613BDE77}.Release|Mixed Platforms.Build.0 = Release|Any CPU
		{43781FA6-57B5-4EF1-A4C4-4900613BDE77}.Release|x86.ActiveCfg = Release|Any CPU
		{ED7E8F67-BDA1-4613-8275-E8D94888803F}.Debug|Any CPU.ActiveCfg = Debug|Any CPU
		{ED7E8F67-BDA1-4613-8275-E8D94888803F}.Debug|Mixed Platforms.ActiveCfg = Debug|Any CPU
		{ED7E8F67-BDA1-4613-8275-E8D94888803F}.Debug|x86.ActiveCfg = Debug|Any CPU
		{ED7E8F67-BDA1-4613-8275-E8D94888803F}.Release|Any CPU.ActiveCfg = Release|Any CPU
		{ED7E8F67-BDA1-4613-8275-E8D94888803F}.Release|Any CPU.Build.0 = Release|Any CPU
		{ED7E8F67-BDA1-4613-8275-E8D94888803F}.Release|Mixed Platforms.ActiveCfg = Release|Any CPU
		{ED7E8F67-BDA1-4613-8275-E8D94888803F}.Release|Mixed Platforms.Build.0 = Release|Any CPU
		{ED7E8F67-BDA1-4613-8275-E8D94888803F}.Release|x86.ActiveCfg = Release|Any CPU
		{55FBFD26-44B9-46BA-B1B7-624C2EF06EE2}.Debug|Any CPU.ActiveCfg = Debug|Any CPU
		{55FBFD26-44B9-46BA-B1B7-624C2EF06EE2}.Debug|Any CPU.Build.0 = Debug|Any CPU
		{55FBFD26-44B9-46BA-B1B7-624C2EF06EE2}.Debug|Any CPU.Deploy.0 = Debug|Any CPU
		{55FBFD26-44B9-46BA-B1B7-624C2EF06EE2}.Debug|Mixed Platforms.ActiveCfg = Debug|Any CPU
		{55FBFD26-44B9-46BA-B1B7-624C2EF06EE2}.Debug|Mixed Platforms.Build.0 = Debug|Any CPU
		{55FBFD26-44B9-46BA-B1B7-624C2EF06EE2}.Debug|Mixed Platforms.Deploy.0 = Debug|Any CPU
		{55FBFD26-44B9-46BA-B1B7-624C2EF06EE2}.Debug|x86.ActiveCfg = Debug|Any CPU
		{55FBFD26-44B9-46BA-B1B7-624C2EF06EE2}.Release|Any CPU.ActiveCfg = Release|Any CPU
		{55FBFD26-44B9-46BA-B1B7-624C2EF06EE2}.Release|Any CPU.Build.0 = Release|Any CPU
		{55FBFD26-44B9-46BA-B1B7-624C2EF06EE2}.Release|Any CPU.Deploy.0 = Release|Any CPU
		{55FBFD26-44B9-46BA-B1B7-624C2EF06EE2}.Release|Mixed Platforms.ActiveCfg = Release|Any CPU
		{55FBFD26-44B9-46BA-B1B7-624C2EF06EE2}.Release|Mixed Platforms.Build.0 = Release|Any CPU
		{55FBFD26-44B9-46BA-B1B7-624C2EF06EE2}.Release|Mixed Platforms.Deploy.0 = Release|Any CPU
		{55FBFD26-44B9-46BA-B1B7-624C2EF06EE2}.Release|x86.ActiveCfg = Release|Any CPU
		{B8B130E0-56AD-4105-8F57-A44915A273A1}.Debug|Any CPU.ActiveCfg = Debug|Any CPU
		{B8B130E0-56AD-4105-8F57-A44915A273A1}.Debug|Any CPU.Build.0 = Debug|Any CPU
		{B8B130E0-56AD-4105-8F57-A44915A273A1}.Debug|Any CPU.Deploy.0 = Debug|Any CPU
		{B8B130E0-56AD-4105-8F57-A44915A273A1}.Debug|Mixed Platforms.ActiveCfg = Debug|Any CPU
		{B8B130E0-56AD-4105-8F57-A44915A273A1}.Debug|Mixed Platforms.Build.0 = Debug|Any CPU
		{B8B130E0-56AD-4105-8F57-A44915A273A1}.Debug|Mixed Platforms.Deploy.0 = Debug|Any CPU
		{B8B130E0-56AD-4105-8F57-A44915A273A1}.Debug|x86.ActiveCfg = Debug|Any CPU
		{B8B130E0-56AD-4105-8F57-A44915A273A1}.Release|Any CPU.ActiveCfg = Release|Any CPU
		{B8B130E0-56AD-4105-8F57-A44915A273A1}.Release|Any CPU.Build.0 = Release|Any CPU
		{B8B130E0-56AD-4105-8F57-A44915A273A1}.Release|Any CPU.Deploy.0 = Release|Any CPU
		{B8B130E0-56AD-4105-8F57-A44915A273A1}.Release|Mixed Platforms.ActiveCfg = Release|Any CPU
		{B8B130E0-56AD-4105-8F57-A44915A273A1}.Release|Mixed Platforms.Build.0 = Release|Any CPU
		{B8B130E0-56AD-4105-8F57-A44915A273A1}.Release|Mixed Platforms.Deploy.0 = Release|Any CPU
		{B8B130E0-56AD-4105-8F57-A44915A273A1}.Release|x86.ActiveCfg = Release|Any CPU
		{61F852E9-187A-4ACC-94DC-7943DE8F8F72}.Debug|Any CPU.ActiveCfg = Debug|Any CPU
		{61F852E9-187A-4ACC-94DC-7943DE8F8F72}.Debug|Any CPU.Build.0 = Debug|Any CPU
		{61F852E9-187A-4ACC-94DC-7943DE8F8F72}.Debug|Mixed Platforms.ActiveCfg = Debug|Any CPU
		{61F852E9-187A-4ACC-94DC-7943DE8F8F72}.Debug|Mixed Platforms.Build.0 = Debug|Any CPU
		{61F852E9-187A-4ACC-94DC-7943DE8F8F72}.Debug|x86.ActiveCfg = Debug|Any CPU
		{61F852E9-187A-4ACC-94DC-7943DE8F8F72}.Release|Any CPU.ActiveCfg = Release|Any CPU
		{61F852E9-187A-4ACC-94DC-7943DE8F8F72}.Release|Any CPU.Build.0 = Release|Any CPU
		{61F852E9-187A-4ACC-94DC-7943DE8F8F72}.Release|Mixed Platforms.ActiveCfg = Release|Any CPU
		{61F852E9-187A-4ACC-94DC-7943DE8F8F72}.Release|Mixed Platforms.Build.0 = Release|Any CPU
		{61F852E9-187A-4ACC-94DC-7943DE8F8F72}.Release|x86.ActiveCfg = Release|Any CPU
		{2BF0E626-BC3B-4E21-95BB-C429B91E7418}.Debug|Any CPU.ActiveCfg = Debug|Any CPU
		{2BF0E626-BC3B-4E21-95BB-C429B91E7418}.Debug|Any CPU.Build.0 = Debug|Any CPU
		{2BF0E626-BC3B-4E21-95BB-C429B91E7418}.Debug|Mixed Platforms.ActiveCfg = Debug|Any CPU
		{2BF0E626-BC3B-4E21-95BB-C429B91E7418}.Debug|Mixed Platforms.Build.0 = Debug|Any CPU
		{2BF0E626-BC3B-4E21-95BB-C429B91E7418}.Debug|x86.ActiveCfg = Debug|Any CPU
		{2BF0E626-BC3B-4E21-95BB-C429B91E7418}.Release|Any CPU.ActiveCfg = Release|Any CPU
		{2BF0E626-BC3B-4E21-95BB-C429B91E7418}.Release|Any CPU.Build.0 = Release|Any CPU
		{2BF0E626-BC3B-4E21-95BB-C429B91E7418}.Release|Mixed Platforms.ActiveCfg = Release|Any CPU
		{2BF0E626-BC3B-4E21-95BB-C429B91E7418}.Release|Mixed Platforms.Build.0 = Release|Any CPU
		{2BF0E626-BC3B-4E21-95BB-C429B91E7418}.Release|x86.ActiveCfg = Release|Any CPU
		{95565B7D-B3E4-4BFF-AEA2-20CCABD9CD31}.Debug|Any CPU.ActiveCfg = Debug|Any CPU
		{95565B7D-B3E4-4BFF-AEA2-20CCABD9CD31}.Debug|Any CPU.Build.0 = Debug|Any CPU
		{95565B7D-B3E4-4BFF-AEA2-20CCABD9CD31}.Debug|Mixed Platforms.ActiveCfg = Debug|Any CPU
		{95565B7D-B3E4-4BFF-AEA2-20CCABD9CD31}.Debug|Mixed Platforms.Build.0 = Debug|Any CPU
		{95565B7D-B3E4-4BFF-AEA2-20CCABD9CD31}.Debug|x86.ActiveCfg = Debug|Any CPU
		{95565B7D-B3E4-4BFF-AEA2-20CCABD9CD31}.Release|Any CPU.ActiveCfg = Release|Any CPU
		{95565B7D-B3E4-4BFF-AEA2-20CCABD9CD31}.Release|Any CPU.Build.0 = Release|Any CPU
		{95565B7D-B3E4-4BFF-AEA2-20CCABD9CD31}.Release|Mixed Platforms.ActiveCfg = Release|Any CPU
		{95565B7D-B3E4-4BFF-AEA2-20CCABD9CD31}.Release|Mixed Platforms.Build.0 = Release|Any CPU
		{95565B7D-B3E4-4BFF-AEA2-20CCABD9CD31}.Release|x86.ActiveCfg = Release|Any CPU
		{A0E4B915-BAE8-4CF0-9B1A-10DFFD887C5A}.Debug|Any CPU.ActiveCfg = Debug|Any CPU
		{A0E4B915-BAE8-4CF0-9B1A-10DFFD887C5A}.Debug|Any CPU.Build.0 = Debug|Any CPU
		{A0E4B915-BAE8-4CF0-9B1A-10DFFD887C5A}.Debug|Mixed Platforms.ActiveCfg = Debug|Any CPU
		{A0E4B915-BAE8-4CF0-9B1A-10DFFD887C5A}.Debug|Mixed Platforms.Build.0 = Debug|Any CPU
		{A0E4B915-BAE8-4CF0-9B1A-10DFFD887C5A}.Debug|x86.ActiveCfg = Debug|Any CPU
		{A0E4B915-BAE8-4CF0-9B1A-10DFFD887C5A}.Release|Any CPU.ActiveCfg = Release|Any CPU
		{A0E4B915-BAE8-4CF0-9B1A-10DFFD887C5A}.Release|Any CPU.Build.0 = Release|Any CPU
		{A0E4B915-BAE8-4CF0-9B1A-10DFFD887C5A}.Release|Mixed Platforms.ActiveCfg = Release|Any CPU
		{A0E4B915-BAE8-4CF0-9B1A-10DFFD887C5A}.Release|Mixed Platforms.Build.0 = Release|Any CPU
		{A0E4B915-BAE8-4CF0-9B1A-10DFFD887C5A}.Release|x86.ActiveCfg = Release|Any CPU
		{EC8CFE31-4931-4EB0-B4CB-F19E1DD6017A}.Debug|Any CPU.ActiveCfg = Debug|Any CPU
		{EC8CFE31-4931-4EB0-B4CB-F19E1DD6017A}.Debug|Any CPU.Build.0 = Debug|Any CPU
		{EC8CFE31-4931-4EB0-B4CB-F19E1DD6017A}.Debug|Any CPU.Deploy.0 = Debug|Any CPU
		{EC8CFE31-4931-4EB0-B4CB-F19E1DD6017A}.Debug|Mixed Platforms.ActiveCfg = Debug|Any CPU
		{EC8CFE31-4931-4EB0-B4CB-F19E1DD6017A}.Debug|Mixed Platforms.Build.0 = Debug|Any CPU
		{EC8CFE31-4931-4EB0-B4CB-F19E1DD6017A}.Debug|Mixed Platforms.Deploy.0 = Debug|Any CPU
		{EC8CFE31-4931-4EB0-B4CB-F19E1DD6017A}.Debug|x86.ActiveCfg = Debug|Any CPU
		{EC8CFE31-4931-4EB0-B4CB-F19E1DD6017A}.Release|Any CPU.ActiveCfg = Release|Any CPU
		{EC8CFE31-4931-4EB0-B4CB-F19E1DD6017A}.Release|Any CPU.Build.0 = Release|Any CPU
		{EC8CFE31-4931-4EB0-B4CB-F19E1DD6017A}.Release|Any CPU.Deploy.0 = Release|Any CPU
		{EC8CFE31-4931-4EB0-B4CB-F19E1DD6017A}.Release|Mixed Platforms.ActiveCfg = Release|Any CPU
		{EC8CFE31-4931-4EB0-B4CB-F19E1DD6017A}.Release|Mixed Platforms.Build.0 = Release|Any CPU
		{EC8CFE31-4931-4EB0-B4CB-F19E1DD6017A}.Release|Mixed Platforms.Deploy.0 = Release|Any CPU
		{EC8CFE31-4931-4EB0-B4CB-F19E1DD6017A}.Release|x86.ActiveCfg = Release|Any CPU
		{BC595784-3DE8-4F7C-879F-31E6509CADA7}.Debug|Any CPU.ActiveCfg = Debug|Any CPU
		{BC595784-3DE8-4F7C-879F-31E6509CADA7}.Debug|Any CPU.Build.0 = Debug|Any CPU
		{BC595784-3DE8-4F7C-879F-31E6509CADA7}.Debug|Mixed Platforms.ActiveCfg = Debug|Any CPU
		{BC595784-3DE8-4F7C-879F-31E6509CADA7}.Debug|Mixed Platforms.Build.0 = Debug|Any CPU
		{BC595784-3DE8-4F7C-879F-31E6509CADA7}.Debug|x86.ActiveCfg = Debug|Any CPU
		{BC595784-3DE8-4F7C-879F-31E6509CADA7}.Release|Any CPU.ActiveCfg = Release|Any CPU
		{BC595784-3DE8-4F7C-879F-31E6509CADA7}.Release|Any CPU.Build.0 = Release|Any CPU
		{BC595784-3DE8-4F7C-879F-31E6509CADA7}.Release|Mixed Platforms.ActiveCfg = Release|Any CPU
		{BC595784-3DE8-4F7C-879F-31E6509CADA7}.Release|Mixed Platforms.Build.0 = Release|Any CPU
		{BC595784-3DE8-4F7C-879F-31E6509CADA7}.Release|x86.ActiveCfg = Release|Any CPU
		{6DB2C3F7-B230-48C0-8119-D33BAD9C5E0F}.Debug|Any CPU.ActiveCfg = Debug|Any CPU
		{6DB2C3F7-B230-48C0-8119-D33BAD9C5E0F}.Debug|Any CPU.Build.0 = Debug|Any CPU
		{6DB2C3F7-B230-48C0-8119-D33BAD9C5E0F}.Debug|Mixed Platforms.ActiveCfg = Debug|Any CPU
		{6DB2C3F7-B230-48C0-8119-D33BAD9C5E0F}.Debug|Mixed Platforms.Build.0 = Debug|Any CPU
		{6DB2C3F7-B230-48C0-8119-D33BAD9C5E0F}.Debug|x86.ActiveCfg = Debug|Any CPU
		{6DB2C3F7-B230-48C0-8119-D33BAD9C5E0F}.Release|Any CPU.ActiveCfg = Release|Any CPU
		{6DB2C3F7-B230-48C0-8119-D33BAD9C5E0F}.Release|Any CPU.Build.0 = Release|Any CPU
		{6DB2C3F7-B230-48C0-8119-D33BAD9C5E0F}.Release|Mixed Platforms.ActiveCfg = Release|Any CPU
		{6DB2C3F7-B230-48C0-8119-D33BAD9C5E0F}.Release|Mixed Platforms.Build.0 = Release|Any CPU
		{6DB2C3F7-B230-48C0-8119-D33BAD9C5E0F}.Release|x86.ActiveCfg = Release|Any CPU
		{025CEB17-A337-40D1-9619-46A556E54EA2}.Debug|Any CPU.ActiveCfg = Debug|Any CPU
		{025CEB17-A337-40D1-9619-46A556E54EA2}.Debug|Any CPU.Build.0 = Debug|Any CPU
		{025CEB17-A337-40D1-9619-46A556E54EA2}.Debug|Mixed Platforms.ActiveCfg = Debug|Any CPU
		{025CEB17-A337-40D1-9619-46A556E54EA2}.Debug|Mixed Platforms.Build.0 = Debug|Any CPU
		{025CEB17-A337-40D1-9619-46A556E54EA2}.Debug|x86.ActiveCfg = Debug|Any CPU
		{025CEB17-A337-40D1-9619-46A556E54EA2}.Release|Any CPU.ActiveCfg = Release|Any CPU
		{025CEB17-A337-40D1-9619-46A556E54EA2}.Release|Any CPU.Build.0 = Release|Any CPU
		{025CEB17-A337-40D1-9619-46A556E54EA2}.Release|Mixed Platforms.ActiveCfg = Release|Any CPU
		{025CEB17-A337-40D1-9619-46A556E54EA2}.Release|Mixed Platforms.Build.0 = Release|Any CPU
		{025CEB17-A337-40D1-9619-46A556E54EA2}.Release|x86.ActiveCfg = Release|Any CPU
		{4DFC1304-192D-4975-8CF6-01DA8EAB8122}.Debug|Any CPU.ActiveCfg = Debug|Any CPU
		{4DFC1304-192D-4975-8CF6-01DA8EAB8122}.Debug|Any CPU.Build.0 = Debug|Any CPU
		{4DFC1304-192D-4975-8CF6-01DA8EAB8122}.Debug|Mixed Platforms.ActiveCfg = Debug|Any CPU
		{4DFC1304-192D-4975-8CF6-01DA8EAB8122}.Debug|Mixed Platforms.Build.0 = Debug|Any CPU
		{4DFC1304-192D-4975-8CF6-01DA8EAB8122}.Debug|x86.ActiveCfg = Debug|Any CPU
		{4DFC1304-192D-4975-8CF6-01DA8EAB8122}.Release|Any CPU.ActiveCfg = Release|Any CPU
		{4DFC1304-192D-4975-8CF6-01DA8EAB8122}.Release|Any CPU.Build.0 = Release|Any CPU
		{4DFC1304-192D-4975-8CF6-01DA8EAB8122}.Release|Mixed Platforms.ActiveCfg = Release|Any CPU
		{4DFC1304-192D-4975-8CF6-01DA8EAB8122}.Release|Mixed Platforms.Build.0 = Release|Any CPU
		{4DFC1304-192D-4975-8CF6-01DA8EAB8122}.Release|x86.ActiveCfg = Release|Any CPU
		{EE40BDB6-6328-441E-9C34-D5BAAA5360F4}.Debug|Any CPU.ActiveCfg = Debug|Any CPU
		{EE40BDB6-6328-441E-9C34-D5BAAA5360F4}.Debug|Any CPU.Build.0 = Debug|Any CPU
		{EE40BDB6-6328-441E-9C34-D5BAAA5360F4}.Debug|Any CPU.Deploy.0 = Debug|Any CPU
		{EE40BDB6-6328-441E-9C34-D5BAAA5360F4}.Debug|Mixed Platforms.ActiveCfg = Debug|Any CPU
		{EE40BDB6-6328-441E-9C34-D5BAAA5360F4}.Debug|Mixed Platforms.Build.0 = Debug|Any CPU
		{EE40BDB6-6328-441E-9C34-D5BAAA5360F4}.Debug|Mixed Platforms.Deploy.0 = Debug|Any CPU
		{EE40BDB6-6328-441E-9C34-D5BAAA5360F4}.Debug|x86.ActiveCfg = Debug|Any CPU
		{EE40BDB6-6328-441E-9C34-D5BAAA5360F4}.Release|Any CPU.ActiveCfg = Release|Any CPU
		{EE40BDB6-6328-441E-9C34-D5BAAA5360F4}.Release|Any CPU.Build.0 = Release|Any CPU
		{EE40BDB6-6328-441E-9C34-D5BAAA5360F4}.Release|Any CPU.Deploy.0 = Release|Any CPU
		{EE40BDB6-6328-441E-9C34-D5BAAA5360F4}.Release|Mixed Platforms.ActiveCfg = Release|Any CPU
		{EE40BDB6-6328-441E-9C34-D5BAAA5360F4}.Release|Mixed Platforms.Build.0 = Release|Any CPU
		{EE40BDB6-6328-441E-9C34-D5BAAA5360F4}.Release|Mixed Platforms.Deploy.0 = Release|Any CPU
		{EE40BDB6-6328-441E-9C34-D5BAAA5360F4}.Release|x86.ActiveCfg = Release|Any CPU
		{5CB2EE8F-4448-4780-811B-8262AD331FFF}.Debug|Any CPU.ActiveCfg = Debug|Any CPU
		{5CB2EE8F-4448-4780-811B-8262AD331FFF}.Debug|Any CPU.Build.0 = Debug|Any CPU
		{5CB2EE8F-4448-4780-811B-8262AD331FFF}.Debug|Mixed Platforms.ActiveCfg = Debug|Any CPU
		{5CB2EE8F-4448-4780-811B-8262AD331FFF}.Debug|Mixed Platforms.Build.0 = Debug|Any CPU
		{5CB2EE8F-4448-4780-811B-8262AD331FFF}.Debug|x86.ActiveCfg = Debug|Any CPU
		{5CB2EE8F-4448-4780-811B-8262AD331FFF}.Release|Any CPU.ActiveCfg = Release|Any CPU
		{5CB2EE8F-4448-4780-811B-8262AD331FFF}.Release|Any CPU.Build.0 = Release|Any CPU
		{5CB2EE8F-4448-4780-811B-8262AD331FFF}.Release|Mixed Platforms.ActiveCfg = Release|Any CPU
		{5CB2EE8F-4448-4780-811B-8262AD331FFF}.Release|Mixed Platforms.Build.0 = Release|Any CPU
		{5CB2EE8F-4448-4780-811B-8262AD331FFF}.Release|x86.ActiveCfg = Release|Any CPU
		{8A37AACE-D5DB-429A-BF65-A4EE31ECDC3B}.Debug|Any CPU.ActiveCfg = Debug|Any CPU
		{8A37AACE-D5DB-429A-BF65-A4EE31ECDC3B}.Debug|Any CPU.Build.0 = Debug|Any CPU
		{8A37AACE-D5DB-429A-BF65-A4EE31ECDC3B}.Debug|Mixed Platforms.ActiveCfg = Debug|Any CPU
		{8A37AACE-D5DB-429A-BF65-A4EE31ECDC3B}.Debug|Mixed Platforms.Build.0 = Debug|Any CPU
		{8A37AACE-D5DB-429A-BF65-A4EE31ECDC3B}.Debug|x86.ActiveCfg = Debug|Any CPU
		{8A37AACE-D5DB-429A-BF65-A4EE31ECDC3B}.Release|Any CPU.ActiveCfg = Release|Any CPU
		{8A37AACE-D5DB-429A-BF65-A4EE31ECDC3B}.Release|Any CPU.Build.0 = Release|Any CPU
		{8A37AACE-D5DB-429A-BF65-A4EE31ECDC3B}.Release|Mixed Platforms.ActiveCfg = Release|Any CPU
		{8A37AACE-D5DB-429A-BF65-A4EE31ECDC3B}.Release|Mixed Platforms.Build.0 = Release|Any CPU
		{8A37AACE-D5DB-429A-BF65-A4EE31ECDC3B}.Release|x86.ActiveCfg = Release|Any CPU
		{A4DF8509-DBF5-4871-B8EB-F592EC6D0C0B}.Debug|Any CPU.ActiveCfg = Debug|x86
		{A4DF8509-DBF5-4871-B8EB-F592EC6D0C0B}.Debug|Mixed Platforms.ActiveCfg = Debug|x86
		{A4DF8509-DBF5-4871-B8EB-F592EC6D0C0B}.Debug|Mixed Platforms.Build.0 = Debug|x86
		{A4DF8509-DBF5-4871-B8EB-F592EC6D0C0B}.Debug|x86.ActiveCfg = Debug|x86
		{A4DF8509-DBF5-4871-B8EB-F592EC6D0C0B}.Debug|x86.Build.0 = Debug|x86
		{A4DF8509-DBF5-4871-B8EB-F592EC6D0C0B}.Release|Any CPU.ActiveCfg = Release|x86
		{A4DF8509-DBF5-4871-B8EB-F592EC6D0C0B}.Release|Mixed Platforms.ActiveCfg = Release|x86
		{A4DF8509-DBF5-4871-B8EB-F592EC6D0C0B}.Release|Mixed Platforms.Build.0 = Release|x86
		{A4DF8509-DBF5-4871-B8EB-F592EC6D0C0B}.Release|x86.ActiveCfg = Release|x86
		{A4DF8509-DBF5-4871-B8EB-F592EC6D0C0B}.Release|x86.Build.0 = Release|x86
		{7F585323-019F-427C-9298-8DBFD343A6B1}.Debug|Any CPU.ActiveCfg = Debug|Any CPU
		{7F585323-019F-427C-9298-8DBFD343A6B1}.Debug|Any CPU.Build.0 = Debug|Any CPU
		{7F585323-019F-427C-9298-8DBFD343A6B1}.Debug|Mixed Platforms.ActiveCfg = Debug|Any CPU
		{7F585323-019F-427C-9298-8DBFD343A6B1}.Debug|Mixed Platforms.Build.0 = Debug|Any CPU
		{7F585323-019F-427C-9298-8DBFD343A6B1}.Debug|x86.ActiveCfg = Debug|Any CPU
		{7F585323-019F-427C-9298-8DBFD343A6B1}.Release|Any CPU.ActiveCfg = Release|Any CPU
		{7F585323-019F-427C-9298-8DBFD343A6B1}.Release|Any CPU.Build.0 = Release|Any CPU
		{7F585323-019F-427C-9298-8DBFD343A6B1}.Release|Mixed Platforms.ActiveCfg = Release|Any CPU
		{7F585323-019F-427C-9298-8DBFD343A6B1}.Release|Mixed Platforms.Build.0 = Release|Any CPU
		{7F585323-019F-427C-9298-8DBFD343A6B1}.Release|x86.ActiveCfg = Release|Any CPU
		{10CD016A-5398-4534-9053-B3B968DA918A}.Debug|Any CPU.ActiveCfg = Debug|Any CPU
		{10CD016A-5398-4534-9053-B3B968DA918A}.Debug|Any CPU.Build.0 = Debug|Any CPU
		{10CD016A-5398-4534-9053-B3B968DA918A}.Debug|Mixed Platforms.ActiveCfg = Debug|Any CPU
		{10CD016A-5398-4534-9053-B3B968DA918A}.Debug|Mixed Platforms.Build.0 = Debug|Any CPU
		{10CD016A-5398-4534-9053-B3B968DA918A}.Debug|x86.ActiveCfg = Debug|Any CPU
		{10CD016A-5398-4534-9053-B3B968DA918A}.Release|Any CPU.ActiveCfg = Release|Any CPU
		{10CD016A-5398-4534-9053-B3B968DA918A}.Release|Any CPU.Build.0 = Release|Any CPU
		{10CD016A-5398-4534-9053-B3B968DA918A}.Release|Mixed Platforms.ActiveCfg = Release|Any CPU
		{10CD016A-5398-4534-9053-B3B968DA918A}.Release|Mixed Platforms.Build.0 = Release|Any CPU
		{10CD016A-5398-4534-9053-B3B968DA918A}.Release|x86.ActiveCfg = Release|Any CPU
		{3D9E5341-E9EC-4408-803B-EFE1690A532D}.Debug|Any CPU.ActiveCfg = Debug|Any CPU
		{3D9E5341-E9EC-4408-803B-EFE1690A532D}.Debug|Any CPU.Build.0 = Debug|Any CPU
		{3D9E5341-E9EC-4408-803B-EFE1690A532D}.Debug|Mixed Platforms.ActiveCfg = Debug|Any CPU
		{3D9E5341-E9EC-4408-803B-EFE1690A532D}.Debug|Mixed Platforms.Build.0 = Debug|Any CPU
		{3D9E5341-E9EC-4408-803B-EFE1690A532D}.Debug|x86.ActiveCfg = Debug|Any CPU
		{3D9E5341-E9EC-4408-803B-EFE1690A532D}.Release|Any CPU.ActiveCfg = Release|Any CPU
		{3D9E5341-E9EC-4408-803B-EFE1690A532D}.Release|Any CPU.Build.0 = Release|Any CPU
		{3D9E5341-E9EC-4408-803B-EFE1690A532D}.Release|Mixed Platforms.ActiveCfg = Release|Any CPU
		{3D9E5341-E9EC-4408-803B-EFE1690A532D}.Release|Mixed Platforms.Build.0 = Release|Any CPU
		{3D9E5341-E9EC-4408-803B-EFE1690A532D}.Release|x86.ActiveCfg = Release|Any CPU
		{8CB471CD-98DC-477F-8EA6-4A28D239DC81}.Debug|Any CPU.ActiveCfg = Debug|Any CPU
		{8CB471CD-98DC-477F-8EA6-4A28D239DC81}.Debug|Any CPU.Build.0 = Debug|Any CPU
		{8CB471CD-98DC-477F-8EA6-4A28D239DC81}.Debug|Mixed Platforms.ActiveCfg = Debug|Any CPU
		{8CB471CD-98DC-477F-8EA6-4A28D239DC81}.Debug|Mixed Platforms.Build.0 = Debug|Any CPU
		{8CB471CD-98DC-477F-8EA6-4A28D239DC81}.Debug|x86.ActiveCfg = Debug|Any CPU
		{8CB471CD-98DC-477F-8EA6-4A28D239DC81}.Release|Any CPU.ActiveCfg = Release|Any CPU
		{8CB471CD-98DC-477F-8EA6-4A28D239DC81}.Release|Any CPU.Build.0 = Release|Any CPU
		{8CB471CD-98DC-477F-8EA6-4A28D239DC81}.Release|Mixed Platforms.ActiveCfg = Release|Any CPU
		{8CB471CD-98DC-477F-8EA6-4A28D239DC81}.Release|Mixed Platforms.Build.0 = Release|Any CPU
		{8CB471CD-98DC-477F-8EA6-4A28D239DC81}.Release|x86.ActiveCfg = Release|Any CPU
		{EE676C02-BC52-4342-8731-60DFA1E058AD}.Debug|Any CPU.ActiveCfg = Debug|x86
		{EE676C02-BC52-4342-8731-60DFA1E058AD}.Debug|Mixed Platforms.ActiveCfg = Debug|x86
		{EE676C02-BC52-4342-8731-60DFA1E058AD}.Debug|Mixed Platforms.Build.0 = Debug|x86
		{EE676C02-BC52-4342-8731-60DFA1E058AD}.Debug|x86.ActiveCfg = Debug|x86
		{EE676C02-BC52-4342-8731-60DFA1E058AD}.Debug|x86.Build.0 = Debug|x86
		{EE676C02-BC52-4342-8731-60DFA1E058AD}.Release|Any CPU.ActiveCfg = Release|x86
		{EE676C02-BC52-4342-8731-60DFA1E058AD}.Release|Mixed Platforms.ActiveCfg = Release|x86
		{EE676C02-BC52-4342-8731-60DFA1E058AD}.Release|Mixed Platforms.Build.0 = Release|x86
		{EE676C02-BC52-4342-8731-60DFA1E058AD}.Release|x86.ActiveCfg = Release|x86
		{EE676C02-BC52-4342-8731-60DFA1E058AD}.Release|x86.Build.0 = Release|x86
	EndGlobalSection
	GlobalSection(SolutionProperties) = preSolution
		HideSolutionNode = FALSE
	EndGlobalSection
	GlobalSection(NestedProjects) = preSolution
		{683AFB5D-FA3E-486B-AFF4-5375F1B24229} = {358F3488-9C36-4B4C-B593-1A21D1B18E35}
		{A9347E3A-E64D-4D1F-96A4-561291C862AF} = {358F3488-9C36-4B4C-B593-1A21D1B18E35}
		{55FBFD26-44B9-46BA-B1B7-624C2EF06EE2} = {358F3488-9C36-4B4C-B593-1A21D1B18E35}
		{8A37AACE-D5DB-429A-BF65-A4EE31ECDC3B} = {358F3488-9C36-4B4C-B593-1A21D1B18E35}
		{AE1475D0-F4BA-4919-84F0-AA2CA7CD1E82} = {F9D69E13-F461-4A31-A753-F97DDF8947F5}
		{B40E6F1C-453E-44A2-BA9D-1692378B355C} = {F9D69E13-F461-4A31-A753-F97DDF8947F5}
		{EE5023DC-A20F-4358-9DF1-7D69BB1C322E} = {F9D69E13-F461-4A31-A753-F97DDF8947F5}
		{D80E56C8-8DD6-4911-9A99-F534C9497D6A} = {F9D69E13-F461-4A31-A753-F97DDF8947F5}
		{18C1845D-0110-418D-AFAD-AA58841B02FF} = {F9D69E13-F461-4A31-A753-F97DDF8947F5}
		{9E560BF5-A08C-4942-A01B-77C7DF9DB933} = {1A4D2A7C-A13B-4CBE-8181-1CA90628C024}
		{DB3089D5-44AC-441C-845C-3596C21C5E34} = {1A4D2A7C-A13B-4CBE-8181-1CA90628C024}
		{43781FA6-57B5-4EF1-A4C4-4900613BDE77} = {1A4D2A7C-A13B-4CBE-8181-1CA90628C024}
		{B8B130E0-56AD-4105-8F57-A44915A273A1} = {1A4D2A7C-A13B-4CBE-8181-1CA90628C024}
		{6D1A3CA7-649A-4BB6-8DB7-85583E6F718C} = {1A4D2A7C-A13B-4CBE-8181-1CA90628C024}
		{C9368100-CCEB-4140-9C3F-B7C4EECB0E3E} = {EC4E70EE-ED28-48AC-8718-2CBA84FF3C55}
		{B26AA333-051A-4C11-B6CD-CECA8FD656E0} = {EC4E70EE-ED28-48AC-8718-2CBA84FF3C55}
		{0156697E-DEFE-47CF-9EB0-11F120780356} = {EC4E70EE-ED28-48AC-8718-2CBA84FF3C55}
		{C552DD3D-3738-4194-95F3-5A988E7D4647} = {EC4E70EE-ED28-48AC-8718-2CBA84FF3C55}
		{839B809B-1754-4670-A911-6372881FCC5D} = {EC4E70EE-ED28-48AC-8718-2CBA84FF3C55}
		{5F9A8527-E473-45D9-822A-ADD5CA3CB67B} = {EC4E70EE-ED28-48AC-8718-2CBA84FF3C55}
		{F98BA3D0-FA49-4A3E-849F-27C302999B58} = {AE1475D0-F4BA-4919-84F0-AA2CA7CD1E82}
		{DF519AB4-10A8-4E8E-9CA9-0A119A8168DC} = {AE1475D0-F4BA-4919-84F0-AA2CA7CD1E82}
		{60B9417C-4618-4B63-BDA3-A6DBFDFD40D7} = {AE1475D0-F4BA-4919-84F0-AA2CA7CD1E82}
		{B9DBA611-C07D-494E-960F-1FA63F6FE9C9} = {AE1475D0-F4BA-4919-84F0-AA2CA7CD1E82}
		{F7A7B1F6-6548-4388-B62D-32F034FC7462} = {AE1475D0-F4BA-4919-84F0-AA2CA7CD1E82}
		{7F585323-019F-427C-9298-8DBFD343A6B1} = {655CEC21-8A17-4757-A42B-0EF9F9627E07}
		{10CD016A-5398-4534-9053-B3B968DA918A} = {655CEC21-8A17-4757-A42B-0EF9F9627E07}
		{EE676C02-BC52-4342-8731-60DFA1E058AD} = {655CEC21-8A17-4757-A42B-0EF9F9627E07}
		{ED7E8F67-BDA1-4613-8275-E8D94888803F} = {7E34755B-7CE7-42BC-B2E3-A26A22B7C769}
		{2BF0E626-BC3B-4E21-95BB-C429B91E7418} = {AB9CC202-1B84-4BB5-A011-9EB468AE3E33}
		{95565B7D-B3E4-4BFF-AEA2-20CCABD9CD31} = {AB9CC202-1B84-4BB5-A011-9EB468AE3E33}
		{A0E4B915-BAE8-4CF0-9B1A-10DFFD887C5A} = {AB9CC202-1B84-4BB5-A011-9EB468AE3E33}
		{61F852E9-187A-4ACC-94DC-7943DE8F8F72} = {AB9CC202-1B84-4BB5-A011-9EB468AE3E33}
		{EC8CFE31-4931-4EB0-B4CB-F19E1DD6017A} = {6D1A3CA7-649A-4BB6-8DB7-85583E6F718C}
		{BC595784-3DE8-4F7C-879F-31E6509CADA7} = {E0A20FE5-D177-4577-8E67-A5B62E2D331B}
		{6DB2C3F7-B230-48C0-8119-D33BAD9C5E0F} = {E0A20FE5-D177-4577-8E67-A5B62E2D331B}
		{025CEB17-A337-40D1-9619-46A556E54EA2} = {E0A20FE5-D177-4577-8E67-A5B62E2D331B}
		{4DFC1304-192D-4975-8CF6-01DA8EAB8122} = {E0A20FE5-D177-4577-8E67-A5B62E2D331B}
		{EE40BDB6-6328-441E-9C34-D5BAAA5360F4} = {E0A20FE5-D177-4577-8E67-A5B62E2D331B}
		{5CB2EE8F-4448-4780-811B-8262AD331FFF} = {E0A20FE5-D177-4577-8E67-A5B62E2D331B}
		{A4DF8509-DBF5-4871-B8EB-F592EC6D0C0B} = {E0A20FE5-D177-4577-8E67-A5B62E2D331B}
		{3D9E5341-E9EC-4408-803B-EFE1690A532D} = {2B1B0D40-4C49-415F-BF4A-49F2B9FC77B2}
		{8CB471CD-98DC-477F-8EA6-4A28D239DC81} = {2B1B0D40-4C49-415F-BF4A-49F2B9FC77B2}
	EndGlobalSection
EndGlobal
